#MicroXplorer Configuration settings - do not modify
ADC1.Channel-0\#ChannelRegularConversion=ADC_CHANNEL_0
ADC1.Channel-1\#ChannelRegularConversion=ADC_CHANNEL_1
ADC1.ClockPrescaler=ADC_CLOCK_SYNC_PCLK_DIV8
ADC1.ContinuousConvMode=ENABLE
ADC1.DMAContinuousRequests=DISABLE
ADC1.DataAlign=ADC_DATAALIGN_RIGHT
ADC1.DiscontinuousConvMode=DISABLE
ADC1.EOCSelection=ADC_EOC_SINGLE_CONV
ADC1.EnableAnalogWatchDog=false
ADC1.ExternalTrigConv=ADC_SOFTWARE_START
ADC1.ExternalTrigConvEdge=ADC_EXTERNALTRIGCONVEDGE_NONE
ADC1.IPParameters=Rank-0\#ChannelRegularConversion,Channel-0\#ChannelRegularConversion,SamplingTime-0\#ChannelRegularConversion,NbrOfConversionFlag,master,ClockPrescaler,Resolution,DataAlign,ScanConvMode,ContinuousConvMode,DiscontinuousConvMode,DMAContinuousRequests,EOCSelection,NbrOfConversion,ExternalTrigConv,ExternalTrigConvEdge,InjNumberOfConversion,EnableAnalogWatchDog,Rank-1\#ChannelRegularConversion,Channel-1\#ChannelRegularConversion,SamplingTime-1\#ChannelRegularConversion
ADC1.InjNumberOfConversion=0
ADC1.NbrOfConversion=2
ADC1.NbrOfConversionFlag=1
ADC1.Rank-0\#ChannelRegularConversion=1
ADC1.Rank-1\#ChannelRegularConversion=2
ADC1.Resolution=ADC_RESOLUTION_12B
ADC1.SamplingTime-0\#ChannelRegularConversion=ADC_SAMPLETIME_144CYCLES
ADC1.SamplingTime-1\#ChannelRegularConversion=ADC_SAMPLETIME_144CYCLES
ADC1.ScanConvMode=ENABLE
ADC1.master=1
Dma.ADC1.2.Direction=DMA_PERIPH_TO_MEMORY
Dma.ADC1.2.FIFOMode=DMA_FIFOMODE_DISABLE
Dma.ADC1.2.Instance=DMA2_Stream0
Dma.ADC1.2.MemDataAlignment=DMA_MDATAALIGN_HALFWORD
Dma.ADC1.2.MemInc=DMA_MINC_ENABLE
Dma.ADC1.2.Mode=DMA_CIRCULAR
Dma.ADC1.2.PeriphDataAlignment=DMA_PDATAALIGN_HALFWORD
Dma.ADC1.2.PeriphInc=DMA_PINC_DISABLE
Dma.ADC1.2.Priority=DMA_PRIORITY_LOW
Dma.ADC1.2.RequestParameters=Instance,Direction,PeriphInc,MemInc,PeriphDataAlignment,MemDataAlignment,Mode,Priority,FIFOMode
Dma.Request0=SAI1_A
Dma.Request1=SAI1_B
Dma.Request2=ADC1
Dma.Request3=SPI1_TX
Dma.RequestsNb=4
Dma.SAI1_A.0.Direction=DMA_MEMORY_TO_PERIPH
Dma.SAI1_A.0.FIFOMode=DMA_FIFOMODE_DISABLE
Dma.SAI1_A.0.Instance=DMA2_Stream1
Dma.SAI1_A.0.MemDataAlignment=DMA_MDATAALIGN_WORD
Dma.SAI1_A.0.MemInc=DMA_MINC_ENABLE
Dma.SAI1_A.0.Mode=DMA_CIRCULAR
Dma.SAI1_A.0.PeriphDataAlignment=DMA_PDATAALIGN_WORD
Dma.SAI1_A.0.PeriphInc=DMA_PINC_DISABLE
Dma.SAI1_A.0.Priority=DMA_PRIORITY_VERY_HIGH
Dma.SAI1_A.0.RequestParameters=Instance,Direction,PeriphInc,MemInc,PeriphDataAlignment,MemDataAlignment,Mode,Priority,FIFOMode
Dma.SAI1_B.1.Direction=DMA_PERIPH_TO_MEMORY
Dma.SAI1_B.1.FIFOMode=DMA_FIFOMODE_DISABLE
Dma.SAI1_B.1.Instance=DMA2_Stream4
Dma.SAI1_B.1.MemDataAlignment=DMA_MDATAALIGN_WORD
Dma.SAI1_B.1.MemInc=DMA_MINC_ENABLE
Dma.SAI1_B.1.Mode=DMA_CIRCULAR
Dma.SAI1_B.1.PeriphDataAlignment=DMA_PDATAALIGN_WORD
Dma.SAI1_B.1.PeriphInc=DMA_PINC_DISABLE
Dma.SAI1_B.1.Priority=DMA_PRIORITY_VERY_HIGH
Dma.SAI1_B.1.RequestParameters=Instance,Direction,PeriphInc,MemInc,PeriphDataAlignment,MemDataAlignment,Mode,Priority,FIFOMode
Dma.SPI1_TX.3.Direction=DMA_MEMORY_TO_PERIPH
Dma.SPI1_TX.3.FIFOMode=DMA_FIFOMODE_DISABLE
Dma.SPI1_TX.3.Instance=DMA2_Stream3
Dma.SPI1_TX.3.MemDataAlignment=DMA_MDATAALIGN_BYTE
Dma.SPI1_TX.3.MemInc=DMA_MINC_ENABLE
Dma.SPI1_TX.3.Mode=DMA_NORMAL
Dma.SPI1_TX.3.PeriphDataAlignment=DMA_PDATAALIGN_BYTE
Dma.SPI1_TX.3.PeriphInc=DMA_PINC_DISABLE
Dma.SPI1_TX.3.Priority=DMA_PRIORITY_LOW
Dma.SPI1_TX.3.RequestParameters=Instance,Direction,PeriphInc,MemInc,PeriphDataAlignment,MemDataAlignment,Mode,Priority,FIFOMode
FREERTOS.FootprintOK=true
FREERTOS.IPParameters=Tasks01,configUSE_PREEMPTION,MEMORY_ALLOCATION,configUSE_IDLE_HOOK,configUSE_MALLOC_FAILED_HOOK,configCHECK_FOR_STACK_OVERFLOW,configUSE_MUTEXES,FootprintOK
FREERTOS.MEMORY_ALLOCATION=2
FREERTOS.Tasks01=defaultTask,0,512,StartDefaultTask,Default,NULL,Dynamic,NULL,NULL
FREERTOS.configCHECK_FOR_STACK_OVERFLOW=2
FREERTOS.configUSE_IDLE_HOOK=0
FREERTOS.configUSE_MALLOC_FAILED_HOOK=1
FREERTOS.configUSE_MUTEXES=0
FREERTOS.configUSE_PREEMPTION=0
File.Version=6
KeepUserPlacement=false
Mcu.Family=STM32F4
Mcu.IP0=ADC1
Mcu.IP1=DMA
Mcu.IP10=TIM1
Mcu.IP11=TIM3
Mcu.IP12=USART1
Mcu.IP13=USB_DEVICE
Mcu.IP14=USB_OTG_HS
Mcu.IP2=FREERTOS
Mcu.IP3=NVIC
Mcu.IP4=RCC
Mcu.IP5=SAI1
Mcu.IP6=SPI1
Mcu.IP7=SPI2
Mcu.IP8=SPI4
Mcu.IP9=SYS
Mcu.IPNb=15
Mcu.Name=STM32F427V(G-I)Tx
Mcu.Package=LQFP100
Mcu.Pin0=PE2
Mcu.Pin1=PE3
Mcu.Pin10=PA6
Mcu.Pin11=PA7
Mcu.Pin12=PE9
Mcu.Pin13=PE10
Mcu.Pin14=PE11
Mcu.Pin15=PE13
Mcu.Pin16=PE14
Mcu.Pin17=PB10
Mcu.Pin18=PB13
Mcu.Pin19=PB14
Mcu.Pin2=PE4
Mcu.Pin20=PB15
Mcu.Pin21=PD8
Mcu.Pin22=PC6
Mcu.Pin23=PC7
Mcu.Pin24=PA9
Mcu.Pin25=PA10
Mcu.Pin26=PA13
Mcu.Pin27=PA14
Mcu.Pin28=PA15
Mcu.Pin29=PC10
Mcu.Pin3=PE5
Mcu.Pin30=PB3
Mcu.Pin31=PB4
Mcu.Pin32=PB5
Mcu.Pin33=PB6
Mcu.Pin34=PB7
Mcu.Pin35=PB9
Mcu.Pin36=VP_FREERTOS_VS_ENABLE
Mcu.Pin37=VP_SYS_VS_Systick
Mcu.Pin38=VP_USB_DEVICE_VS_USB_DEVICE_AUDIO_HS
Mcu.Pin4=PE6
Mcu.Pin5=PH0/OSC_IN
Mcu.Pin6=PH1/OSC_OUT
Mcu.Pin7=PC3
Mcu.Pin8=PA0/WKUP
Mcu.Pin9=PA1
Mcu.PinsNb=39
Mcu.ThirdPartyNb=0
Mcu.UserConstants=
Mcu.UserName=STM32F427VGTx
MxCube.Version=4.24.0
MxDb.Version=DB.4.0.240
NVIC.BusFault_IRQn=true\:0\:0\:false\:false\:false\:false\:false
NVIC.DMA2_Stream0_IRQn=true\:5\:0\:false\:false\:true\:true\:false
NVIC.DMA2_Stream1_IRQn=true\:5\:0\:false\:false\:true\:true\:false
NVIC.DMA2_Stream3_IRQn=true\:5\:0\:false\:false\:true\:true\:false
NVIC.DMA2_Stream4_IRQn=true\:5\:0\:false\:false\:true\:true\:false
NVIC.DebugMonitor_IRQn=true\:0\:0\:false\:false\:false\:false\:false
NVIC.EXTI15_10_IRQn=true\:12\:0\:true\:false\:true\:true\:true
NVIC.EXTI9_5_IRQn=true\:12\:0\:true\:false\:true\:true\:true
NVIC.HardFault_IRQn=true\:0\:0\:false\:false\:false\:false\:false
NVIC.MemoryManagement_IRQn=true\:0\:0\:false\:false\:false\:false\:false
NVIC.NonMaskableInt_IRQn=true\:0\:0\:false\:false\:false\:false\:false
NVIC.OTG_HS_IRQn=true\:12\:0\:true\:false\:true\:true\:false
NVIC.PendSV_IRQn=true\:15\:0\:false\:false\:false\:true\:false
NVIC.PriorityGroup=NVIC_PRIORITYGROUP_4
NVIC.SAI1_IRQn=true\:5\:0\:false\:false\:true\:true\:true
NVIC.SPI1_IRQn=true\:10\:0\:true\:false\:true\:true\:true
NVIC.SVCall_IRQn=true\:0\:0\:false\:false\:false\:false\:false
NVIC.SysTick_IRQn=true\:15\:0\:false\:false\:true\:true\:false
NVIC.UsageFault_IRQn=true\:0\:0\:false\:false\:false\:false\:false
PA0/WKUP.GPIOParameters=GPIO_Label
PA0/WKUP.GPIO_Label=ADC0
PA0/WKUP.Signal=ADCx_IN0
PA1.GPIOParameters=GPIO_Label
PA1.GPIO_Label=ADC1
PA1.Signal=ADCx_IN1
PA10.GPIOParameters=GPIO_Label
PA10.GPIO_Label=UART_RX
PA10.Mode=Multiprocessor_communication
PA10.Signal=USART1_RX
PA13.GPIOParameters=GPIO_Label
PA13.GPIO_Label=SWDIO
PA13.Mode=Serial_Wire
PA13.Signal=SYS_JTMS-SWDIO
PA14.GPIOParameters=GPIO_Label
PA14.GPIO_Label=SWDCLK
PA14.Mode=Serial_Wire
PA14.Signal=SYS_JTCK-SWCLK
PA15.GPIOParameters=GPIO_Label
PA15.GPIO_Label=OLED_CS
PA15.Locked=true
PA15.Signal=GPIO_Output
PA6.GPIOParameters=GPIO_Label
PA6.GPIO_Label=OLED_RST
PA6.Locked=true
PA6.Signal=GPIO_Output
PA7.GPIOParameters=GPIO_Label
PA7.GPIO_Label=OLED_MOSI
PA7.Mode=TX_Only_Simplex_Unidirect_Master
PA7.Signal=SPI1_MOSI
PA9.GPIOParameters=GPIO_Label
PA9.GPIO_Label=UART_TX
PA9.Locked=true
PA9.Mode=Multiprocessor_communication
PA9.Signal=USART1_TX
PB10.GPIOParameters=GPIO_Label
PB10.GPIO_Label=CS_SCL
PB10.Mode=TX_Only_Simplex_Unidirect_Master
PB10.Signal=SPI2_SCK
PB13.GPIOParameters=GPIO_Label
PB13.GPIO_Label=USB_VBUS
PB13.Mode=Activate_VBUS_FS
PB13.Signal=USB_OTG_HS_VBUS
PB14.GPIOParameters=GPIO_Label
PB14.GPIO_Label=USB_DM
PB14.Mode=Device_Only_FS
PB14.Signal=USB_OTG_HS_DM
PB15.GPIOParameters=GPIO_Label
PB15.GPIO_Label=USB_DP
PB15.Mode=Device_Only_FS
PB15.Signal=USB_OTG_HS_DP
PB3.GPIOParameters=GPIO_Label
PB3.GPIO_Label=OLED_SCK
PB3.Locked=true
PB3.Mode=TX_Only_Simplex_Unidirect_Master
PB3.Signal=SPI1_SCK
PB4.GPIOParameters=GPIO_Label
PB4.GPIO_Label=CS_CS
PB4.Locked=true
PB4.Signal=GPIO_Output
PB5.GPIOParameters=GPIO_Label
PB5.GPIO_Label=CS_RST
PB5.Locked=true
PB5.Signal=GPIO_Output
PB6.GPIOParameters=GPIO_Label
PB6.GPIO_Label=FLASH_NCS
PB6.Locked=true
PB6.Signal=GPIO_Output
PB7.GPIOParameters=GPIO_Label
PB7.GPIO_Label=FLASH_W
PB7.Locked=true
PB7.Signal=GPIO_Output
PB9.GPIOParameters=GPIO_PuPd,GPIO_Label
PB9.GPIO_Label=SW2
PB9.GPIO_PuPd=GPIO_PULLUP
PB9.Locked=true
PB9.Signal=GPXTI9
PC10.GPIOParameters=GPIO_Label
PC10.GPIO_Label=OLED_DC
PC10.Locked=true
PC10.Signal=GPIO_Output
PC3.GPIOParameters=GPIO_Label
PC3.GPIO_Label=CS_SDA
PC3.Mode=TX_Only_Simplex_Unidirect_Master
PC3.Signal=SPI2_MOSI
PC6.GPIOParameters=GPIO_PuPd,GPIO_Label
PC6.GPIO_Label=ENC_A
PC6.GPIO_PuPd=GPIO_PULLUP
PC6.Signal=S_TIM3_CH1
PC7.GPIOParameters=GPIO_PuPd,GPIO_Label
PC7.GPIO_Label=ENC_B
PC7.GPIO_PuPd=GPIO_PULLUP
PC7.Signal=S_TIM3_CH2
PCC.Checker=false
PCC.Line=STM32F427/437
PCC.MCU=STM32F427V(G-I)Tx
PCC.PartNumber=STM32F427VGTx
PCC.Seq0=0
PCC.Series=STM32F4
PCC.Temperature=25
PCC.Vdd=null
PD8.GPIOParameters=GPIO_Label
PD8.GPIO_Label=FLASH_HOLD
PD8.Locked=true
PD8.Signal=GPIO_Output
PE10.GPIOParameters=GPIO_PuPd,GPIO_Label
PE10.GPIO_Label=SW1
PE10.GPIO_PuPd=GPIO_PULLUP
PE10.Locked=true
PE10.Signal=GPXTI10
PE11.GPIOParameters=GPIO_PuPd,GPIO_Label
PE11.GPIO_Label=SWENC_B
PE11.GPIO_PuPd=GPIO_PULLUP
PE11.Signal=S_TIM1_CH2
PE13.GPIOParameters=GPIO_Label
PE13.GPIO_Label=FLASH_MISO
PE13.Mode=Full_Duplex_Master
PE13.Signal=SPI4_MISO
PE14.GPIOParameters=GPIO_Label
PE14.GPIO_Label=FLASH_MOSI
PE14.Mode=Full_Duplex_Master
PE14.Signal=SPI4_MOSI
PE2.GPIOParameters=GPIO_Label
PE2.GPIO_Label=FLASH_SCK
PE2.Mode=Full_Duplex_Master
PE2.Signal=SPI4_SCK
PE3.GPIOParameters=GPIO_Label
PE3.GPIO_Label=CS_SDOUT
PE3.Mode=SAI_B_SyncSlave
PE3.Signal=SAI1_SD_B
PE4.GPIOParameters=GPIO_Label
PE4.GPIO_Label=CS_LRCK
PE4.Mode=SAI_A_AsyncSlave
PE4.Signal=SAI1_FS_A
PE5.GPIOParameters=GPIO_Label
PE5.GPIO_Label=CS_SCLK
PE5.Mode=SAI_A_AsyncSlave
PE5.Signal=SAI1_SCK_A
PE6.GPIOParameters=GPIO_Label
PE6.GPIO_Label=CS_SDIN
PE6.Mode=SAI_A_AsyncSlave
PE6.Signal=SAI1_SD_A
PE9.GPIOParameters=GPIO_PuPd,GPIO_Label
PE9.GPIO_Label=SWENC_A
PE9.GPIO_PuPd=GPIO_PULLUP
PE9.Signal=S_TIM1_CH1
PH0/OSC_IN.Mode=HSE-External-Oscillator
PH0/OSC_IN.Signal=RCC_OSC_IN
PH1/OSC_OUT.Mode=HSE-External-Oscillator
PH1/OSC_OUT.Signal=RCC_OSC_OUT
PinOutPanel.RotationAngle=0
ProjectManager.AskForMigrate=true
ProjectManager.BackupPrevious=false
ProjectManager.CompilerOptimize=2
ProjectManager.ComputerToolchain=false
ProjectManager.CoupleFile=false
ProjectManager.CustomerFirmwarePackage=/home/mars/STM32Cube/Repository/STM32Cube_FW_F4_V1.19.0
ProjectManager.DefaultFWLocation=true
ProjectManager.DeletePrevious=true
ProjectManager.DeviceId=STM32F427VGTx
ProjectManager.FirmwarePackage=STM32Cube FW_F4 V1.19.0
ProjectManager.FreePins=false
ProjectManager.HalAssertFull=true
ProjectManager.HeapSize=0x200
ProjectManager.KeepUserCode=true
ProjectManager.LastFirmware=true
ProjectManager.LibraryCopy=1
ProjectManager.PreviousToolchain=
ProjectManager.ProjectBuild=false
ProjectManager.ProjectFileName=Prism.ioc
ProjectManager.ProjectName=Prism
ProjectManager.StackSize=0x400
ProjectManager.TargetToolchain=MDK-ARM V5
ProjectManager.ToolChainLocation=
ProjectManager.UnderRoot=false
ProjectManager.functionlistsort=1-MX_GPIO_Init-GPIO-false-HAL-true,2-MX_DMA_Init-DMA-false-HAL-true,3-SystemClock_Config-RCC-false-HAL-true,4-MX_ADC1_Init-ADC1-false-HAL-true,5-MX_SAI1_Init-SAI1-false-HAL-true,6-MX_SPI1_Init-SPI1-false-HAL-true,7-MX_SPI2_Init-SPI2-false-HAL-true,8-MX_SPI4_Init-SPI4-false-HAL-true,9-MX_TIM1_Init-TIM1-false-HAL-true,10-MX_TIM3_Init-TIM3-false-HAL-true,11-MX_USART1_UART_Init-USART1-false-HAL-true,12-MX_USB_DEVICE_Init-USB_DEVICE-false-HAL-true
RCC.48MHZClocksFreq_Value=48000000
RCC.AHBFreq_Value=168000000
RCC.APB1CLKDivider=RCC_HCLK_DIV4
RCC.APB1Freq_Value=42000000
RCC.APB1TimFreq_Value=84000000
RCC.APB2CLKDivider=RCC_HCLK_DIV2
RCC.APB2Freq_Value=84000000
RCC.APB2TimFreq_Value=168000000
RCC.CortexFreq_Value=168000000
RCC.EthernetFreq_Value=168000000
RCC.FCLKCortexFreq_Value=168000000
RCC.FamilyName=M
RCC.HCLKFreq_Value=168000000
RCC.HSE_VALUE=25000000
RCC.HSI_VALUE=16000000
RCC.I2SClocksFreq_Value=96000000
RCC.IPParameters=48MHZClocksFreq_Value,AHBFreq_Value,APB1CLKDivider,APB1Freq_Value,APB1TimFreq_Value,APB2CLKDivider,APB2Freq_Value,APB2TimFreq_Value,CortexFreq_Value,EthernetFreq_Value,FCLKCortexFreq_Value,FamilyName,HCLKFreq_Value,HSE_VALUE,HSI_VALUE,I2SClocksFreq_Value,LSE_VALUE,LSI_VALUE,MCO2PinFreq_Value,PLLCLKFreq_Value,PLLM,PLLN,PLLQ,PLLQCLKFreq_Value,PLLSAIN,PLLSAIQ,RTCFreq_Value,RTCHSEDivFreq_Value,SAI_AClocksFreq_Value,SAI_BClocksFreq_Value,SYSCLKFreq_VALUE,SYSCLKSource,VCOI2SOutputFreq_Value,VCOInputFreq_Value,VCOOutputFreq_Value,VCOSAIOutputFreq_Value,VCOSAIOutputFreq_ValueQ,VcooutputI2S,VcooutputI2SQ
RCC.LSE_VALUE=32768
RCC.LSI_VALUE=32000
RCC.MCO2PinFreq_Value=168000000
RCC.PLLCLKFreq_Value=168000000
RCC.PLLM=25
RCC.PLLN=336
RCC.PLLQ=7
RCC.PLLQCLKFreq_Value=48000000
RCC.PLLSAIN=100
RCC.PLLSAIQ=2
RCC.RTCFreq_Value=32000
RCC.RTCHSEDivFreq_Value=12500000
RCC.SAI_AClocksFreq_Value=50000000
RCC.SAI_BClocksFreq_Value=50000000
RCC.SYSCLKFreq_VALUE=168000000
RCC.SYSCLKSource=RCC_SYSCLKSOURCE_PLLCLK
RCC.VCOI2SOutputFreq_Value=192000000
RCC.VCOInputFreq_Value=1000000
RCC.VCOOutputFreq_Value=336000000
RCC.VCOSAIOutputFreq_Value=100000000
RCC.VCOSAIOutputFreq_ValueQ=50000000
RCC.VcooutputI2S=96000000
RCC.VcooutputI2SQ=96000000
SAI1.AudioMode-SAI_A_AsyncSlave=SAI_MODESLAVE_TX
SAI1.FrameLength-SAI_B_SyncSlave=24
SAI1.IPParameters=Instance-SAI_B_SyncSlave,VirtualMode-SAI_B_SyncSlave,Synchro-SAI_B_SyncSlave,FrameLength-SAI_B_SyncSlave,Instance-SAI_A_AsyncSlave,VirtualMode-SAI_A_AsyncSlave,Synchro-SAI_A_AsyncSlave,AudioMode-SAI_A_AsyncSlave,SlotNumber-SAI_A_AsyncSlave,VirtualSlotActive-SAI_A_AsyncSlave
SAI1.Instance-SAI_A_AsyncSlave=SAI$Index_Block_A
SAI1.Instance-SAI_B_SyncSlave=SAI$Index_Block_B
SAI1.SlotNumber-SAI_A_AsyncSlave=1
SAI1.Synchro-SAI_A_AsyncSlave=SAI_ASYNCHRONOUS
SAI1.Synchro-SAI_B_SyncSlave=SAI_SYNCHRONOUS
SAI1.VirtualMode-SAI_A_AsyncSlave=VM_SLAVE
SAI1.VirtualMode-SAI_B_SyncSlave=VM_SLAVE
SAI1.VirtualSlotActive-SAI_A_AsyncSlave=SAI_SLOT_USERSETTING
SH.ADCx_IN0.0=ADC1_IN0,IN0
SH.ADCx_IN0.ConfNb=1
SH.ADCx_IN1.0=ADC1_IN1,IN1
SH.ADCx_IN1.ConfNb=1
SH.GPXTI10.0=GPIO_EXTI10
SH.GPXTI10.ConfNb=1
SH.GPXTI9.0=GPIO_EXTI9
SH.GPXTI9.ConfNb=1
SH.S_TIM1_CH1.0=TIM1_CH1,Encoder_Interface
SH.S_TIM1_CH1.ConfNb=1
SH.S_TIM1_CH2.0=TIM1_CH2,Encoder_Interface
SH.S_TIM1_CH2.ConfNb=1
SH.S_TIM3_CH1.0=TIM3_CH1,Encoder_Interface
SH.S_TIM3_CH1.ConfNb=1
SH.S_TIM3_CH2.0=TIM3_CH2,Encoder_Interface
SH.S_TIM3_CH2.ConfNb=1
SPI1.BaudRatePrescaler=SPI_BAUDRATEPRESCALER_8
SPI1.CalculateBaudRate=10.5 MBits/s
SPI1.Direction=SPI_DIRECTION_2LINES
SPI1.IPParameters=VirtualType,Mode,Direction,CalculateBaudRate,BaudRatePrescaler
SPI1.Mode=SPI_MODE_MASTER
SPI1.VirtualType=VM_MASTER
SPI2.BaudRatePrescaler=SPI_BAUDRATEPRESCALER_8
SPI2.CalculateBaudRate=5.25 MBits/s
SPI2.Direction=SPI_DIRECTION_2LINES
SPI2.IPParameters=VirtualType,Mode,Direction,CalculateBaudRate,VirtualNSS,BaudRatePrescaler
SPI2.Mode=SPI_MODE_MASTER
SPI2.VirtualNSS=VM_NSSHARD
SPI2.VirtualType=VM_MASTER
SPI4.BaudRatePrescaler=SPI_BAUDRATEPRESCALER_8
SPI4.CalculateBaudRate=10.5 MBits/s
SPI4.Direction=SPI_DIRECTION_2LINES
SPI4.IPParameters=VirtualType,Mode,Direction,CalculateBaudRate,BaudRatePrescaler
SPI4.Mode=SPI_MODE_MASTER
SPI4.VirtualType=VM_MASTER
USART1.IPParameters=VirtualMode
USART1.VirtualMode=VM_ASYNC
USB_DEVICE.CLASS_NAME_HS=AUDIO
USB_DEVICE.IPParameters=VirtualMode-AUDIO_HS,VirtualModeHS,CLASS_NAME_HS,MANUFACTURER_STRING-AUDIO_HS,PID_AUDIO_HS,PRODUCT_STRING_AUDIO_HS,VID-AUDIO_HS,SERIALNUMBER_STRING_AUDIO_HS
USB_DEVICE.MANUFACTURER_STRING-AUDIO_HS=Rebel Tech
USB_DEVICE.PID_AUDIO_HS=0xDADA
USB_DEVICE.PRODUCT_STRING_AUDIO_HS=OWL-MIDI
USB_DEVICE.SERIALNUMBER_STRING_AUDIO_HS=00000000010E
USB_DEVICE.VID-AUDIO_HS=0x1209
USB_DEVICE.VirtualMode-AUDIO_HS=Audio
USB_DEVICE.VirtualModeHS=Audio_HS
USB_OTG_HS.IPParameters=VirtualMode-Device_Only_FS
USB_OTG_HS.VirtualMode-Device_Only_FS=Device_Only_FS
VP_FREERTOS_VS_ENABLE.Mode=Enabled
VP_FREERTOS_VS_ENABLE.Signal=FREERTOS_VS_ENABLE
VP_SYS_VS_Systick.Mode=SysTick
VP_SYS_VS_Systick.Signal=SYS_VS_Systick
VP_USB_DEVICE_VS_USB_DEVICE_AUDIO_HS.Mode=AUDIO_HS
VP_USB_DEVICE_VS_USB_DEVICE_AUDIO_HS.Signal=USB_DEVICE_VS_USB_DEVICE_AUDIO_HS
board=Prism
