#MicroXplorer Configuration settings - do not modify
SH.FMC_D7_DA7.0=FMC_D7,sd-16b-d1
USB_DEVICE.PID_AUDIO_HS=0xDADA
SH.FMC_D0_DA0.ConfNb=1
RCC.USART1Freq_Value=108000000
SH.FMC_A8.ConfNb=1
SH.FMC_A4.ConfNb=1
SH.FMC_A0.ConfNb=1
SH.FMC_D6_DA6.ConfNb=1
FMC.SDClockPeriod2=FMC_SDRAM_CLOCK_PERIOD_2
SH.FMC_D9_DA9.ConfNb=1
FMC.RCDDelay1=2
FMC.SDClockPeriod1=FMC_SDRAM_CLOCK_PERIOD_2
SH.FMC_A0.0=FMC_A0,12b-sda1
SPI1.VirtualType=VM_MASTER
PG4.Signal=FMC_A14_BA0
PG8.Signal=FMC_SDCLK
RCC.PLLCLKFreq_Value=168000000
RCC.PLLQCLKFreq_Value=48000000
PG0.Signal=FMC_A10
FMC.LoadToActiveDelay1=2
RCC.RTCFreq_Value=32000
PA6.GPIO_Label=FLASH_MISO
SH.FMC_SDNWE.ConfNb=1
SH.FMC_D5_DA5.0=FMC_D5,sd-16b-d1
PB13.Signal=USB_OTG_HS_VBUS
PinOutPanel.RotationAngle=0
RCC.SYSCLKSource=RCC_SYSCLKSOURCE_PLLCLK
SH.FMC_A15_BA1.0=FMC_BA1,FourSdramBanks1
SH.FMC_D9_DA9.0=FMC_D9,sd-16b-d1
RCC.LPTIM1Freq_Value=54000000
NVIC.SVCall_IRQn=true\:0\:0\:false\:false\:true\:true\:false
SH.FMC_SDNWE.0=FMC_SDNWE,12b-sda1
SPI1.Direction=SPI_DIRECTION_2LINES
SH.FMC_D11_DA11.0=FMC_D11,sd-16b-d1
RCC.I2C4Freq_Value=54000000
RCC.APB2TimFreq_Value=168000000
PB2/BOOT1.GPIO_Label=BOOT1
PB6.Signal=FMC_SDNE1
SH.FMC_D10_DA10.ConfNb=1
PH1/OSC_OUT.Signal=RCC_OSC_OUT
PB6.Mode=SdramChipSelect2_1
SPI1.CalculateBaudRate=42.0 MBits/s
PD0.Signal=FMC_D2_DA2
RCC.SAI2Freq_Value=50000000
PD8.Signal=FMC_D13_DA13
PE1.Signal=FMC_NBL1
RCC.USART3Freq_Value=54000000
RCC.PLLSAIRCLKFreq_Value=50000000
ProjectManager.ProjectBuild=false
NVIC.UsageFault_IRQn=true\:0\:0\:false\:false\:false\:true\:false
PB3.Mode=Full_Duplex_Master
FMC.SelfRefreshTime1=4
ProjectManager.FirmwarePackage=STM32Cube FW_F4 V1.25.0
MxDb.Version=DB.5.0.60
PA1.GPIOParameters=GPIO_Label
ProjectManager.BackupPrevious=false
PC4.GPIO_Label=FLASH_HOLD
PE9.Signal=FMC_D6_DA6
PB14.Mode=Device_Only_FS
SH.FMC_A2.0=FMC_A2,12b-sda1
SH.FMC_D15_DA15.ConfNb=1
SH.FMC_D1_DA1.0=FMC_D1,sd-16b-d1
NVIC.PendSV_IRQn=true\:0\:0\:false\:false\:true\:true\:false
PF3.Signal=FMC_A3
USB_OTG_HS.IPParameters=VirtualMode-Device_Only_FS
PE10.Signal=FMC_D7_DA7
ProjectManager.HalAssertFull=true
USB_DEVICE.MANUFACTURER_STRING-AUDIO_HS=Rebel Technology
RCC.MCO2PinFreq_Value=168000000
Mcu.Package=LQFP144
PB9.Signal=GPIO_Input
SH.FMC_SDNCAS.ConfNb=1
VP_SYS_VS_Systick.Signal=SYS_VS_Systick
SH.FMC_A11.ConfNb=1
FMC.WriteRecoveryTime1=2
SH.FMC_A1.0=FMC_A1,12b-sda1
RCC.APB2CLKDivider=RCC_HCLK_DIV2
SH.FMC_SDCLK.0=FMC_SDCLK,12b-sda1
RCC.CECFreq_Value=32786.88524590164
PF14.Signal=FMC_A8
RCC.APB1TimFreq_Value=84000000
NVIC.BusFault_IRQn=true\:0\:0\:false\:false\:false\:true\:false
FMC.RowCycleDelay2=6
FMC.RowCycleDelay1=6
PB13.Mode=Activate_VBUS_FS
PD15.Signal=FMC_D1_DA1
SH.FMC_D3_DA3.0=FMC_D3,sd-16b-d1
ProjectManager.CustomerFirmwarePackage=
PC4.GPIOParameters=GPIO_Label
RCC.SAI_AClocksFreq_Value=25000000
RCC.PLLSAIQCLKFreq_Value=50000000
SH.FMC_D3_DA3.ConfNb=1
PA6.GPIOParameters=GPIO_Label
SH.FMC_A4.0=FMC_A4,12b-sda1
PA0/WKUP.GPIOParameters=GPIO_Label
SH.FMC_A7.ConfNb=1
RCC.PLLQoutputFreq_Value=48000000
ProjectManager.ProjectFileName=MidiBoot.ioc
SH.FMC_A5.ConfNb=1
SH.FMC_A1.ConfNb=1
Mcu.PinsNb=58
PG5.Signal=FMC_A15_BA1
SH.FMC_D10_DA10.0=FMC_D10,sd-16b-d1
PD1.Signal=FMC_D3_DA3
RCC.VCOSAIOutputFreq_ValueQ=25000000
RCC.UART8Freq_Value=54000000
PC0.Signal=FMC_SDNWE
RCC.APB1CLKDivider=RCC_HCLK_DIV4
VP_USB_DEVICE_VS_USB_DEVICE_AUDIO_HS.Signal=USB_DEVICE_VS_USB_DEVICE_AUDIO_HS
USB_OTG_HS.VirtualMode-Device_Only_FS=Device_Only_FS
USB_DEVICE.VID-AUDIO_HS=0x1209
PD10.Signal=FMC_D15_DA15
SH.FMC_A3.0=FMC_A3,12b-sda1
PB8.GPIO_Label=SW3
FMC.CASLatency1=FMC_SDRAM_CAS_LATENCY_3
Mcu.Pin57=VP_USB_DEVICE_VS_USB_DEVICE_AUDIO_HS
Mcu.Pin51=PB8
RCC.USART6Freq_Value=108000000
SH.FMC_D15_DA15.0=FMC_D15,sd-16b-d1
Mcu.Pin52=PB9
Mcu.Pin50=PB6
Mcu.Pin55=VP_IWDG_VS_IWDG
Mcu.Pin56=VP_SYS_VS_Systick
Mcu.Pin53=PE0
Mcu.Pin54=PE1
PB9.Locked=true
Mcu.Pin48=PB3
Mcu.Pin49=PB5
Mcu.Pin46=PD1
Mcu.Pin47=PG15
PB14.Signal=USB_OTG_HS_DM
Mcu.Pin40=PG4
Mcu.Pin41=PG5
Mcu.Pin44=PA14
Mcu.Pin45=PD0
Mcu.Pin42=PG8
Mcu.Pin43=PA13
ProjectManager.LastFirmware=true
FMC.ReadBurst1=FMC_SDRAM_RBURST_ENABLE
SH.FMC_A6.0=FMC_A6,12b-sda1
FMC.ReadBurst2=FMC_SDRAM_RBURST_ENABLE
PE14.Signal=FMC_D11_DA11
PE15.Signal=FMC_D12_DA12
Mcu.Pin37=PD10
Mcu.Pin38=PD14
Mcu.Pin35=PD8
RCC.I2C1Freq_Value=54000000
PE8.Signal=FMC_D5_DA5
Mcu.Pin36=PD9
RCC.PLLI2SPCLKFreq_Value=96000000
SPI1.Mode=SPI_MODE_MASTER
SH.FMC_D14_DA14.ConfNb=1
Mcu.Pin39=PD15
Mcu.Pin30=PE14
PA1.GPIO_Label=LED2
RCC.EthernetFreq_Value=168000000
Mcu.Pin33=PB14
PA0/WKUP.GPIO_Label=LED1
Mcu.Pin34=PB15
Mcu.Pin31=PE15
Mcu.Pin32=PB13
NVIC.NonMaskableInt_IRQn=true\:0\:0\:false\:false\:false\:true\:false
PF13.Signal=FMC_A7
PA13.Mode=Serial_Wire
SH.FMC_SDNCAS.0=FMC_SDNCAS,12b-sda1
ProjectManager.FreePins=true
IWDG.IPParameters=Reload,Prescaler
SH.FMC_NBL1.ConfNb=1
RCC.PLLI2SQCLKFreq_Value=96000000
Mcu.Pin26=PE10
Mcu.Pin27=PE11
RCC.RTCHSEDivFreq_Value=12500000
Mcu.Pin24=PE8
ProjectManager.UnderRoot=false
Mcu.Pin25=PE9
Mcu.Pin28=PE12
Mcu.Pin29=PE13
SH.FMC_D7_DA7.ConfNb=1
Mcu.Pin22=PG1
PB5.Signal=FMC_SDCKE1
Mcu.Pin23=PE7
Mcu.Pin20=PF15
Mcu.Pin21=PG0
NVIC.ForceEnableDMAVector=true
NVIC.MemoryManagement_IRQn=true\:0\:0\:false\:false\:false\:true\:false
SH.FMC_A10.ConfNb=1
ProjectManager.CompilerOptimize=6
SH.FMC_A5.0=FMC_A5,12b-sda1
SH.FMC_SDNRAS.ConfNb=1
ProjectManager.HeapSize=0x200
Mcu.Pin15=PB2/BOOT1
NVIC.HardFault_IRQn=true\:0\:0\:false\:false\:false\:true\:false
Mcu.Pin16=PF11
Mcu.Pin13=PC4
Mcu.Pin14=PC5
Mcu.Pin19=PF14
ProjectManager.ComputerToolchain=false
Mcu.Pin17=PF12
Mcu.Pin18=PF13
NVIC.PriorityGroup=NVIC_PRIORITYGROUP_4
Mcu.Pin11=PA6
Mcu.Pin12=PA7
Mcu.Pin10=PA1
PF4.Signal=FMC_A4
SH.FMC_D12_DA12.ConfNb=1
RCC.I2C2Freq_Value=54000000
PA7.GPIOParameters=GPIO_Label
Mcu.Family=STM32F4
FMC.IPParameters=ReadPipeDelay1,ReadBurst1,ReadBurst2,SDClockPeriod1,SDClockPeriod2,CASLatency1,LoadToActiveDelay1,ExitSelfRefreshDelay1,SelfRefreshTime1,RowCycleDelay1,RowCycleDelay2,WriteRecoveryTime1,RPDelay1,RPDelay2,RCDDelay1
NVIC.OTG_HS_IRQn=true\:8\:0\:true\:false\:true\:true\:true
ProjectManager.MainLocation=Src
SH.FMC_A6.ConfNb=1
PA6.Mode=Full_Duplex_Master
SH.FMC_A8.0=FMC_A8,12b-sda1
RCC.SAI1Freq_Value=50000000
RCC.CortexFreq_Value=168000000
SH.FMC_A2.ConfNb=1
ProjectManager.KeepUserCode=true
Mcu.UserName=STM32F427ZITx
SH.FMC_D14_DA14.0=FMC_D14,sd-16b-d1
VP_IWDG_VS_IWDG.Mode=IWDG_Activate
PC5.Locked=true
SH.FMC_NBL0.0=FMC_NBL0,Sd2ByteEnable1
ProjectManager.functionlistsort=1-MX_GPIO_Init-GPIO-false-HAL-true,2-MX_FMC_Init-FMC-false-HAL-true,3-MX_SPI1_Init-SPI1-false-HAL-true,4-SystemClock_Config-RCC-false-HAL-true,5-MX_USB_DEVICE_Init-USB_DEVICE-false-HAL-false
SH.FMC_D6_DA6.0=FMC_D6,sd-16b-d1
PA0/WKUP.Signal=GPIO_Output
PB2/BOOT1.GPIOParameters=GPIO_PuPd,GPIO_Label
RCC.PLLI2SRCLKFreq_Value=96000000
RCC.USART2Freq_Value=54000000
SH.FMC_A14_BA0.0=FMC_BA0,FourSdramBanks1
SH.FMC_A11.0=FMC_A11,12b-sda1
PB15.Signal=USB_OTG_HS_DP
PG15.Signal=FMC_SDNCAS
ProjectManager.StackSize=0x400
RCC.SAI_BClocksFreq_Value=25000000
RCC.I2C3Freq_Value=54000000
Mcu.IP4=SPI1
RCC.FCLKCortexFreq_Value=168000000
Mcu.IP5=SYS
Mcu.IP2=NVIC
Mcu.IP3=RCC
Mcu.IP0=FMC
SH.FMC_A7.0=FMC_A7,12b-sda1
Mcu.IP1=IWDG
Mcu.UserConstants=
RCC.SDMMCFreq_Value=216000000
Mcu.ThirdPartyNb=0
PH0/OSC_IN.Mode=HSE-External-Oscillator
RCC.HCLKFreq_Value=168000000
Mcu.IPNb=8
RCC.I2SClocksFreq_Value=96000000
RCC.PLLI2SRoutputFreq_Value=96000000
ProjectManager.PreviousToolchain=
RCC.SPDIFRXFreq_Value=96000000
RCC.VcooutputI2S=96000000
PA0/WKUP.Locked=true
SH.FMC_NBL1.0=FMC_NBL1,Sd2ByteEnable1
PF12.Signal=FMC_A6
Mcu.Pin6=PH0/OSC_IN
Mcu.Pin7=PH1/OSC_OUT
Mcu.Pin8=PC0
Mcu.Pin9=PA0/WKUP
RCC.VCOSAIOutputFreq_Value=100000000
SH.FMC_A10.0=FMC_A10,12b-sda1
RCC.AHBFreq_Value=168000000
Mcu.Pin0=PF0
Mcu.Pin1=PF1
Mcu.Pin2=PF2
Mcu.Pin3=PF3
Mcu.Pin4=PF4
Mcu.Pin5=PF5
RCC.HSE_VALUE=25000000
NVIC.DebugMonitor_IRQn=true\:0\:0\:false\:false\:false\:true\:false
SH.FMC_A14_BA0.ConfNb=1
SH.FMC_D8_DA8.0=FMC_D8,sd-16b-d1
FMC.ExitSelfRefreshDelay1=6
FMC.RPDelay2=2
FMC.RPDelay1=2
NVIC.SysTick_IRQn=true\:0\:0\:false\:false\:true\:true\:true
SH.FMC_D2_DA2.0=FMC_D2,sd-16b-d1
PE13.Signal=FMC_D10_DA10
RCC.VCOInputFreq_Value=1000000
PA14.Mode=Serial_Wire
PB2/BOOT1.GPIO_PuPd=GPIO_PULLUP
PF11.Signal=FMC_SDNRAS
PB5.Mode=SdramChipSelect2_1
File.Version=6
SH.FMC_D5_DA5.ConfNb=1
PB3.GPIOParameters=GPIO_Label
SH.FMC_D2_DA2.ConfNb=1
PB8.Locked=true
FMC.ReadPipeDelay1=FMC_SDRAM_RPIPE_DELAY_0
SH.FMC_SDNRAS.0=FMC_SDNRAS,12b-sda1
PH1/OSC_OUT.Mode=HSE-External-Oscillator
ProjectManager.ProjectName=MidiBoot
IWDG.IPParametersWithoutCheck=Reload
PA6.Signal=SPI1_MISO
SH.FMC_D0_DA0.0=FMC_D0,sd-16b-d1
SH.FMC_D4_DA4.ConfNb=1
ProjectManager.ToolChainLocation=
RCC.LSI_VALUE=32000
IWDG.Reload=8*(30000/128)
SH.FMC_A9.0=FMC_A9,12b-sda1
USB_DEVICE.CLASS_NAME_HS=AUDIO
SH.FMC_D4_DA4.0=FMC_D4,sd-16b-d1
USB_DEVICE.VirtualMode-AUDIO_HS=Audio
RCC.PLLSAIN=100
PF5.Signal=FMC_A5
USB_DEVICE.VirtualModeHS=Audio_HS
PC4.Locked=true
PC5.Signal=GPIO_Output
PF0.Signal=FMC_A0
PE7.Signal=FMC_D4_DA4
SH.FMC_NBL0.ConfNb=1
USB_DEVICE.PRODUCT_STRING_AUDIO_HS=OWL-BOOT
PB3.Locked=true
PB3.GPIO_Label=FLASH_SCK
SH.FMC_A3.ConfNb=1
RCC.I2SFreq_Value=96000000
SH.FMC_A9.ConfNb=1
PB8.GPIOParameters=GPIO_Label
PA7.Mode=Full_Duplex_Master
RCC.UART7Freq_Value=54000000
PB9.GPIO_Label=SW2
ProjectManager.NoMain=false
SPI1.IPParameters=Mode,CalculateBaudRate,VirtualType,Direction
PG1.Signal=FMC_A11
SH.FMC_SDCLK.ConfNb=1
PC4.Signal=GPIO_Output
ProjectManager.DefaultFWLocation=true
PD9.Signal=FMC_D14_DA14
USB_DEVICE.SERIALNUMBER_STRING_AUDIO_HS=00000000010D
ProjectManager.DeletePrevious=true
RCC.LCDTFToutputFreq_Value=25000000
USB_DEVICE.IPParameters=CLASS_NAME_HS,VirtualModeHS,SERIALNUMBER_STRING_AUDIO_HS,PRODUCT_STRING_AUDIO_HS,PID_AUDIO_HS,MANUFACTURER_STRING-AUDIO_HS,VID-AUDIO_HS,VirtualMode-AUDIO_HS
RCC.FamilyName=M
PB9.GPIOParameters=GPIO_Label
PA13.Signal=SYS_JTMS-SWDIO
SH.FMC_A15_BA1.ConfNb=1
PB2/BOOT1.Signal=GPIO_Input
ProjectManager.TargetToolchain=MDK-ARM V5
SH.FMC_D13_DA13.0=FMC_D13,sd-16b-d1
SH.FMC_D1_DA1.ConfNb=1
PC5.GPIOParameters=GPIO_Label
RCC.VcooutputI2SQ=96000000
VP_USB_DEVICE_VS_USB_DEVICE_AUDIO_HS.Mode=AUDIO_HS
PF2.Signal=FMC_A2
RCC.USBFreq_Value=48000000
RCC.PLLSAIoutputFreq_Value=50000000
PE11.Signal=FMC_D8_DA8
RCC.LSE_VALUE=32768
PA1.Signal=GPIO_Output
RCC.VCOI2SOutputFreq_Value=192000000
RCC.PLLSAIPCLKFreq_Value=50000000
board=MidiBoot
RCC.VCOOutputFreq_Value=336000000
PB15.Mode=Device_Only_FS
PH0/OSC_IN.Signal=RCC_OSC_IN
RCC.APB2Freq_Value=84000000
RCC.UART4Freq_Value=54000000
MxCube.Version=5.6.1
SH.FMC_D13_DA13.ConfNb=1
VP_SYS_VS_Systick.Mode=SysTick
SH.FMC_D12_DA12.0=FMC_D12,sd-16b-d1
PF15.Signal=FMC_A9
PF1.Signal=FMC_A1
SH.FMC_D11_DA11.ConfNb=1
RCC.UART5Freq_Value=54000000
RCC.IPParameters=48MHZClocksFreq_Value,AHBFreq_Value,APB1CLKDivider,APB1Freq_Value,APB1TimFreq_Value,APB2CLKDivider,APB2Freq_Value,APB2TimFreq_Value,CECFreq_Value,CortexFreq_Value,EthernetFreq_Value,FCLKCortexFreq_Value,FamilyName,HCLKFreq_Value,HSE_VALUE,HSI_VALUE,I2C1Freq_Value,I2C2Freq_Value,I2C3Freq_Value,I2C4Freq_Value,I2SClocksFreq_Value,I2SFreq_Value,LCDTFToutputFreq_Value,LPTIM1Freq_Value,LSE_VALUE,LSI_VALUE,MCO2PinFreq_Value,PLLCLKFreq_Value,PLLI2SPCLKFreq_Value,PLLI2SQCLKFreq_Value,PLLI2SRCLKFreq_Value,PLLI2SRoutputFreq_Value,PLLM,PLLN,PLLQ,PLLQCLKFreq_Value,PLLQoutputFreq_Value,PLLSAIN,PLLSAIPCLKFreq_Value,PLLSAIQCLKFreq_Value,PLLSAIRCLKFreq_Value,PLLSAIoutputFreq_Value,RTCFreq_Value,RTCHSEDivFreq_Value,SAI1Freq_Value,SAI2Freq_Value,SAI_AClocksFreq_Value,SAI_BClocksFreq_Value,SDMMCFreq_Value,SPDIFRXFreq_Value,SYSCLKFreq_VALUE,SYSCLKSource,UART4Freq_Value,UART5Freq_Value,UART7Freq_Value,UART8Freq_Value,USART1Freq_Value,USART2Freq_Value,USART3Freq_Value,USART6Freq_Value,USBFreq_Value,VCOI2SOutputFreq_Value,VCOInputFreq_Value,VCOOutputFreq_Value,VCOSAIOutputFreq_Value,VCOSAIOutputFreq_ValueQ,VcooutputI2S,VcooutputI2SQ
ProjectManager.AskForMigrate=true
Mcu.Name=STM32F427Z(G-I)Tx
PE0.Signal=FMC_NBL0
PE12.Signal=FMC_D9_DA9
PD14.Signal=FMC_D0_DA0
Mcu.IP6=USB_DEVICE
Mcu.IP7=USB_OTG_HS
ProjectManager.CoupleFile=false
RCC.48MHZClocksFreq_Value=48000000
PB3.Signal=SPI1_SCK
RCC.SYSCLKFreq_VALUE=168000000
PA7.GPIO_Label=FLASH_MOSI
PA1.Locked=true
KeepUserPlacement=false
PC5.GPIO_Label=FLASH_nCS
VP_IWDG_VS_IWDG.Signal=IWDG_VS_IWDG
PA14.Signal=SYS_JTCK-SWCLK
RCC.HSI_VALUE=16000000
RCC.PLLQ=7
RCC.PLLM=25
RCC.PLLN=336
PB2/BOOT1.Locked=true
IWDG.Prescaler=IWDG_PRESCALER_128
PB8.Signal=GPIO_Input
SH.FMC_D8_DA8.ConfNb=1
RCC.APB1Freq_Value=42000000
ProjectManager.DeviceId=STM32F427ZITx
ProjectManager.LibraryCopy=0
PA7.Signal=SPI1_MOSI
