#MicroXplorer Configuration settings - do not modify
ADC3.Channel-31\#ChannelRegularConversion=ADC_CHANNEL_13
ADC3.Channel-32\#ChannelRegularConversion=ADC_CHANNEL_12
ADC3.Channel-33\#ChannelRegularConversion=ADC_CHANNEL_11
ADC3.Channel-34\#ChannelRegularConversion=ADC_CHANNEL_8
ADC3.Channel-35\#ChannelRegularConversion=ADC_CHANNEL_2
ADC3.Channel-36\#ChannelRegularConversion=ADC_CHANNEL_3
ADC3.ClockPrescaler=ADC_CLOCK_SYNC_PCLK_DIV8
ADC3.ContinuousConvMode=ENABLE
ADC3.DMAContinuousRequests=ENABLE
ADC3.DataAlign=ADC_DATAALIGN_RIGHT
ADC3.DiscontinuousConvMode=DISABLE
ADC3.EOCSelection=ADC_EOC_SEQ_CONV
ADC3.EnableAnalogWatchDog=false
ADC3.ExternalTrigConv=ADC_SOFTWARE_START
ADC3.ExternalTrigConvEdge=ADC_EXTERNALTRIGCONVEDGE_NONE
ADC3.IPParameters=Rank-31\#ChannelRegularConversion,Channel-31\#ChannelRegularConversion,SamplingTime-31\#ChannelRegularConversion,NbrOfConversionFlag,ScanConvMode,ContinuousConvMode,DMAContinuousRequests,EOCSelection,InjNumberOfConversion,EnableAnalogWatchDog,ExternalTrigConv,Rank-32\#ChannelRegularConversion,Channel-32\#ChannelRegularConversion,SamplingTime-32\#ChannelRegularConversion,Rank-33\#ChannelRegularConversion,Channel-33\#ChannelRegularConversion,SamplingTime-33\#ChannelRegularConversion,Rank-34\#ChannelRegularConversion,Channel-34\#ChannelRegularConversion,SamplingTime-34\#ChannelRegularConversion,NbrOfConversion,ClockPrescaler,Resolution,DataAlign,DiscontinuousConvMode,ExternalTrigConvEdge,Rank-35\#ChannelRegularConversion,Channel-35\#ChannelRegularConversion,SamplingTime-35\#ChannelRegularConversion,Rank-36\#ChannelRegularConversion,Channel-36\#ChannelRegularConversion,SamplingTime-36\#ChannelRegularConversion
ADC3.InjNumberOfConversion=0
ADC3.NbrOfConversion=6
ADC3.NbrOfConversionFlag=1
ADC3.Rank-31\#ChannelRegularConversion=1
ADC3.Rank-32\#ChannelRegularConversion=2
ADC3.Rank-33\#ChannelRegularConversion=3
ADC3.Rank-34\#ChannelRegularConversion=4
ADC3.Rank-35\#ChannelRegularConversion=5
ADC3.Rank-36\#ChannelRegularConversion=6
ADC3.Resolution=ADC_RESOLUTION_12B
ADC3.SamplingTime-31\#ChannelRegularConversion=ADC_SAMPLETIME_144CYCLES
ADC3.SamplingTime-32\#ChannelRegularConversion=ADC_SAMPLETIME_144CYCLES
ADC3.SamplingTime-33\#ChannelRegularConversion=ADC_SAMPLETIME_144CYCLES
ADC3.SamplingTime-34\#ChannelRegularConversion=ADC_SAMPLETIME_144CYCLES
ADC3.SamplingTime-35\#ChannelRegularConversion=ADC_SAMPLETIME_144CYCLES
ADC3.SamplingTime-36\#ChannelRegularConversion=ADC_SAMPLETIME_144CYCLES
ADC3.ScanConvMode=ENABLE
Dma.ADC3.0.Direction=DMA_PERIPH_TO_MEMORY
Dma.ADC3.0.FIFOMode=DMA_FIFOMODE_DISABLE
Dma.ADC3.0.Instance=DMA2_Stream1
Dma.ADC3.0.MemDataAlignment=DMA_MDATAALIGN_HALFWORD
Dma.ADC3.0.MemInc=DMA_MINC_ENABLE
Dma.ADC3.0.Mode=DMA_CIRCULAR
Dma.ADC3.0.PeriphDataAlignment=DMA_PDATAALIGN_HALFWORD
Dma.ADC3.0.PeriphInc=DMA_PINC_DISABLE
Dma.ADC3.0.Priority=DMA_PRIORITY_LOW
Dma.ADC3.0.RequestParameters=Instance,Direction,PeriphInc,MemInc,PeriphDataAlignment,MemDataAlignment,Mode,Priority,FIFOMode
Dma.Request0=ADC3
Dma.Request1=SAI1_A
Dma.Request2=SAI1_B
Dma.RequestsNb=3
Dma.SAI1_A.1.Direction=DMA_MEMORY_TO_PERIPH
Dma.SAI1_A.1.FIFOMode=DMA_FIFOMODE_DISABLE
Dma.SAI1_A.1.Instance=DMA2_Stream3
Dma.SAI1_A.1.MemDataAlignment=DMA_MDATAALIGN_WORD
Dma.SAI1_A.1.MemInc=DMA_MINC_ENABLE
Dma.SAI1_A.1.Mode=DMA_CIRCULAR
Dma.SAI1_A.1.PeriphDataAlignment=DMA_PDATAALIGN_WORD
Dma.SAI1_A.1.PeriphInc=DMA_PINC_DISABLE
Dma.SAI1_A.1.Priority=DMA_PRIORITY_VERY_HIGH
Dma.SAI1_A.1.RequestParameters=Instance,Direction,PeriphInc,MemInc,PeriphDataAlignment,MemDataAlignment,Mode,Priority,FIFOMode
Dma.SAI1_B.2.Direction=DMA_PERIPH_TO_MEMORY
Dma.SAI1_B.2.FIFOMode=DMA_FIFOMODE_DISABLE
Dma.SAI1_B.2.Instance=DMA2_Stream4
Dma.SAI1_B.2.MemDataAlignment=DMA_MDATAALIGN_WORD
Dma.SAI1_B.2.MemInc=DMA_MINC_ENABLE
Dma.SAI1_B.2.Mode=DMA_CIRCULAR
Dma.SAI1_B.2.PeriphDataAlignment=DMA_PDATAALIGN_WORD
Dma.SAI1_B.2.PeriphInc=DMA_PINC_DISABLE
Dma.SAI1_B.2.Priority=DMA_PRIORITY_VERY_HIGH
Dma.SAI1_B.2.RequestParameters=Instance,Direction,PeriphInc,MemInc,PeriphDataAlignment,MemDataAlignment,Mode,Priority,FIFOMode
FMC.CASLatency1=FMC_SDRAM_CAS_LATENCY_3
FMC.ExitSelfRefreshDelay1=6
FMC.IPParameters=ReadPipeDelay1,ReadBurst1,ReadBurst2,SDClockPeriod1,SDClockPeriod2,CASLatency1,LoadToActiveDelay1,ExitSelfRefreshDelay1,SelfRefreshTime1,RowCycleDelay1,RowCycleDelay2,WriteRecoveryTime1,RPDelay1,RPDelay2,RCDDelay1
FMC.LoadToActiveDelay1=2
FMC.RCDDelay1=2
FMC.RPDelay1=2
FMC.RPDelay2=2
FMC.ReadBurst1=FMC_SDRAM_RBURST_ENABLE
FMC.ReadBurst2=FMC_SDRAM_RBURST_ENABLE
FMC.ReadPipeDelay1=FMC_SDRAM_RPIPE_DELAY_0
FMC.RowCycleDelay1=6
FMC.RowCycleDelay2=6
FMC.SDClockPeriod1=FMC_SDRAM_CLOCK_PERIOD_2
FMC.SDClockPeriod2=FMC_SDRAM_CLOCK_PERIOD_2
FMC.SelfRefreshTime1=4
FMC.WriteRecoveryTime1=2
FREERTOS.FootprintOK=true
FREERTOS.INCLUDE_vTaskDelayUntil=1
FREERTOS.IPParameters=Tasks01,configUSE_PREEMPTION,configENABLE_BACKWARD_COMPATIBILITY,configUSE_MUTEXES,FootprintOK,MEMORY_ALLOCATION,configUSE_MALLOC_FAILED_HOOK,configCHECK_FOR_STACK_OVERFLOW,INCLUDE_vTaskDelayUntil,configTOTAL_HEAP_SIZE
FREERTOS.MEMORY_ALLOCATION=2
FREERTOS.Tasks01=defaultTask,0,128,StartDefaultTask,Default,NULL
FREERTOS.configCHECK_FOR_STACK_OVERFLOW=2
FREERTOS.configENABLE_BACKWARD_COMPATIBILITY=0
FREERTOS.configTOTAL_HEAP_SIZE=8192
FREERTOS.configUSE_MALLOC_FAILED_HOOK=1
FREERTOS.configUSE_MUTEXES=0
FREERTOS.configUSE_PREEMPTION=0
File.Version=6
GPIO.groupedBy=Group By Peripherals
KeepUserPlacement=false
Mcu.Family=STM32F4
Mcu.IP0=ADC3
Mcu.IP1=DMA
Mcu.IP10=SYS
Mcu.IP11=TIM4
Mcu.IP12=USB_OTG_FS
Mcu.IP13=USB_OTG_HS
Mcu.IP2=FMC
Mcu.IP3=FREERTOS
Mcu.IP4=NVIC
Mcu.IP5=RCC
Mcu.IP6=RTC
Mcu.IP7=SAI1
Mcu.IP8=SPI1
Mcu.IP9=SPI4
Mcu.IPNb=14
Mcu.Name=STM32F427Z(G-I)Tx
Mcu.Package=LQFP144
Mcu.Pin0=PE2
Mcu.Pin1=PE3
Mcu.Pin10=PF4
Mcu.Pin11=PF5
Mcu.Pin12=PF7
Mcu.Pin13=PF8
Mcu.Pin14=PF10
Mcu.Pin15=PH0/OSC_IN
Mcu.Pin16=PH1/OSC_OUT
Mcu.Pin17=PC0
Mcu.Pin18=PC1
Mcu.Pin19=PC2
Mcu.Pin2=PE4
Mcu.Pin20=PC3
Mcu.Pin21=PA1
Mcu.Pin22=PA2
Mcu.Pin23=PA3
Mcu.Pin24=PA6
Mcu.Pin25=PA7
Mcu.Pin26=PC4
Mcu.Pin27=PC5
Mcu.Pin28=PB0
Mcu.Pin29=PB2/BOOT1
Mcu.Pin3=PE5
Mcu.Pin30=PF11
Mcu.Pin31=PF12
Mcu.Pin32=PF13
Mcu.Pin33=PF14
Mcu.Pin34=PF15
Mcu.Pin35=PG0
Mcu.Pin36=PG1
Mcu.Pin37=PE7
Mcu.Pin38=PE8
Mcu.Pin39=PE9
Mcu.Pin4=PE6
Mcu.Pin40=PE10
Mcu.Pin41=PE11
Mcu.Pin42=PE12
Mcu.Pin43=PE13
Mcu.Pin44=PE14
Mcu.Pin45=PE15
Mcu.Pin46=PB10
Mcu.Pin47=PB11
Mcu.Pin48=PB13
Mcu.Pin49=PB14
Mcu.Pin5=PC15/OSC32_OUT
Mcu.Pin50=PB15
Mcu.Pin51=PD8
Mcu.Pin52=PD9
Mcu.Pin53=PD10
Mcu.Pin54=PD14
Mcu.Pin55=PD15
Mcu.Pin56=PG4
Mcu.Pin57=PG5
Mcu.Pin58=PG8
Mcu.Pin59=PA9
Mcu.Pin6=PF0
Mcu.Pin60=PA11
Mcu.Pin61=PA12
Mcu.Pin62=PA13
Mcu.Pin63=PA14
Mcu.Pin64=PD0
Mcu.Pin65=PD1
Mcu.Pin66=PD2
Mcu.Pin67=PD6
Mcu.Pin68=PG9
Mcu.Pin69=PG10
Mcu.Pin7=PF1
Mcu.Pin70=PG15
Mcu.Pin71=PB3
Mcu.Pin72=PB5
Mcu.Pin73=PB6
Mcu.Pin74=PB8
Mcu.Pin75=PB9
Mcu.Pin76=PE0
Mcu.Pin77=PE1
Mcu.Pin78=VP_FREERTOS_VS_CMSIS_V1
Mcu.Pin79=VP_RTC_VS_RTC_Activate
Mcu.Pin8=PF2
Mcu.Pin80=VP_SYS_VS_Systick
Mcu.Pin9=PF3
Mcu.PinsNb=81
Mcu.ThirdPartyNb=0
Mcu.UserConstants=
Mcu.UserName=STM32F427ZITx
MxCube.Version=6.3.0
MxDb.Version=DB.6.0.30
NVIC.ADC_IRQn=true\:10\:0\:true\:false\:true\:true\:true\:true
NVIC.BusFault_IRQn=true\:0\:0\:false\:false\:false\:false\:true\:false
NVIC.DMA2_Stream1_IRQn=true\:10\:0\:true\:false\:true\:false\:true\:true
NVIC.DMA2_Stream3_IRQn=true\:5\:0\:false\:false\:true\:false\:false\:true
NVIC.DMA2_Stream4_IRQn=true\:5\:0\:true\:false\:true\:false\:true\:true
NVIC.DebugMonitor_IRQn=true\:0\:0\:false\:false\:false\:false\:true\:false
NVIC.EXTI15_10_IRQn=true\:15\:0\:true\:false\:true\:true\:true\:true
NVIC.EXTI1_IRQn=true\:15\:0\:true\:false\:true\:true\:true\:true
NVIC.EXTI2_IRQn=true\:15\:0\:true\:false\:true\:false\:true\:true
NVIC.EXTI9_5_IRQn=true\:15\:0\:true\:false\:true\:false\:true\:true
NVIC.ForceEnableDMAVector=true
NVIC.HardFault_IRQn=true\:0\:0\:false\:false\:false\:false\:true\:false
NVIC.MemoryManagement_IRQn=true\:0\:0\:false\:false\:false\:false\:true\:false
NVIC.NonMaskableInt_IRQn=true\:0\:0\:false\:false\:false\:false\:true\:false
NVIC.OTG_FS_IRQn=true\:5\:0\:false\:false\:true\:true\:true\:true
NVIC.OTG_HS_IRQn=true\:5\:0\:false\:false\:true\:true\:true\:true
NVIC.PendSV_IRQn=true\:15\:0\:false\:false\:false\:true\:true\:false
NVIC.PriorityGroup=NVIC_PRIORITYGROUP_4
NVIC.SAI1_IRQn=true\:5\:0\:true\:false\:true\:false\:true\:true
NVIC.SVCall_IRQn=true\:0\:0\:false\:false\:false\:false\:true\:false
NVIC.SavedPendsvIrqHandlerGenerated=true
NVIC.SavedSvcallIrqHandlerGenerated=true
NVIC.SavedSystickIrqHandlerGenerated=true
NVIC.SysTick_IRQn=true\:15\:0\:false\:false\:true\:true\:true\:true
NVIC.UsageFault_IRQn=true\:0\:0\:false\:false\:false\:false\:true\:false
PA1.GPIOParameters=GPIO_PuPd,GPIO_Label,GPIO_ModeDefaultEXTI
PA1.GPIO_Label=FOOTSWITCH
PA1.GPIO_ModeDefaultEXTI=GPIO_MODE_IT_RISING_FALLING
PA1.GPIO_PuPd=GPIO_NOPULL
PA1.Locked=true
PA1.Signal=GPXTI1
PA11.GPIOParameters=GPIO_Label
PA11.GPIO_Label=USBD_DM
PA11.Mode=Device_Only
PA11.Signal=USB_OTG_FS_DM
PA12.GPIOParameters=GPIO_Label
PA12.GPIO_Label=USBD_DP
PA12.Mode=Device_Only
PA12.Signal=USB_OTG_FS_DP
PA13.Mode=Serial_Wire
PA13.Signal=SYS_JTMS-SWDIO
PA14.Mode=Serial_Wire
PA14.Signal=SYS_JTCK-SWCLK
PA2.Locked=true
PA2.Signal=ADCx_IN2
PA3.GPIOParameters=GPIO_Label
PA3.GPIO_Label=EXP
PA3.Signal=ADCx_IN3
PA6.GPIOParameters=GPIO_Label
PA6.GPIO_Label=FLASH_MISO
PA6.Mode=Full_Duplex_Master
PA6.Signal=SPI1_MISO
PA7.GPIOParameters=GPIO_Label
PA7.GPIO_Label=FLASH_MOSI
PA7.Mode=Full_Duplex_Master
PA7.Signal=SPI1_MOSI
PA9.GPIOParameters=GPIO_Label
PA9.GPIO_Label=USBD_VBUS
PA9.Mode=Activate_VBUS
PA9.Signal=USB_OTG_FS_VBUS
PB0.GPIOParameters=GPIO_Label
PB0.GPIO_Label=FLASH_WP
PB0.Locked=true
PB0.Signal=GPIO_Output
PB10.GPIOParameters=GPIO_Label
PB10.GPIO_Label=CS_nCS
PB10.Locked=true
PB10.Signal=GPIO_Output
PB11.GPIOParameters=GPIO_Label
PB11.GPIO_Label=CS_nRST
PB11.Locked=true
PB11.Signal=GPIO_Output
PB13.Mode=Activate_VBUS_FS
PB13.Signal=USB_OTG_HS_VBUS
PB14.Mode=Device_Only_FS
PB14.Signal=USB_OTG_HS_DM
PB15.Mode=Device_Only_FS
PB15.Signal=USB_OTG_HS_DP
PB2/BOOT1.GPIOParameters=GPIO_Label
PB2/BOOT1.GPIO_Label=EXP_TIP
PB2/BOOT1.Locked=true
PB2/BOOT1.Signal=GPIO_Output
PB3.GPIOParameters=GPIO_Label
PB3.GPIO_Label=FLASH_SCK
PB3.Locked=true
PB3.Mode=Full_Duplex_Master
PB3.Signal=SPI1_SCK
PB5.Mode=SdramChipSelect2_1
PB5.Signal=FMC_SDCKE1
PB6.Mode=SdramChipSelect2_1
PB6.Signal=FMC_SDNE1
PB8.GPIOParameters=GPIO_Speed
PB8.GPIO_Speed=GPIO_SPEED_FREQ_HIGH
PB8.Signal=S_TIM4_CH3
PB9.GPIOParameters=GPIO_Speed
PB9.GPIO_Speed=GPIO_SPEED_FREQ_HIGH
PB9.Signal=S_TIM4_CH4
PC0.Signal=FMC_SDNWE
PC1.GPIOParameters=GPIO_Label
PC1.GPIO_Label=ADC3
PC1.Locked=true
PC1.Signal=ADCx_IN11
PC15/OSC32_OUT.GPIOParameters=GPIO_Label
PC15/OSC32_OUT.GPIO_Label=EXTSPI_nCS
PC15/OSC32_OUT.Locked=true
PC15/OSC32_OUT.Signal=GPIO_Output
PC2.GPIOParameters=GPIO_Label
PC2.GPIO_Label=ADC2
PC2.Locked=true
PC2.Signal=ADCx_IN12
PC3.GPIOParameters=GPIO_Label
PC3.GPIO_Label=ADC1
PC3.Locked=true
PC3.Signal=ADCx_IN13
PC4.GPIOParameters=GPIO_Label
PC4.GPIO_Label=FLASH_HOLD
PC4.Locked=true
PC4.Signal=GPIO_Output
PC5.GPIOParameters=GPIO_Label
PC5.GPIO_Label=FLASH_nCS
PC5.Locked=true
PC5.Signal=GPIO_Output
PD0.Signal=FMC_D2_DA2
PD1.Signal=FMC_D3_DA3
PD10.Signal=FMC_D15_DA15
PD14.Signal=FMC_D0_DA0
PD15.Signal=FMC_D1_DA1
PD2.GPIOParameters=GPIO_PuPd,GPIO_Label,GPIO_ModeDefaultEXTI
PD2.GPIO_Label=SW1
PD2.GPIO_ModeDefaultEXTI=GPIO_MODE_IT_RISING_FALLING
PD2.GPIO_PuPd=GPIO_PULLUP
PD2.Locked=true
PD2.Signal=GPXTI2
PD6.GPIOParameters=GPIO_Label
PD6.GPIO_Label=CS_SDIN
PD6.Mode=SAI_A_AsyncSlave
PD6.Signal=SAI1_SD_A
PD8.Signal=FMC_D13_DA13
PD9.Signal=FMC_D14_DA14
PE0.Signal=FMC_NBL0
PE1.Signal=FMC_NBL1
PE10.Signal=FMC_D7_DA7
PE11.Signal=FMC_D8_DA8
PE12.Signal=FMC_D9_DA9
PE13.Signal=FMC_D10_DA10
PE14.Signal=FMC_D11_DA11
PE15.Signal=FMC_D12_DA12
PE2.GPIOParameters=GPIO_Label
PE2.GPIO_Label=CS_SCK
PE2.Mode=TX_Only_Simplex_Unidirect_Master
PE2.Signal=SPI4_SCK
PE3.GPIOParameters=GPIO_Label
PE3.GPIO_Label=CS_SDOUT
PE3.Mode=SAI_B_SyncSlave
PE3.Signal=SAI1_SD_B
PE4.GPIOParameters=GPIO_Label
PE4.GPIO_Label=CS_LRCK
PE4.Mode=SAI_A_AsyncSlave
PE4.Signal=SAI1_FS_A
PE5.GPIOParameters=GPIO_Label
PE5.GPIO_Label=CS_SCK
PE5.Mode=SAI_A_AsyncSlave
PE5.Signal=SAI1_SCK_A
PE6.GPIOParameters=GPIO_Label
PE6.GPIO_Label=CS_SDA
PE6.Mode=TX_Only_Simplex_Unidirect_Master
PE6.Signal=SPI4_MOSI
PE7.Signal=FMC_D4_DA4
PE8.Signal=FMC_D5_DA5
PE9.Signal=FMC_D6_DA6
PF0.Signal=FMC_A0
PF1.Signal=FMC_A1
PF10.GPIOParameters=GPIO_Label
PF10.GPIO_Label=ADC4
PF10.Locked=true
PF10.Mode=IN8
PF10.Signal=ADC3_IN8
PF11.Signal=FMC_SDNRAS
PF12.Signal=FMC_A6
PF13.Signal=FMC_A7
PF14.Signal=FMC_A8
PF15.Signal=FMC_A9
PF2.Signal=FMC_A2
PF3.Signal=FMC_A3
PF4.Signal=FMC_A4
PF5.Signal=FMC_A5
PF7.GPIOParameters=GPIO_PuPd,GPIO_Label,GPIO_ModeDefaultEXTI
PF7.GPIO_Label=EXP2_T
PF7.GPIO_ModeDefaultEXTI=GPIO_MODE_IT_RISING_FALLING
PF7.GPIO_PuPd=GPIO_PULLUP
PF7.Locked=true
PF7.Signal=GPXTI7
PF8.GPIOParameters=GPIO_PuPd,GPIO_Label,GPIO_ModeDefaultEXTI
PF8.GPIO_Label=EXP2_R
PF8.GPIO_ModeDefaultEXTI=GPIO_MODE_IT_RISING_FALLING
PF8.GPIO_PuPd=GPIO_PULLUP
PF8.Locked=true
PF8.Signal=GPXTI8
PG0.Signal=FMC_A10
PG1.Signal=FMC_A11
PG10.GPIOParameters=GPIO_PuPd,GPIO_Label,GPIO_ModeDefaultEXTI
PG10.GPIO_Label=SW1_ALT
PG10.GPIO_ModeDefaultEXTI=GPIO_MODE_IT_RISING_FALLING
PG10.GPIO_PuPd=GPIO_PULLUP
PG10.Locked=true
PG10.Signal=GPXTI10
PG15.Signal=FMC_SDNCAS
PG4.Signal=FMC_A14_BA0
PG5.Signal=FMC_A15_BA1
PG8.Signal=FMC_SDCLK
PG9.GPIOParameters=GPIO_PuPd,GPIO_Label,GPIO_ModeDefaultEXTI
PG9.GPIO_Label=SW2
PG9.GPIO_ModeDefaultEXTI=GPIO_MODE_IT_RISING_FALLING
PG9.GPIO_PuPd=GPIO_PULLUP
PG9.Locked=true
PG9.Signal=GPXTI9
PH0/OSC_IN.Mode=HSE-External-Oscillator
PH0/OSC_IN.Signal=RCC_OSC_IN
PH1/OSC_OUT.Mode=HSE-External-Oscillator
PH1/OSC_OUT.Signal=RCC_OSC_OUT
PinOutPanel.RotationAngle=0
ProjectManager.AskForMigrate=true
ProjectManager.BackupPrevious=false
ProjectManager.CompilerOptimize=6
ProjectManager.ComputerToolchain=false
ProjectManager.CoupleFile=false
ProjectManager.CustomerFirmwarePackage=
ProjectManager.DefaultFWLocation=true
ProjectManager.DeletePrevious=true
ProjectManager.DeviceId=STM32F427ZITx
ProjectManager.FirmwarePackage=STM32Cube FW_F4 V1.26.2
ProjectManager.FreePins=true
ProjectManager.HalAssertFull=true
ProjectManager.HeapSize=0x200
ProjectManager.KeepUserCode=true
ProjectManager.LastFirmware=true
ProjectManager.LibraryCopy=2
ProjectManager.MainLocation=Src
ProjectManager.NoMain=false
ProjectManager.PreviousToolchain=
ProjectManager.ProjectBuild=false
ProjectManager.ProjectFileName=OwlPedal2.ioc
ProjectManager.ProjectName=OwlPedal2
ProjectManager.RegisterCallBack=
ProjectManager.StackSize=0x400
ProjectManager.TargetToolchain=Other Toolchains (GPDSC)
ProjectManager.ToolChainLocation=
ProjectManager.UnderRoot=false
ProjectManager.functionlistsort=1-MX_GPIO_Init-GPIO-false-HAL-true,2-MX_DMA_Init-DMA-false-HAL-true,3-MX_ADC3_Init-ADC3-false-HAL-true,4-MX_FMC_Init-FMC-false-HAL-true,5-MX_SAI1_Init-SAI1-false-HAL-true,6-MX_SPI1_Init-SPI1-false-HAL-true,7-MX_SPI4_Init-SPI4-false-HAL-true,8-SystemClock_Config-RCC-false-HAL-true,9-MX_RTC_Init-RTC-false-HAL-true,10-MX_USB_OTG_HS_PCD_Init-USB_OTG_HS-false-HAL-true,11-MX_USB_OTG_FS_PCD_Init-USB_OTG_FS-false-HAL-true,12-MX_TIM4_Init-TIM4-false-HAL-true
RCC.48MHZClocksFreq_Value=48000000
RCC.AHBFreq_Value=168000000
RCC.APB1CLKDivider=RCC_HCLK_DIV4
RCC.APB1Freq_Value=42000000
RCC.APB1TimFreq_Value=84000000
RCC.APB2CLKDivider=RCC_HCLK_DIV2
RCC.APB2Freq_Value=84000000
RCC.APB2TimFreq_Value=168000000
RCC.CECFreq_Value=32786.88524590164
RCC.CortexFreq_Value=168000000
RCC.EthernetFreq_Value=168000000
RCC.FCLKCortexFreq_Value=168000000
RCC.FamilyName=M
RCC.HCLKFreq_Value=168000000
RCC.HSE_VALUE=25000000
RCC.HSI_VALUE=16000000
RCC.I2C1Freq_Value=54000000
RCC.I2C2Freq_Value=54000000
RCC.I2C3Freq_Value=54000000
RCC.I2C4Freq_Value=54000000
RCC.I2SClocksFreq_Value=96000000
RCC.I2SFreq_Value=96000000
RCC.IPParameters=48MHZClocksFreq_Value,AHBFreq_Value,APB1CLKDivider,APB1Freq_Value,APB1TimFreq_Value,APB2CLKDivider,APB2Freq_Value,APB2TimFreq_Value,CECFreq_Value,CortexFreq_Value,EthernetFreq_Value,FCLKCortexFreq_Value,FamilyName,HCLKFreq_Value,HSE_VALUE,HSI_VALUE,I2C1Freq_Value,I2C2Freq_Value,I2C3Freq_Value,I2C4Freq_Value,I2SClocksFreq_Value,I2SFreq_Value,LCDTFToutputFreq_Value,LPTIM1Freq_Value,LSE_VALUE,LSI_VALUE,MCO2PinFreq_Value,PLLCLKFreq_Value,PLLI2SPCLKFreq_Value,PLLI2SQCLKFreq_Value,PLLI2SRCLKFreq_Value,PLLI2SRoutputFreq_Value,PLLM,PLLN,PLLQ,PLLQCLKFreq_Value,PLLQoutputFreq_Value,PLLSAIN,PLLSAIPCLKFreq_Value,PLLSAIQCLKFreq_Value,PLLSAIRCLKFreq_Value,PLLSAIoutputFreq_Value,RTCFreq_Value,RTCHSEDivFreq_Value,SAI1Freq_Value,SAI2Freq_Value,SAI_AClocksFreq_Value,SAI_BClocksFreq_Value,SDMMCFreq_Value,SPDIFRXFreq_Value,SYSCLKFreq_VALUE,SYSCLKSource,UART4Freq_Value,UART5Freq_Value,UART7Freq_Value,UART8Freq_Value,USART1Freq_Value,USART2Freq_Value,USART3Freq_Value,USART6Freq_Value,USBFreq_Value,VCOI2SOutputFreq_Value,VCOInputFreq_Value,VCOOutputFreq_Value,VCOSAIOutputFreq_Value,VCOSAIOutputFreq_ValueQ,VcooutputI2S,VcooutputI2SQ
RCC.LCDTFToutputFreq_Value=25000000
RCC.LPTIM1Freq_Value=54000000
RCC.LSE_VALUE=32768
RCC.LSI_VALUE=32000
RCC.MCO2PinFreq_Value=168000000
RCC.PLLCLKFreq_Value=168000000
RCC.PLLI2SPCLKFreq_Value=96000000
RCC.PLLI2SQCLKFreq_Value=96000000
RCC.PLLI2SRCLKFreq_Value=96000000
RCC.PLLI2SRoutputFreq_Value=96000000
RCC.PLLM=25
RCC.PLLN=336
RCC.PLLQ=7
RCC.PLLQCLKFreq_Value=48000000
RCC.PLLQoutputFreq_Value=48000000
RCC.PLLSAIN=100
RCC.PLLSAIPCLKFreq_Value=50000000
RCC.PLLSAIQCLKFreq_Value=50000000
RCC.PLLSAIRCLKFreq_Value=50000000
RCC.PLLSAIoutputFreq_Value=50000000
RCC.RTCFreq_Value=32000
RCC.RTCHSEDivFreq_Value=12500000
RCC.SAI1Freq_Value=50000000
RCC.SAI2Freq_Value=50000000
RCC.SAI_AClocksFreq_Value=25000000
RCC.SAI_BClocksFreq_Value=25000000
RCC.SDMMCFreq_Value=216000000
RCC.SPDIFRXFreq_Value=96000000
RCC.SYSCLKFreq_VALUE=168000000
RCC.SYSCLKSource=RCC_SYSCLKSOURCE_PLLCLK
RCC.UART4Freq_Value=54000000
RCC.UART5Freq_Value=54000000
RCC.UART7Freq_Value=54000000
RCC.UART8Freq_Value=54000000
RCC.USART1Freq_Value=108000000
RCC.USART2Freq_Value=54000000
RCC.USART3Freq_Value=54000000
RCC.USART6Freq_Value=108000000
RCC.USBFreq_Value=48000000
RCC.VCOI2SOutputFreq_Value=192000000
RCC.VCOInputFreq_Value=1000000
RCC.VCOOutputFreq_Value=336000000
RCC.VCOSAIOutputFreq_Value=100000000
RCC.VCOSAIOutputFreq_ValueQ=25000000
RCC.VcooutputI2S=96000000
RCC.VcooutputI2SQ=96000000
SAI1.AudioMode-SAI_A_AsyncSlave=SAI_MODESLAVE_TX
SAI1.AudioMode-SAI_B_SyncSlave=SAI_MODESLAVE_RX
SAI1.DataSize-SAI_A_AsyncSlave=SAI_DATASIZE_24
SAI1.FSDefinition-SAI_A_AsyncSlave=SAI_FS_CHANNEL_IDENTIFICATION
SAI1.FSDefinition-SAI_B_SyncSlave=SAI_FS_CHANNEL_IDENTIFICATION
SAI1.FrameLength-SAI_A_AsyncSlave=64
SAI1.FrameLength-SAI_B_SyncSlave=64
SAI1.IPParameters=Instance-SAI_A_AsyncSlave,VirtualMode-SAI_A_AsyncSlave,Instance-SAI_B_SyncSlave,VirtualMode-SAI_B_SyncSlave,Synchro-SAI_B_SyncSlave,FrameLength-SAI_B_SyncSlave,SlotSize-SAI_B_SyncSlave,AudioMode-SAI_B_SyncSlave,AudioMode-SAI_A_AsyncSlave,DataSize-SAI_A_AsyncSlave,FrameLength-SAI_A_AsyncSlave,SlotSize-SAI_A_AsyncSlave,SlotNumber-SAI_A_AsyncSlave,FSDefinition-SAI_A_AsyncSlave,FSDefinition-SAI_B_SyncSlave,Synchro-SAI_A_AsyncSlave,Synchro_A,Synchro_B
SAI1.Instance-SAI_A_AsyncSlave=SAI$Index_Block_A
SAI1.Instance-SAI_B_SyncSlave=SAI$Index_Block_B
SAI1.SlotNumber-SAI_A_AsyncSlave=2
SAI1.SlotSize-SAI_A_AsyncSlave=SAI_SLOTSIZE_32B
SAI1.SlotSize-SAI_B_SyncSlave=SAI_SLOTSIZE_32B
SAI1.Synchro-SAI_A_AsyncSlave=SAI_ASYNCHRONOUS
SAI1.Synchro-SAI_B_SyncSlave=SAI_SYNCHRONOUS
SAI1.Synchro_A=SAI_ASYNCHRONOUS
SAI1.Synchro_B=SAI_SYNCHRONOUS
SAI1.VirtualMode-SAI_A_AsyncSlave=VM_SLAVE
SAI1.VirtualMode-SAI_B_SyncSlave=VM_SLAVE
SH.ADCx_IN11.0=ADC3_IN11,IN11
SH.ADCx_IN11.1=ADC1_IN11
SH.ADCx_IN11.ConfNb=2
SH.ADCx_IN12.0=ADC3_IN12,IN12
SH.ADCx_IN12.1=ADC1_IN12
SH.ADCx_IN12.ConfNb=2
SH.ADCx_IN13.0=ADC3_IN13,IN13
SH.ADCx_IN13.1=ADC1_IN13
SH.ADCx_IN13.ConfNb=2
SH.ADCx_IN2.0=ADC3_IN2,IN2
SH.ADCx_IN2.ConfNb=1
SH.ADCx_IN3.0=ADC3_IN3,IN3
SH.ADCx_IN3.ConfNb=1
SH.FMC_A0.0=FMC_A0,12b-sda1
SH.FMC_A0.ConfNb=1
SH.FMC_A1.0=FMC_A1,12b-sda1
SH.FMC_A1.ConfNb=1
SH.FMC_A10.0=FMC_A10,12b-sda1
SH.FMC_A10.ConfNb=1
SH.FMC_A11.0=FMC_A11,12b-sda1
SH.FMC_A11.ConfNb=1
SH.FMC_A14_BA0.0=FMC_BA0,FourSdramBanks1
SH.FMC_A14_BA0.ConfNb=1
SH.FMC_A15_BA1.0=FMC_BA1,FourSdramBanks1
SH.FMC_A15_BA1.ConfNb=1
SH.FMC_A2.0=FMC_A2,12b-sda1
SH.FMC_A2.ConfNb=1
SH.FMC_A3.0=FMC_A3,12b-sda1
SH.FMC_A3.ConfNb=1
SH.FMC_A4.0=FMC_A4,12b-sda1
SH.FMC_A4.ConfNb=1
SH.FMC_A5.0=FMC_A5,12b-sda1
SH.FMC_A5.ConfNb=1
SH.FMC_A6.0=FMC_A6,12b-sda1
SH.FMC_A6.ConfNb=1
SH.FMC_A7.0=FMC_A7,12b-sda1
SH.FMC_A7.ConfNb=1
SH.FMC_A8.0=FMC_A8,12b-sda1
SH.FMC_A8.ConfNb=1
SH.FMC_A9.0=FMC_A9,12b-sda1
SH.FMC_A9.ConfNb=1
SH.FMC_D0_DA0.0=FMC_D0,sd-16b-d1
SH.FMC_D0_DA0.ConfNb=1
SH.FMC_D10_DA10.0=FMC_D10,sd-16b-d1
SH.FMC_D10_DA10.ConfNb=1
SH.FMC_D11_DA11.0=FMC_D11,sd-16b-d1
SH.FMC_D11_DA11.ConfNb=1
SH.FMC_D12_DA12.0=FMC_D12,sd-16b-d1
SH.FMC_D12_DA12.ConfNb=1
SH.FMC_D13_DA13.0=FMC_D13,sd-16b-d1
SH.FMC_D13_DA13.ConfNb=1
SH.FMC_D14_DA14.0=FMC_D14,sd-16b-d1
SH.FMC_D14_DA14.ConfNb=1
SH.FMC_D15_DA15.0=FMC_D15,sd-16b-d1
SH.FMC_D15_DA15.ConfNb=1
SH.FMC_D1_DA1.0=FMC_D1,sd-16b-d1
SH.FMC_D1_DA1.ConfNb=1
SH.FMC_D2_DA2.0=FMC_D2,sd-16b-d1
SH.FMC_D2_DA2.ConfNb=1
SH.FMC_D3_DA3.0=FMC_D3,sd-16b-d1
SH.FMC_D3_DA3.ConfNb=1
SH.FMC_D4_DA4.0=FMC_D4,sd-16b-d1
SH.FMC_D4_DA4.ConfNb=1
SH.FMC_D5_DA5.0=FMC_D5,sd-16b-d1
SH.FMC_D5_DA5.ConfNb=1
SH.FMC_D6_DA6.0=FMC_D6,sd-16b-d1
SH.FMC_D6_DA6.ConfNb=1
SH.FMC_D7_DA7.0=FMC_D7,sd-16b-d1
SH.FMC_D7_DA7.ConfNb=1
SH.FMC_D8_DA8.0=FMC_D8,sd-16b-d1
SH.FMC_D8_DA8.ConfNb=1
SH.FMC_D9_DA9.0=FMC_D9,sd-16b-d1
SH.FMC_D9_DA9.ConfNb=1
SH.FMC_NBL0.0=FMC_NBL0,Sd2ByteEnable1
SH.FMC_NBL0.ConfNb=1
SH.FMC_NBL1.0=FMC_NBL1,Sd2ByteEnable1
SH.FMC_NBL1.ConfNb=1
SH.FMC_SDCLK.0=FMC_SDCLK,12b-sda1
SH.FMC_SDCLK.ConfNb=1
SH.FMC_SDNCAS.0=FMC_SDNCAS,12b-sda1
SH.FMC_SDNCAS.ConfNb=1
SH.FMC_SDNRAS.0=FMC_SDNRAS,12b-sda1
SH.FMC_SDNRAS.ConfNb=1
SH.FMC_SDNWE.0=FMC_SDNWE,12b-sda1
SH.FMC_SDNWE.ConfNb=1
SH.GPXTI1.0=GPIO_EXTI1
SH.GPXTI1.ConfNb=1
SH.GPXTI10.0=GPIO_EXTI10
SH.GPXTI10.ConfNb=1
SH.GPXTI2.0=GPIO_EXTI2
SH.GPXTI2.ConfNb=1
SH.GPXTI7.0=GPIO_EXTI7
SH.GPXTI7.ConfNb=1
SH.GPXTI8.0=GPIO_EXTI8
SH.GPXTI8.ConfNb=1
SH.GPXTI9.0=GPIO_EXTI9
SH.GPXTI9.ConfNb=1
SH.S_TIM4_CH3.0=TIM4_CH3,PWM Generation3 CH3
SH.S_TIM4_CH3.ConfNb=1
SH.S_TIM4_CH4.0=TIM4_CH4,PWM Generation4 CH4
SH.S_TIM4_CH4.ConfNb=1
SPI1.CalculateBaudRate=42.0 MBits/s
SPI1.Direction=SPI_DIRECTION_2LINES
SPI1.IPParameters=Mode,CalculateBaudRate,VirtualType,Direction
SPI1.Mode=SPI_MODE_MASTER
SPI1.VirtualType=VM_MASTER
SPI4.BaudRatePrescaler=SPI_BAUDRATEPRESCALER_128
SPI4.CalculateBaudRate=656.25 KBits/s
SPI4.Direction=SPI_DIRECTION_2LINES
SPI4.IPParameters=Mode,CalculateBaudRate,BaudRatePrescaler,VirtualType,Direction
SPI4.Mode=SPI_MODE_MASTER
SPI4.VirtualType=VM_MASTER
TIM4.Channel-PWM\ Generation3\ CH3=TIM_CHANNEL_3
TIM4.Channel-PWM\ Generation4\ CH4=TIM_CHANNEL_4
TIM4.IPParameters=Channel-PWM Generation3 CH3,Channel-PWM Generation4 CH4,Period,Prescaler,OCPolarity_4
TIM4.OCPolarity_4=TIM_OCPOLARITY_LOW
TIM4.Period=1023
TIM4.Prescaler=100
USB_OTG_FS.IPParameters=VirtualMode
USB_OTG_FS.VirtualMode=Device_Only
USB_OTG_HS.IPParameters=VirtualMode-Device_Only_FS
USB_OTG_HS.VirtualMode-Device_Only_FS=Device_Only_FS
VP_FREERTOS_VS_CMSIS_V1.Mode=CMSIS_V1
VP_FREERTOS_VS_CMSIS_V1.Signal=FREERTOS_VS_CMSIS_V1
VP_RTC_VS_RTC_Activate.Mode=RTC_Enabled
VP_RTC_VS_RTC_Activate.Signal=RTC_VS_RTC_Activate
VP_SYS_VS_Systick.Mode=SysTick
VP_SYS_VS_Systick.Signal=SYS_VS_Systick
board=Alchemist
