#MicroXplorer Configuration settings - do not modify
Mcu.Family=STM32L4
Dma.SPI2_TX.2.PeriphInc=DMA_PINC_DISABLE
ProjectManager.MainLocation=Core/Src
Dma.SPI2_TX.2.MemInc=DMA_MINC_ENABLE
RCC.MCOFreq_Value=24000000
Dma.SPI1_TX.1.Priority=DMA_PRIORITY_LOW
PB13.GPIOParameters=GPIO_Label
Dma.SPI1_TX.1.RequestNumber=1
PA6.Mode=Full_Duplex_Master
PA14\ (JTCK/SWCLK).GPIOParameters=GPIO_Label
SPI2.VirtualNSS=VM_NSSHARD
Dma.SPI1_TX.1.EventEnable=DISABLE
Dma.SPI2_TX.2.SyncEnable=DISABLE
RCC.SAI1Freq_Value=4571428.571428572
Dma.SPI1_TX.1.SyncRequestNumber=1
NVIC.DMA1_Channel5_IRQn=true\:0\:0\:false\:false\:true\:true\:true
ProjectManager.KeepUserCode=true
Mcu.UserName=STM32L4P5CETx
SPI1.VirtualType=VM_MASTER
SPI2.VirtualType=VM_MASTER
PH0-OSC_IN\ (PH0).Signal=RCC_OSC_IN
TIM1.IPParameters=Channel-Output Compare2 CH2,Pulse-Output Compare2 CH2,OCMode_2
RCC.PLLCLKFreq_Value=24000000
PB14.GPIO_Label=TLC_SOUT
RCC.PLLSAI1RoutputFreq_Value=16000000
ProjectManager.functionlistsort=1-MX_GPIO_Init-GPIO-false-HAL-true,2-MX_DMA_Init-DMA-false-HAL-true,3-SystemClock_Config-RCC-false-HAL-false,4-MX_SPI1_Init-SPI1-false-HAL-true,5-MX_SPI2_Init-SPI2-false-HAL-true,6-MX_TIM1_Init-TIM1-false-HAL-true,7-MX_USART1_UART_Init-USART1-false-HAL-true
PA9.GPIOParameters=GPIO_Label,GPIO_Speed
PA11.GPIOParameters=GPIO_Label
Dma.SPI1_TX.1.PeriphInc=DMA_PINC_DISABLE
RCC.PLLSAI2QoutputFreq_Value=16000000
Dma.SPI1_TX.1.SignalID=NONE
RCC.ADCFreqValue=12000000
PA6.GPIO_Label=MAX_DOUT
USART1.IPParameters=VirtualMode,VirtualMode-Multiprocessor_communication
PB13.GPIO_Label=TLC_SCLK
PB13.Signal=SPI2_SCK
PB15.Signal=SPI2_MOSI
PinOutPanel.RotationAngle=0
RCC.SYSCLKSource=RCC_SYSCLKSOURCE_PLLCLK
ProjectManager.StackSize=0x400
RCC.PLLSource=RCC_PLLSOURCE_HSE
RCC.VCOInput3Freq_Value=4000000
Dma.SPI1_RX.0.SyncRequestNumber=1
NVIC.DMA1_Channel3_IRQn=true\:0\:0\:false\:false\:true\:true\:true
Mcu.IP4=SPI2
RCC.FCLKCortexFreq_Value=24000000
Mcu.IP5=SYS
NVIC.SVCall_IRQn=true\:0\:0\:false\:false\:false\:true\:false
Mcu.IP2=RCC
Mcu.IP3=SPI1
Mcu.IP0=DMA
PA14\ (JTCK/SWCLK).Signal=SYS_JTCK-SWCLK
Mcu.IP1=NVIC
TIM1.Channel-Output\ Compare2\ CH2=TIM_CHANNEL_2
Mcu.UserConstants=
Dma.SPI1_RX.0.Direction=DMA_PERIPH_TO_MEMORY
RCC.VCOSAI1OutputFreq_Value=32000000
Dma.SPI2_TX.2.SyncSignalID=NONE
RCC.LCDTFTFreq_Value=8000000
RCC.SDMMCFreq_Value=4571428.571428572
Mcu.ThirdPartyNb=0
SPI1.Direction=SPI_DIRECTION_2LINES
RCC.HCLKFreq_Value=24000000
Mcu.IPNb=8
ProjectManager.PreviousToolchain=
RCC.APB2TimFreq_Value=24000000
PB6.Signal=USART1_TX
Dma.SPI2_TX.2.PeriphDataAlignment=DMA_PDATAALIGN_BYTE
PB6.Mode=Multiprocessor_communication
SPI1.CalculateBaudRate=12.0 MBits/s
PA8.GPIOParameters=GPIO_Label
Mcu.Pin6=PB12
RCC.SAI2Freq_Value=4571428.571428572
Mcu.Pin7=PB13
Mcu.Pin8=PB14
Dma.SPI1_TX.1.SyncSignalID=NONE
Mcu.Pin9=PB15
Dma.SPI2_TX.2.Instance=DMA1_Channel5
RCC.AHBFreq_Value=24000000
SPI2.BaudRatePrescaler=SPI_BAUDRATEPRESCALER_2
Mcu.Pin0=PH0-OSC_IN (PH0)
Mcu.Pin1=PH1-OSC_OUT (PH1)
GPIO.groupedBy=
Mcu.Pin2=PA4
Mcu.Pin3=PA5
Mcu.Pin4=PA6
Mcu.Pin5=PA7
Dma.SPI1_TX.1.PeriphDataAlignment=DMA_PDATAALIGN_BYTE
ProjectManager.ProjectBuild=false
PH1-OSC_OUT\ (PH1).Mode=HSE-External-Oscillator
RCC.HSE_VALUE=8000000
NVIC.UsageFault_IRQn=true\:0\:0\:false\:false\:false\:true\:false
NVIC.DebugMonitor_IRQn=true\:0\:0\:false\:false\:false\:true\:false
PA8.Locked=true
PA4.Locked=true
NVIC.SysTick_IRQn=true\:0\:0\:false\:false\:true\:true\:true
RCC.PLLMUL=RCC_PLL_MUL3
Dma.SPI1_RX.0.RequestNumber=1
PB12.GPIO_Label=TLC_BLANK
Dma.SPI1_RX.0.PeriphInc=DMA_PINC_DISABLE
ProjectManager.FirmwarePackage=STM32Cube FW_L4 V1.16.0
Dma.SPI1_RX.0.SyncEnable=DISABLE
MxDb.Version=DB.6.0.0
PA13\ (JTMS/SWDIO).GPIO_Label=SWDIO
ProjectManager.BackupPrevious=false
RCC.VCOInputFreq_Value=4000000
Dma.SPI2_TX.2.EventEnable=DISABLE
Dma.SPI1_TX.1.Mode=DMA_NORMAL
PB14.Mode=Full_Duplex_Master
File.Version=6
PA10.GPIO_Label=TLC_XLAT
SPI2.CalculateBaudRate=12.0 MBits/s
PB7.Signal=USART1_RX
PA8.Signal=GPIO_Output
PA14\ (JTCK/SWCLK).Mode=Serial_Wire
NVIC.SPI2_IRQn=true\:0\:0\:false\:false\:true\:true\:true
RCC.PLLRCLKFreq_Value=16000000
NVIC.PendSV_IRQn=true\:0\:0\:false\:false\:false\:true\:false
Dma.SPI1_RX.0.Polarity=HAL_DMAMUX_REQ_GEN_RISING
Dma.SPI2_TX.2.MemDataAlignment=DMA_MDATAALIGN_BYTE
Dma.RequestsNb=3
ProjectManager.HalAssertFull=false
VP_TIM1_VS_ClockSourceINT.Mode=Internal
RCC.CRSFreq_Value=48000000
ProjectManager.ProjectName=ExpanderL4
Dma.SPI2_TX.2.SignalID=NONE
RCC.PLLMCOFreq_Value=12000000
Dma.SPI1_TX.1.RequestParameters=Instance,Direction,PeriphInc,MemInc,PeriphDataAlignment,MemDataAlignment,Mode,Priority,SignalID,Polarity,RequestNumber,SyncSignalID,SyncPolarity,SyncEnable,EventEnable,SyncRequestNumber
Mcu.Package=LQFP48
PA6.Signal=SPI1_MISO
SPI2.Mode=SPI_MODE_MASTER
Dma.SPI2_TX.2.Priority=DMA_PRIORITY_LOW
ProjectManager.ToolChainLocation=
Dma.SPI2_TX.2.Mode=DMA_NORMAL
RCC.LSI_VALUE=32000
VP_SYS_VS_Systick.Signal=SYS_VS_Systick
RCC.LSCOPinFreq_Value=32000
PA10.Signal=GPIO_Output
PA5.GPIOParameters=GPIO_Label
PB14.GPIOParameters=GPIO_Label
PA14\ (JTCK/SWCLK).GPIO_Label=SWCLK
RCC.PLLSourceVirtualString=RCC_PLLSOURCE_HSE
RCC.PLLPoutputFreq_Value=4571428.571428572
Dma.Request2=SPI2_TX
Dma.Request1=SPI1_TX
RCC.APB1TimFreq_Value=24000000
NVIC.BusFault_IRQn=true\:0\:0\:false\:false\:false\:true\:false
SPI2.Direction=SPI_DIRECTION_2LINES
PB13.Mode=Full_Duplex_Master
Dma.SPI1_TX.1.SyncPolarity=HAL_DMAMUX_SYNC_NO_EVENT
NVIC.USART1_IRQn=true\:0\:0\:false\:false\:true\:true\:true
Dma.SPI2_TX.2.RequestParameters=Instance,Direction,PeriphInc,MemInc,PeriphDataAlignment,MemDataAlignment,Mode,Priority,SignalID,Polarity,RequestNumber,SyncSignalID,SyncPolarity,SyncEnable,EventEnable,SyncRequestNumber
Dma.Request0=SPI1_RX
Dma.SPI1_RX.0.RequestParameters=Instance,Direction,PeriphInc,MemInc,PeriphDataAlignment,MemDataAlignment,Mode,Priority,SignalID,Polarity,RequestNumber,SyncSignalID,SyncPolarity,SyncEnable,EventEnable,SyncRequestNumber
SPI1.BaudRatePrescaler=SPI_BAUDRATEPRESCALER_2
PA4.GPIO_Label=MAX_nCS
PH0-OSC_IN\ (PH0).Mode=HSE-External-Oscillator
ProjectManager.CustomerFirmwarePackage=
Dma.SPI1_TX.1.Instance=DMA1_Channel3
RCC.HSI48_VALUE=48000000
Dma.SPI2_TX.2.RequestNumber=1
PA5.Mode=Full_Duplex_Master
Dma.SPI2_TX.2.SyncPolarity=HAL_DMAMUX_SYNC_NO_EVENT
PA6.GPIOParameters=GPIO_Label
RCC.MSI_VALUE=4000000
RCC.PLLSourceVirtual=RCC_PLLSOURCE_HSE
Dma.SPI1_TX.1.MemInc=DMA_MINC_ENABLE
RCC.PLLQoutputFreq_Value=16000000
ProjectManager.ProjectFileName=ExpanderL4.ioc
Dma.SPI1_TX.1.SyncEnable=DISABLE
PA7.Mode=Full_Duplex_Master
PA13\ (JTMS/SWDIO).Mode=Serial_Wire
Mcu.PinsNb=20
ProjectManager.NoMain=false
SPI1.IPParameters=Mode,CalculateBaudRate,BaudRatePrescaler,VirtualType,Direction
PA9.GPIO_Label=TLC_GSCLK
TIM1.OCMode_2=TIM_OCMODE_TOGGLE
PA11.GPIO_Label=TLC_XERR
ProjectManager.DefaultFWLocation=true
ProjectManager.DeletePrevious=true
Dma.SPI1_RX.0.Mode=DMA_NORMAL
RCC.VCOSAI2OutputFreq_Value=32000000
Dma.SPI1_TX.1.Direction=DMA_MEMORY_TO_PERIPH
PA13\ (JTMS/SWDIO).GPIOParameters=GPIO_Label
RCC.FamilyName=M
PH1-OSC_OUT\ (PH1).Signal=RCC_OSC_OUT
Dma.SPI1_TX.1.MemDataAlignment=DMA_MDATAALIGN_BYTE
PA11.Locked=true
PA8.GPIO_Label=TLC_MODE
NVIC.DMA1_Channel2_IRQn=true\:0\:0\:false\:false\:true\:true\:true
ProjectManager.TargetToolchain=EWARM V8.32
Dma.SPI2_TX.2.Direction=DMA_MEMORY_TO_PERIPH
PA9.Signal=S_TIM1_CH2
VP_TIM1_VS_ClockSourceINT.Signal=TIM1_VS_ClockSourceINT
SPI2.IPParameters=Mode,CalculateBaudRate,BaudRatePrescaler,VirtualNSS,VirtualType,Direction
ProjectManager.RegisterCallBack=
Dma.SPI1_RX.0.EventEnable=DISABLE
RCC.LSE_VALUE=32768
RCC.PLLSAI1PoutputFreq_Value=4571428.571428572
SH.S_TIM1_CH2.ConfNb=1
PB14.Signal=SPI2_MISO
RCC.PLLSAI2RoutputFreq_Value=16000000
PA5.Signal=SPI1_SCK
Dma.SPI2_TX.2.SyncRequestNumber=1
board=custom
RCC.VCOOutputFreq_Value=32000000
ProjectManager.LastFirmware=true
PB15.Mode=Full_Duplex_Master
RCC.VCOOutput2Freq_Value=8000000
RCC.APB2Freq_Value=24000000
MxCube.Version=6.0.1
PB15.GPIO_Label=TLC_SIN
SH.S_TIM1_CH2.0=TIM1_CH2,Output Compare2 CH2
SPI1.Mode=SPI_MODE_MASTER
Dma.SPI1_RX.0.Instance=DMA1_Channel2
RCC.PLLSAI1QoutputFreq_Value=16000000
PA10.GPIOParameters=GPIO_Label
VP_SYS_VS_Systick.Mode=SysTick
Dma.SPI1_RX.0.PeriphDataAlignment=DMA_PDATAALIGN_BYTE
Dma.SPI1_RX.0.SyncSignalID=NONE
Dma.SPI1_RX.0.MemDataAlignment=DMA_MDATAALIGN_BYTE
NVIC.NonMaskableInt_IRQn=true\:0\:0\:false\:false\:false\:true\:false
PA4.GPIOParameters=GPIO_Label
PB15.GPIOParameters=GPIO_Label
ProjectManager.FreePins=false
RCC.IPParameters=ADCFreqValue,AHBFreq_Value,APB1Freq_Value,APB1TimFreq_Value,APB2Freq_Value,APB2TimFreq_Value,CRSFreq_Value,FCLKCortexFreq_Value,FamilyName,HCLKFreq_Value,HSE_VALUE,HSI48_VALUE,HSI_VALUE,LCDTFTFreq_Value,LSCOPinFreq_Value,LSE_VALUE,LSI_VALUE,MCOFreq_Value,MSI_VALUE,PLLCLKFreq_Value,PLLMCOFreq_Value,PLLMUL,PLLPoutputFreq_Value,PLLQoutputFreq_Value,PLLRCLKFreq_Value,PLLSAI1PoutputFreq_Value,PLLSAI1QoutputFreq_Value,PLLSAI1RoutputFreq_Value,PLLSAI2PoutputFreq_Value,PLLSAI2QoutputFreq_Value,PLLSAI2RoutputFreq_Value,PLLSource,PLLSourceVirtual,PLLSourceVirtualString,SAI1Freq_Value,SAI2Freq_Value,SDMMCFreq_Value,SYSCLKFreq_VALUE,SYSCLKSource,TimSysFreq_Value,VCOInput2Freq_Value,VCOInput3Freq_Value,VCOInputFreq_Value,VCOOutput2Freq_Value,VCOOutputFreq_Value,VCOSAI1OutputFreq_Value,VCOSAI2OutputFreq_Value
ProjectManager.AskForMigrate=true
Mcu.Name=STM32L4P5C(G-E)Tx
USART1.VirtualMode-Multiprocessor_communication=VM_ASYNC
Dma.SPI1_RX.0.MemInc=DMA_MINC_ENABLE
ProjectManager.UnderRoot=false
Mcu.IP6=TIM1
Mcu.IP7=USART1
ProjectManager.CoupleFile=false
PA4.Signal=GPIO_Output
RCC.SYSCLKFreq_VALUE=24000000
Dma.SPI1_RX.0.SignalID=NONE
Dma.SPI1_TX.1.Polarity=HAL_DMAMUX_REQ_GEN_RISING
TIM1.Pulse-Output\ Compare2\ CH2=32765
RCC.TimSysFreq_Value=24000000
PA7.GPIO_Label=MAX_DIN
Dma.SPI2_TX.2.Polarity=HAL_DMAMUX_REQ_GEN_RISING
PA10.Locked=true
PA5.GPIO_Label=MAX_SCLK
NVIC.ForceEnableDMAVector=true
RCC.PLLSAI2PoutputFreq_Value=4571428.571428572
KeepUserPlacement=true
NVIC.MemoryManagement_IRQn=true\:0\:0\:false\:false\:false\:true\:false
USART1.VirtualMode=VM_ASYNC
ProjectManager.CompilerOptimize=6
PB7.Mode=Multiprocessor_communication
PA11.Signal=GPIO_Input
ProjectManager.HeapSize=0x200
Mcu.Pin15=PA14 (JTCK/SWCLK)
NVIC.HardFault_IRQn=true\:0\:0\:false\:false\:false\:true\:false
Mcu.Pin16=PB6
Mcu.Pin13=PA11
Mcu.Pin14=PA13 (JTMS/SWDIO)
Mcu.Pin19=VP_TIM1_VS_ClockSourceINT
Dma.SPI1_RX.0.Priority=DMA_PRIORITY_LOW
ProjectManager.ComputerToolchain=false
Mcu.Pin17=PB7
RCC.HSI_VALUE=16000000
Mcu.Pin18=VP_SYS_VS_Systick
Dma.SPI1_RX.0.SyncPolarity=HAL_DMAMUX_SYNC_NO_EVENT
NVIC.PriorityGroup=NVIC_PRIORITYGROUP_4
Mcu.Pin11=PA9
Mcu.Pin12=PA10
Mcu.Pin10=PA8
PA9.GPIO_Speed=GPIO_SPEED_FREQ_HIGH
RCC.VCOInput2Freq_Value=4000000
RCC.APB1Freq_Value=24000000
PA7.GPIOParameters=GPIO_Label
ProjectManager.DeviceId=STM32L4P5CETx
PB12.GPIOParameters=GPIO_Label
PB12.Signal=SPI2_NSS
ProjectManager.LibraryCopy=0
PA13\ (JTMS/SWDIO).Signal=SYS_JTMS-SWDIO
PA7.Signal=SPI1_MOSI
