#MicroXplorer Configuration settings - do not modify
PF7.GPIOParameters=GPIO_Label
PA15\ (JTDI).GPIOParameters=GPIO_Speed,GPIO_Label
SH.FMC_D0_DA0.ConfNb=1
Bdma.Request0=SPI6_TX
USART2.IPParameters=VirtualMode,BaudRate,Mode,VirtualMode-Asynchronous
SH.FMC_A8.ConfNb=1
SH.FMC_D6_DA6.ConfNb=1
SH.FMC_A0.ConfNb=1
PC10.GPIO_PuPd=GPIO_PULLUP
FMC.SDClockPeriod2=FMC_SDRAM_CLOCK_PERIOD_2
SH.FMC_D9_DA9.ConfNb=1
FMC.SDClockPeriod1=FMC_SDRAM_CLOCK_PERIOD_2
SH.FMC_A0.0=FMC_A0,12b-sda1
Dma.USART2_TX.3.RequestParameters=Instance,Direction,PeriphInc,MemInc,PeriphDataAlignment,MemDataAlignment,Mode,Priority,FIFOMode,SignalID,Polarity,RequestNumber,SyncSignalID,SyncPolarity,SyncEnable,EventEnable,SyncRequestNumber
PG8.Signal=FMC_SDCLK
Dma.SPI5_TX.2.MemInc=DMA_MINC_ENABLE
RCC.PLLQCLKFreq_Value=48000000
PG0.Signal=FMC_A10
RCC.RTCFreq_Value=32000
PA15\ (JTDI).Signal=S_TIM2_CH1
RCC.CpuClockFreq_Value=480000000
SH.FMC_SDNWE.ConfNb=1
PG14.GPIOParameters=GPIO_Label
SH.FMC_D5_DA5.0=FMC_D5,sd-16b-d1
PB3\ (JTDO/TRACESWO).GPIOParameters=GPIO_Label
Dma.SPI5_TX.2.EventEnable=DISABLE
PA2.GPIOParameters=GPIO_Speed,GPIO_Label
SH.FMC_D9_DA9.0=FMC_D9,sd-16b-d1
RCC.LPTIM1Freq_Value=120000000
USB_DEVICE.PID_AUDIO_FS=0xDADA
NVIC.SVCall_IRQn=true\:0\:0\:false\:false\:false\:false\:true\:false
Dma.SPI5_TX.2.Direction=DMA_MEMORY_TO_PERIPH
PF7.Signal=SPI5_SCK
SH.FMC_SDNWE.0=FMC_SDNWE,12b-sda1
SPI1.Direction=SPI_DIRECTION_2LINES
SH.FMC_D11_DA11.0=FMC_D11,sd-16b-d1
RCC.I2C4Freq_Value=120000000
RCC.APB2TimFreq_Value=168000000
PB6.Signal=FMC_SDNE1
VP_SAI1_VP_$IpInstance_SAIB_SAI_BASIC.Signal=SAI1_VP_$IpInstance_SAIB_SAI_BASIC
SPI1.CalculateBaudRate=3.0 MBits/s
PD0.Signal=FMC_D2_DA2
PD8.Signal=FMC_D13_DA13
Bdma.SPI6_TX.0.RequestNumber=1
PE1.Signal=FMC_NBL1
Bdma.SPI6_TX.0.Polarity=HAL_DMAMUX_REQ_GEN_RISING
RCC.USART3Freq_Value=54000000
RCC.PLLSAIRCLKFreq_Value=50000000
ProjectManager.ProjectBuild=false
NVIC.UsageFault_IRQn=true\:0\:0\:false\:false\:false\:false\:true\:false
PA0.Locked=true
VP_USB_HOST_VS_USB_HOST_AUDIO_HS.Mode=AUDIO_HS
PG14.Mode=TX_Only_Simplex_Unidirect_Master
FMC.SelfRefreshTime1=4
SPI6.NSSPMode=SPI_NSS_PULSE_DISABLE
ProjectManager.FirmwarePackage=STM32Cube FW_H7 V1.9.0
USB_DEVICE.MANUFACTURER_STRING-AUDIO_FS=Rebel Technology
ProjectManager.BackupPrevious=false
RCC.FMCFreq_Value=240000000
PC4.GPIO_Label=FLASH_HOLD
RCC.SAI1CLockSelection=RCC_SAI1CLKSOURCE_PLL2
PB1.GPIO_Speed=GPIO_SPEED_FREQ_VERY_HIGH
PE9.Signal=FMC_D6_DA6
Dma.SAI1_A.0.Polarity=HAL_DMAMUX_REQ_GEN_RISING
SH.FMC_A2.0=FMC_A2,12b-sda1
PB14.Mode=Host_FS
PB1.GPIO_Label=TLC_GSCLK
RCC.USART16Freq_Value=120000000
SPI1.DataSize=SPI_DATASIZE_8BIT
PE4.GPIO_Label=CS_LRCK
VP_USB_HOST_VS_USB_HOST_AUDIO_HS.Signal=USB_HOST_VS_USB_HOST_AUDIO_HS
Bdma.SPI6_TX.0.SyncEnable=DISABLE
SH.FMC_D1_DA1.0=FMC_D1,sd-16b-d1
USB_OTG_HS.IPParameters=VirtualMode-Host_FS
VP_FREERTOS_VS_CMSIS_V1.Mode=CMSIS_V1
ProjectManager.HalAssertFull=true
RCC.DIVP2Freq_Value=30000000
PA0.Signal=GPIO_Output
Mcu.Package=LQFP144
TIM2.Prescaler=4095
PB1.Signal=S_TIM3_CH4
PA5.Locked=true
SH.FMC_SDNCAS.ConfNb=1
VP_SYS_VS_Systick.Signal=SYS_VS_Systick
SH.FMC_A11.ConfNb=1
FREERTOS.FootprintOK=true
FMC.WriteRecoveryTime1=2
Dma.SAI1_A.0.SyncSignalID=NONE
SPI5.CalculateBaudRate=1.875 MBits/s
RCC.APB2CLKDivider=RCC_HCLK_DIV2
NVIC.EXTI2_IRQn=true\:5\:0\:false\:false\:true\:true\:true\:true
RCC.APB1TimFreq_Value=84000000
RCC.LPUART1Freq_Value=120000000
FMC.RowCycleDelay2=6
FMC.RowCycleDelay1=6
USB_OTG_FS.IPParameters=VirtualMode
PB13.Mode=Activate_VBUS_FS
Dma.USART2_TX.3.SyncSignalID=NONE
NVIC.DMA1_Stream6_IRQn=true\:5\:0\:false\:false\:true\:true\:false\:true
PA4.GPIO_Label=OLED_CS
PD15.Signal=FMC_D1_DA1
RCC.PLLSAIQCLKFreq_Value=50000000
RCC.VCO3OutputFreq_Value=100781250
SH.FMC_D3_DA3.ConfNb=1
Dma.SAI1_B.1.RequestParameters=Instance,Direction,PeriphInc,MemInc,PeriphDataAlignment,MemDataAlignment,Mode,Priority,FIFOMode,SignalID,Polarity,RequestNumber,SyncSignalID,SyncPolarity,SyncEnable,EventEnable,SyncRequestNumber
PA6.GPIOParameters=GPIO_Label
USB_DEVICE.VID-AUDIO_FS=0x1209
PD6.GPIOParameters=GPIO_Label
Mcu.Pin80=PE1
Mcu.Pin81=VP_FREERTOS_VS_CMSIS_V1
SH.FMC_A4.0=FMC_A4,12b-sda1
ProjectManager.ProjectFileName=Magus3.ioc
SH.FMC_A5.ConfNb=1
FREERTOS.Tasks01=defaultTask,0,1024,StartDefaultTask,Default,NULL,Dynamic,NULL,NULL
Mcu.Pin79=PE0
USB_DEVICE.VirtualMode-AUDIO_FS=Audio
Mcu.PinsNb=87
PC11.Locked=true
Mcu.Pin73=PG13
Mcu.Pin74=PG14
Dma.SAI1_B.1.MemInc=DMA_MINC_ENABLE
Mcu.Pin71=PG9
Mcu.Pin72=PG11
Mcu.Pin77=PB5
PG5.Signal=FMC_A15_BA1
Mcu.Pin78=PB6
Mcu.Pin75=PG15
SH.FMC_D10_DA10.0=FMC_D10,sd-16b-d1
Mcu.Pin76=PB3 (JTDO/TRACESWO)
FREERTOS.INCLUDE_vTaskDelayUntil=1
Mcu.Pin70=PD6
RCC.VCOSAIOutputFreq_ValueQ=25000000
Mcu.Pin68=PD0
Mcu.Pin69=PD1
PD6.Mode=SAI_A_AsyncSlave
Mcu.Pin62=PA12
Mcu.Pin63=PA13 (JTMS/SWDIO)
Mcu.Pin60=PC8
USART2.BaudRate=31250
Mcu.Pin61=PA11
Mcu.Pin66=PC10
RCC.PWR_Regulator_Voltage_Scale=PWR_REGULATOR_VOLTAGE_SCALE0
Mcu.Pin67=PC11
Mcu.Pin64=PA14 (JTCK/SWCLK)
Mcu.Pin65=PA15 (JTDI)
PF8.GPIO_Label=SPI_A_MISO
USB_HOST0.BSP.semaphore=
PD10.Signal=FMC_D15_DA15
RCC.D1CPREFreq_Value=480000000
PA3.Mode=Asynchronous
RCC.Tim1OutputFreq_Value=240000000
Mcu.Pin59=PC6
Mcu.Pin57=PG5
SH.GPXTI2.ConfNb=1
Mcu.Pin58=PG8
Mcu.Pin51=PD8
RCC.USART6Freq_Value=108000000
Mcu.Pin52=PD9
Mcu.Pin50=PB15
Mcu.Pin55=PD15
Mcu.Pin56=PG4
Mcu.Pin53=PD10
Mcu.Pin54=PD14
PB11.GPIOParameters=GPIO_Label
NVIC.DMA2_Stream6_IRQn=true\:5\:0\:false\:false\:true\:true\:false\:true
Mcu.Pin48=PB13
SPI4.NSSPMode=SPI_NSS_PULSE_DISABLE
Mcu.Pin49=PB14
Mcu.Pin46=PB10
Mcu.Pin47=PB11
VP_SAI1_VP_$IpInstance_SAIB_SAI_BASIC.Mode=SAI_B_BASIC
PB14.Signal=USB_OTG_HS_DM
Mcu.Pin40=PE10
PA5.Signal=GPIO_Output
Mcu.Pin41=PE11
Mcu.Pin44=PE14
Mcu.Pin45=PE15
Mcu.Pin42=PE12
Mcu.Pin43=PE13
FMC.ReadBurst1=FMC_SDRAM_RBURST_ENABLE
SH.FMC_A6.0=FMC_A6,12b-sda1
FMC.ReadBurst2=FMC_SDRAM_RBURST_ENABLE
RCC.AHB12Freq_Value=240000000
PE14.Signal=FMC_D11_DA11
PE6.Mode=TX_Only_Simplex_Unidirect_Master
Mcu.Pin37=PE7
Mcu.Pin38=PE8
Mcu.Pin35=PG0
RCC.I2C1Freq_Value=54000000
Mcu.Pin36=PG1
RCC.PLLI2SPCLKFreq_Value=96000000
SPI1.Mode=SPI_MODE_MASTER
SH.FMC_D14_DA14.ConfNb=1
Mcu.Pin39=PE9
Dma.USART2_TX.3.Mode=DMA_NORMAL
Mcu.Pin30=PF11
PA1.GPIO_Label=OLED_RST
Mcu.Pin33=PF14
Mcu.Pin34=PF15
Mcu.Pin31=PF12
Mcu.Pin32=PF13
Dma.SAI1_A.0.SyncRequestNumber=1
NVIC.NonMaskableInt_IRQn=true\:0\:0\:false\:false\:false\:false\:true\:false
FREERTOS.configUSE_MUTEXES=0
PF13.Signal=FMC_A7
PC10.GPIOParameters=GPIO_PuPd,GPIO_Label
TIM2.Period=200
PF9.GPIOParameters=GPIO_Label
RCC.PLLI2SQCLKFreq_Value=96000000
Mcu.Pin26=PC5
NVIC.DMA2_Stream4_IRQn=true\:5\:0\:true\:false\:true\:true\:true\:true
Mcu.Pin27=PB0
SPI1.NSSPMode=SPI_NSS_PULSE_DISABLE
Mcu.Pin24=PA7
Mcu.Pin25=PC4
Mcu.Pin28=PB1
Mcu.Pin29=PB2
PC8.GPIO_PuPd=GPIO_PULLUP
Mcu.Pin22=PA5
Mcu.Pin23=PA6
Mcu.Pin20=PA3
Mcu.Pin21=PA4
PA5.GPIO_Label=PIXI_nCS
NVIC.ForceEnableDMAVector=true
NVIC.MemoryManagement_IRQn=true\:0\:0\:false\:false\:false\:false\:true\:false
PE5.GPIO_Label=CS_SCK
Dma.USART2_TX.3.SignalID=NONE
SH.FMC_SDNRAS.ConfNb=1
ProjectManager.HeapSize=0x200
Mcu.Pin15=PH1-OSC_OUT (PH1)
PA0.GPIOParameters=GPIO_Label
NVIC.HardFault_IRQn=true\:0\:0\:false\:false\:false\:false\:true\:false
Mcu.Pin16=PC0
Mcu.Pin13=PF9
Mcu.Pin14=PH0-OSC_IN (PH0)
Mcu.Pin19=PA2
Mcu.Pin17=PA0
Mcu.Pin18=PA1
SPI6.BaudRatePrescaler=SPI_BAUDRATEPRESCALER_16
SAI1.VirtualProtocol-SAI_B_BASIC=VM_BASIC_PROTOCOL
NVIC.PriorityGroup=NVIC_PRIORITYGROUP_4
Mcu.Pin11=PF7
Mcu.Pin12=PF8
Mcu.Pin10=PF5
PE3.Signal=SAI1_SD_B
PF4.Signal=FMC_A4
Bdma.SPI6_TX.0.Direction=DMA_MEMORY_TO_PERIPH
Dma.USART2_TX.3.SyncRequestNumber=1
Mcu.Family=STM32H7
FMC.IPParameters=ReadPipeDelay1,ReadBurst1,ReadBurst2,SDClockPeriod1,SDClockPeriod2,CASLatency1,LoadToActiveDelay1,ExitSelfRefreshDelay1,SelfRefreshTime1,RowCycleDelay1,RowCycleDelay2,WriteRecoveryTime1,RPDelay1,RPDelay2,RCDDelay1
NVIC.OTG_HS_IRQn=true\:10\:0\:true\:false\:true\:true\:true\:true
ProjectManager.MainLocation=Src
SH.FMC_A6.ConfNb=1
PA6.Mode=Full_Duplex_Master
USB_DEVICE.CLASS_NAME_FS=AUDIO
NVIC.SPI6_IRQn=true\:5\:0\:false\:false\:true\:true\:true\:true
SH.FMC_A8.0=FMC_A8,12b-sda1
PG9.GPIOParameters=GPIO_Label
ProjectManager.KeepUserCode=true
Dma.SPI5_TX.2.SyncSignalID=NONE
SH.FMC_D14_DA14.0=FMC_D14,sd-16b-d1
PH0-OSC_IN\ (PH0).Signal=RCC_OSC_IN
PC5.Locked=true
PA0.GPIO_Label=OLED_DC
SAI1.VirtualProtocol-SAI_A_BASIC=VM_BASIC_PROTOCOL
PA11.Mode=Device_Only
SH.FMC_A14_BA0.0=FMC_BA0,FourSdramBanks1
RCC.VCO2OutputFreq_Value=150000000
SH.FMC_A11.0=FMC_A11,12b-sda1
PB15.Signal=USB_OTG_HS_DP
Bdma.SPI6_TX.0.SyncSignalID=NONE
PG11.Signal=GPIO_Output
PG15.Signal=FMC_SDNCAS
SH.GPXTI2.0=GPIO_EXTI2
SAI1.Instance-SAI_A_AsyncSlave=SAI$Index_Block_A
Mcu.IP4=FMC
Mcu.IP5=FREERTOS
RCC.FCLKCortexFreq_Value=168000000
Mcu.IP2=DEBUG
Mcu.IP3=DMA
NVIC.BDMA_Channel0_IRQn=true\:5\:0\:false\:false\:true\:true\:false\:true
Mcu.IP0=BDMA
Mcu.IP1=CORTEX_M7
PE4.GPIOParameters=GPIO_Label
SAI1.VirtualMode-SAI_B_SyncSlave=VM_SLAVE
Dma.SAI1_B.1.SyncPolarity=HAL_DMAMUX_SYNC_NO_EVENT
RCC.DIVP3Freq_Value=50390625
RCC.SDMMCFreq_Value=48000000
ProjectManager.PreviousToolchain=
TIM3.Period=100
RCC.VcooutputI2S=96000000
SH.FMC_NBL1.0=FMC_NBL1,Sd2ByteEnable1
TIM2.ClockDivision=TIM_CLOCKDIVISION_DIV2
Dma.SPI5_TX.2.PeriphDataAlignment=DMA_PDATAALIGN_BYTE
SPI4.IPParameters=Mode,CalculateBaudRate,BaudRatePrescaler,VirtualType,Direction,DataSize,NSSPMode
FREERTOS.IPParameters=Tasks01,configUSE_PREEMPTION,MEMORY_ALLOCATION,configUSE_MALLOC_FAILED_HOOK,configCHECK_FOR_STACK_OVERFLOW,configUSE_MUTEXES,FootprintOK,INCLUDE_vTaskDelayUntil
USB_HOST0.BSP.ip=GPIO
Dma.SAI1_B.1.Instance=DMA2_Stream4
Dma.SAI1_B.1.FIFOMode=DMA_FIFOMODE_DISABLE
FREERTOS.configUSE_PREEMPTION=0
RCC.HRTIMFreq_Value=240000000
PH1-OSC_OUT\ (PH1).Mode=HSE-External-Oscillator
RCC.DIVR3Freq_Value=50390625
RCC.HSE_VALUE=25000000
NVIC.DebugMonitor_IRQn=true\:0\:0\:false\:false\:false\:false\:true\:false
SH.FMC_A14_BA0.ConfNb=1
Dma.USART2_TX.3.SyncPolarity=HAL_DMAMUX_SYNC_NO_EVENT
FMC.ExitSelfRefreshDelay1=6
Mcu.IP10=SPI4
NVIC.SysTick_IRQn=true\:15\:0\:false\:false\:true\:true\:true\:true
Mcu.IP12=SPI6
Mcu.IP11=SPI5
Bdma.SPI6_TX.0.MemDataAlignment=DMA_MDATAALIGN_BYTE
Mcu.IP18=USB_HOST
Bdma.SPI6_TX.0.MemInc=DMA_MINC_ENABLE
Mcu.IP17=USB_DEVICE
Mcu.IP19=USB_OTG_FS
RCC.DIVP1Freq_Value=480000000
Mcu.IP14=TIM2
PF9.Mode=Full_Duplex_Master
Mcu.IP13=SYS
Mcu.IP16=USART2
Mcu.IP15=TIM3
RCC.VCOInputFreq_Value=1000000
Dma.SPI5_TX.2.SyncRequestNumber=1
PF11.Signal=FMC_SDNRAS
PC11.GPIO_Label=TLC_XLAT
PB5.Mode=SdramChipSelect2_1
PE3.GPIOParameters=GPIO_Label
Dma.USART2_RX.4.SyncSignalID=NONE
Mcu.IP20=USB_OTG_HS
TIM2.Channel-PWM\ Generation1\ CH1=TIM_CHANNEL_1
PB0.Locked=true
Dma.USART2_RX.4.Priority=DMA_PRIORITY_LOW
USB_DEVICE.PRODUCT_STRING_AUDIO_FS=OWL-MAGUS
PA6.Signal=SPI1_MISO
PG11.Locked=true
Dma.SAI1_A.0.MemDataAlignment=DMA_MDATAALIGN_WORD
SH.FMC_D4_DA4.ConfNb=1
NVIC.OTG_FS_IRQn=true\:10\:0\:true\:false\:true\:true\:true\:true
ProjectManager.ToolChainLocation=
Dma.USART2_RX.4.MemInc=DMA_MINC_ENABLE
Bdma.SPI6_TX.0.Mode=DMA_NORMAL
PF8.Signal=SPI5_MISO
RCC.DIVR1Freq_Value=480000000
USB_HOST0.BSP.name=Drive_VBUS_HS
Dma.Request2=SPI5_TX
Dma.Request1=SAI1_B
Dma.SAI1_B.1.PeriphInc=DMA_PINC_DISABLE
Dma.Request4=USART2_RX
Bdma.SPI6_TX.0.SignalID=NONE
Dma.Request3=USART2_TX
PG11.GPIO_Label=TLC_MODE
PC5.Signal=GPIO_Output
PE7.Signal=FMC_D4_DA4
PD6.Signal=SAI1_SD_A
Dma.Request0=SAI1_A
Dma.SAI1_B.1.Priority=DMA_PRIORITY_VERY_HIGH
PE2.GPIO_Label=CS_SCK
Mcu.Pin84=VP_SYS_VS_Systick
Mcu.Pin85=VP_USB_DEVICE_VS_USB_DEVICE_AUDIO_FS
Mcu.Pin82=VP_SAI1_VP_$IpInstance_SAIA_SAI_BASIC
Mcu.Pin83=VP_SAI1_VP_$IpInstance_SAIB_SAI_BASIC
PA3.Signal=USART2_RX
PH1-OSC_OUT\ (PH1).GPIO_Label=OSC2
Mcu.Pin86=VP_USB_HOST_VS_USB_HOST_AUDIO_HS
SH.FMC_A3.ConfNb=1
PB3\ (JTDO/TRACESWO).GPIO_Label=FLASH_SCK
Dma.USART2_TX.3.MemDataAlignment=DMA_MDATAALIGN_BYTE
RCC.I2SFreq_Value=96000000
USB_HOST.IPParameters=VirtualModeHS,USBH_HandleTypeDef-AUDIO_HS,USBH_MAX_NUM_ENDPOINTS-AUDIO_HS,USBH_MAX_SIZE_CONFIGURATION-AUDIO_HS
SH.S_TIM2_CH1.0=TIM2_CH1,PWM Generation1 CH1
Dma.SAI1_B.1.Mode=DMA_CIRCULAR
RCC.UART7Freq_Value=54000000
Dma.USART2_TX.3.Instance=DMA1_Stream6
SPI4.DataSize=SPI_DATASIZE_8BIT
Dma.SAI1_B.1.RequestNumber=1
NVIC.SavedSvcallIrqHandlerGenerated=true
Dma.SAI1_A.0.Direction=DMA_MEMORY_TO_PERIPH
PC11.Signal=GPIO_Output
Dma.SAI1_A.0.SignalID=NONE
PC8.Signal=GPIO_Input
USB_HOST0.BSP.solution=PC6
ProjectManager.DefaultFWLocation=true
PD9.Signal=FMC_D14_DA14
ProjectManager.DeletePrevious=true
PB10.Locked=true
RCC.LCDTFToutputFreq_Value=25000000
USB_DEVICE.IPParameters=VirtualMode-AUDIO_FS,VirtualModeFS,CLASS_NAME_FS,VID-AUDIO_FS,MANUFACTURER_STRING-AUDIO_FS,PID_AUDIO_FS,PRODUCT_STRING_AUDIO_FS,SERIALNUMBER_STRING_AUDIO_FS
SPI5.Mode=SPI_MODE_MASTER
RCC.FamilyName=M
PH1-OSC_OUT\ (PH1).Signal=RCC_OSC_OUT
Dma.SPI5_TX.2.PeriphInc=DMA_PINC_DISABLE
Dma.USART2_RX.4.SyncPolarity=HAL_DMAMUX_SYNC_NO_EVENT
VP_FREERTOS_VS_CMSIS_V1.Signal=FREERTOS_VS_CMSIS_V1
SH.FMC_A15_BA1.ConfNb=1
PH1-OSC_OUT\ (PH1).GPIOParameters=GPIO_Label
PB10.GPIO_Label=CS_CS
Dma.SAI1_A.0.Mode=DMA_CIRCULAR
RCC.VCO1OutputFreq_Value=960000000
SH.FMC_D13_DA13.0=FMC_D13,sd-16b-d1
SAI1.BasicDataSize-SAI_B_SyncSlave=SAI_PROTOCOL_DATASIZE_24BIT
PC5.GPIOParameters=GPIO_Label
RCC.AXIClockFreq_Value=240000000
PE2.GPIOParameters=GPIO_Label
RCC.USBFreq_Value=48000000
PF9.GPIO_Label=SPI_A_MOSI
Dma.SAI1_B.1.SyncEnable=DISABLE
PA1.Signal=GPIO_Output
RCC.CKPERFreq_Value=16000000
Dma.USART2_RX.4.PeriphInc=DMA_PINC_DISABLE
RCC.VCOI2SOutputFreq_Value=192000000
Dma.USART2_TX.3.FIFOMode=DMA_FIFOMODE_DISABLE
RCC.PLLSAIPCLKFreq_Value=50000000
board=Magus
RCC.VCOOutputFreq_Value=336000000
PB15.Mode=Host_FS
RCC.UART4Freq_Value=54000000
Dma.SPI5_TX.2.SignalID=NONE
MxCube.Version=6.2.0
RCC.FDCANFreq_Value=48000000
PE5.Mode=SAI_A_AsyncSlave
RCC.ADCFreq_Value=30000000
VP_SYS_VS_Systick.Mode=SysTick
SH.FMC_D12_DA12.0=FMC_D12,sd-16b-d1
PF1.Signal=FMC_A1
VP_USB_DEVICE_VS_USB_DEVICE_AUDIO_FS.Signal=USB_DEVICE_VS_USB_DEVICE_AUDIO_FS
VP_USB_DEVICE_VS_USB_DEVICE_AUDIO_FS.Mode=AUDIO_FS
SH.FMC_D11_DA11.ConfNb=1
RCC.UART5Freq_Value=54000000
PA15\ (JTDI).GPIO_Label=TLC_BLANK
RCC.IPParameters=48MHZClocksFreq_Value,ADCFreq_Value,AHB12Freq_Value,AHB4Freq_Value,AHBFreq_Value,APB1CLKDivider,APB1Freq_Value,APB1TimFreq_Value,APB2CLKDivider,APB2Freq_Value,APB2TimFreq_Value,APB3Freq_Value,APB4Freq_Value,AXIClockFreq_Value,CECFreq_Value,CKPERFreq_Value,CortexFreq_Value,CpuClockFreq_Value,D1CPREFreq_Value,D1PPRE,D2PPRE1,D2PPRE2,D3PPRE,DFSDMACLkFreq_Value,DFSDMFreq_Value,DIVM1,DIVM2,DIVN1,DIVN2,DIVP1Freq_Value,DIVP2,DIVP2Freq_Value,DIVP3Freq_Value,DIVQ1,DIVQ1Freq_Value,DIVQ2Freq_Value,DIVQ3Freq_Value,DIVR1Freq_Value,DIVR2Freq_Value,DIVR3Freq_Value,EthernetFreq_Value,FCLKCortexFreq_Value,FDCANFreq_Value,FMCFreq_Value,FamilyName,HCLK3ClockFreq_Value,HCLKFreq_Value,HPRE,HRTIMFreq_Value,HSE_VALUE,HSI_VALUE,I2C123Freq_Value,I2C1Freq_Value,I2C2Freq_Value,I2C3Freq_Value,I2C4Freq_Value,I2SClocksFreq_Value,I2SFreq_Value,LCDTFToutputFreq_Value,LPTIM1Freq_Value,LPTIM2Freq_Value,LPTIM345Freq_Value,LPUART1Freq_Value,LSE_VALUE,LSI_VALUE,LTDCFreq_Value,MCO1PinFreq_Value,MCO2PinFreq_Value,PLLCLKFreq_Value,PLLI2SPCLKFreq_Value,PLLI2SQCLKFreq_Value,PLLI2SRCLKFreq_Value,PLLI2SRoutputFreq_Value,PLLM,PLLN,PLLQ,PLLQCLKFreq_Value,PLLQoutputFreq_Value,PLLSAIN,PLLSAIPCLKFreq_Value,PLLSAIQCLKFreq_Value,PLLSAIRCLKFreq_Value,PLLSAIoutputFreq_Value,PWR_Regulator_Voltage_Scale,ProductRev,QSPIFreq_Value,RNGFreq_Value,RTCFreq_Value,RTCHSEDivFreq_Value,SAI1CLockSelection,SAI1Freq_Value,SAI23Freq_Value,SAI2Freq_Value,SAI4AFreq_Value,SAI4BFreq_Value,SAI_AClocksFreq_Value,SAI_BClocksFreq_Value,SDMMCFreq_Value,SPDIFRXFreq_Value,SPI123Freq_Value,SPI45Freq_Value,SPI6Freq_Value,SWPMI1Freq_Value,SYSCLKFreq_VALUE,SYSCLKSource,Tim1OutputFreq_Value,Tim2OutputFreq_Value,TraceFreq_Value,UART4Freq_Value,UART5Freq_Value,UART7Freq_Value,UART8Freq_Value,USART16Freq_Value,USART1Freq_Value,USART234578Freq_Value,USART2Freq_Value,USART3Freq_Value,USART6Freq_Value,USBFreq_Value,VCO1OutputFreq_Value,VCO2OutputFreq_Value,VCO3OutputFreq_Value,VCOI2SOutputFreq_Value,VCOInput1Freq_Value,VCOInput2Freq_Value,VCOInput3Freq_Value,VCOInputFreq_Value,VCOOutputFreq_Value,VCOSAIOutputFreq_Value,VCOSAIOutputFreq_ValueQ,VcooutputI2S,VcooutputI2SQ
ProjectManager.AskForMigrate=true
PE0.Signal=FMC_NBL0
Dma.SAI1_B.1.SyncSignalID=NONE
PE12.Signal=FMC_D9_DA9
NVIC.SavedPendsvIrqHandlerGenerated=true
PB2.Locked=true
Mcu.IP8=SAI1
Mcu.IP9=SPI1
Mcu.IP6=NVIC
Mcu.IP7=RCC
ProjectManager.CoupleFile=false
RCC.48MHZClocksFreq_Value=48000000
RCC.SYSCLKFreq_VALUE=480000000
RCC.I2C123Freq_Value=120000000
PA1.Locked=true
KeepUserPlacement=false
USB_HOST.USBH_MAX_SIZE_CONFIGURATION-AUDIO_HS=256
PB2.GPIO_Label=ENC_CHGRDY
PC6.GPIOParameters=PinState,GPIO_Label
RCC.HSI_VALUE=16000000
RCC.PLLQ=7
SH.S_TIM3_CH4.ConfNb=1
PH0-OSC_IN\ (PH0).GPIO_Label=OSC1
RCC.PLLM=25
RCC.PLLN=336
PA2.Mode=Asynchronous
PC8.Locked=true
Dma.SPI5_TX.2.Polarity=HAL_DMAMUX_REQ_GEN_RISING
SH.FMC_D8_DA8.ConfNb=1
SPI5.NSSPMode=SPI_NSS_PULSE_DISABLE
Dma.SAI1_A.0.SyncEnable=DISABLE
PG11.GPIOParameters=GPIO_Label
PA3.GPIO_Label=UART_MISO
PH0-OSC_IN\ (PH0).GPIOParameters=GPIO_Label
USB_HOST0.BSP.instance=PC6
SPI6.Mode=SPI_MODE_MASTER
USB_OTG_HS.VirtualMode-Host_FS=Host_FS
SH.FMC_D7_DA7.0=FMC_D7,sd-16b-d1
RCC.USART1Freq_Value=108000000
SH.FMC_A4.ConfNb=1
SPI4.VirtualType=VM_MASTER
Dma.SPI5_TX.2.SyncEnable=DISABLE
SAI1.VirtualMode-SAI_A_AsyncSlave=VM_SLAVE
USB_HOST.USBH_MAX_NUM_ENDPOINTS-AUDIO_HS=10
FMC.RCDDelay1=2
SPI1.VirtualType=VM_MASTER
Dma.USART2_TX.3.MemInc=DMA_MINC_ENABLE
PG4.Signal=FMC_A14_BA0
RCC.PLLCLKFreq_Value=168000000
SPI5.DataSize=SPI_DATASIZE_8BIT
FMC.LoadToActiveDelay1=2
USB_HOST0.BSP.condition=
PC6.GPIO_Label=USB_HOST_PWR_EN
PA3.GPIOParameters=GPIO_Speed,GPIO_Label
PA6.GPIO_Label=FLASH_MISO
Dma.USART2_RX.4.PeriphDataAlignment=DMA_PDATAALIGN_BYTE
PA3.GPIO_Speed=GPIO_SPEED_FREQ_MEDIUM
PB13.Signal=USB_OTG_HS_VBUS
PD6.GPIO_Label=CS_SDIN
PG13.Signal=SPI6_SCK
Dma.USART2_RX.4.RequestParameters=Instance,Direction,PeriphInc,MemInc,PeriphDataAlignment,MemDataAlignment,Mode,Priority,FIFOMode,SignalID,Polarity,RequestNumber,SyncSignalID,SyncPolarity,SyncEnable,EventEnable,SyncRequestNumber
PinOutPanel.RotationAngle=0
TIM3.Channel-PWM\ Generation4\ CH4=TIM_CHANNEL_4
PE6.GPIO_Label=CS_MOSI
RCC.MCO1PinFreq_Value=16000000
RCC.SYSCLKSource=RCC_SYSCLKSOURCE_PLLCLK
Dma.USART2_TX.3.EventEnable=DISABLE
RCC.AHB4Freq_Value=240000000
SH.FMC_A15_BA1.0=FMC_BA1,FourSdramBanks1
PA14\ (JTCK/SWCLK).Signal=DEBUG_JTCK-SWCLK
PE2.Mode=TX_Only_Simplex_Unidirect_Master
TIM2.IPParameters=Channel-PWM Generation1 CH1,Prescaler,ClockDivision,Period,Pulse-PWM Generation1 CH1
SH.FMC_D10_DA10.ConfNb=1
USB_HOST0.BSP.component=
RCC.DIVQ3Freq_Value=50390625
PB6.Mode=SdramChipSelect2_1
RCC.SAI2Freq_Value=50000000
PE5.Signal=SAI1_SCK_A
Dma.SAI1_B.1.PeriphDataAlignment=DMA_PDATAALIGN_WORD
PB2.Signal=GPXTI2
PA4.Locked=true
RCC.DIVM2=2
Bdma.SPI6_TX.0.PeriphInc=DMA_PINC_DISABLE
RCC.DIVM1=5
MxDb.Version=DB.6.0.20
PB0.GPIOParameters=GPIO_Label
PA1.GPIOParameters=GPIO_Label
SH.FMC_D15_DA15.ConfNb=1
Dma.USART2_RX.4.EventEnable=DISABLE
PE2.Signal=SPI4_SCK
PF8.Mode=Full_Duplex_Master
PA14\ (JTCK/SWCLK).Mode=Serial_Wire
NVIC.PendSV_IRQn=true\:15\:0\:false\:false\:false\:true\:true\:false
PF3.Signal=FMC_A3
RCC.DIVR2Freq_Value=75000000
PE10.Signal=FMC_D7_DA7
Dma.USART2_TX.3.SyncEnable=DISABLE
RCC.MCO2PinFreq_Value=480000000
PC8.GPIOParameters=GPIO_PuPd,GPIO_Label
PF8.GPIOParameters=GPIO_Label
PG13.GPIOParameters=GPIO_Label
RCC.DFSDMFreq_Value=120000000
PA5.GPIOParameters=GPIO_Label
SH.FMC_A1.0=FMC_A1,12b-sda1
Bdma.SPI6_TX.0.RequestParameters=Instance,Direction,PeriphInc,MemInc,PeriphDataAlignment,MemDataAlignment,Mode,Priority,SignalID,Polarity,RequestNumber,SyncSignalID,SyncPolarity,SyncEnable,EventEnable,SyncRequestNumber
SH.FMC_SDCLK.0=FMC_SDCLK,12b-sda1
RCC.TraceFreq_Value=480000000
RCC.APB4Freq_Value=120000000
RCC.CECFreq_Value=32000
RCC.SAI23Freq_Value=48000000
PF14.Signal=FMC_A8
NVIC.BusFault_IRQn=true\:0\:0\:false\:false\:false\:false\:true\:false
Dma.SPI5_TX.2.RequestNumber=1
PB10.GPIOParameters=GPIO_Label
PH0-OSC_IN\ (PH0).Mode=HSE-External-Oscillator
SH.FMC_D3_DA3.0=FMC_D3,sd-16b-d1
SPI5.VirtualType=VM_MASTER
ProjectManager.CustomerFirmwarePackage=
PC4.GPIOParameters=GPIO_Label
RCC.SAI_AClocksFreq_Value=25000000
Dma.SAI1_B.1.EventEnable=DISABLE
SH.FMC_A7.ConfNb=1
RCC.PLLQoutputFreq_Value=48000000
SH.FMC_A1.ConfNb=1
RCC.DIVQ1=20
VP_SAI1_VP_$IpInstance_SAIA_SAI_BASIC.Mode=SAI_A_BASIC
PG9.Locked=true
PG9.Signal=GPIO_Output
RCC.SWPMI1Freq_Value=120000000
FREERTOS.configCHECK_FOR_STACK_OVERFLOW=2
PC6.Signal=GPIO_Output
PB11.GPIO_Label=CS_RST
PD1.Signal=FMC_D3_DA3
VP_SAI1_VP_$IpInstance_SAIA_SAI_BASIC.Signal=SAI1_VP_$IpInstance_SAIA_SAI_BASIC
RCC.DIVP2=5
Dma.USART2_TX.3.PeriphInc=DMA_PINC_DISABLE
NVIC.DMA2_Stream1_IRQn=true\:5\:0\:true\:false\:true\:true\:true\:true
RCC.UART8Freq_Value=54000000
PC0.Signal=FMC_SDNWE
Dma.USART2_RX.4.RequestNumber=1
RCC.APB1CLKDivider=RCC_HCLK_DIV4
PC11.GPIOParameters=GPIO_Label
RCC.QSPIFreq_Value=240000000
PG13.GPIO_Label=SPI_B_CLK
USB_HOST0.BSP.STBoard=false
SH.FMC_A3.0=FMC_A3,12b-sda1
RCC.USART234578Freq_Value=120000000
Bdma.SPI6_TX.0.Instance=BDMA_Channel0
FMC.CASLatency1=FMC_SDRAM_CAS_LATENCY_3
SPI6.CalculateBaudRate=7.5 MBits/s
RCC.SPI123Freq_Value=48000000
Dma.SAI1_A.0.RequestNumber=1
SH.FMC_D15_DA15.0=FMC_D15,sd-16b-d1
USB_HOST.VirtualModeHS=Audio
PC6.Locked=true
RCC.DIVN2=12
RCC.DIVN1=192
PB10.Signal=GPIO_Output
PC6.PinState=GPIO_PIN_SET
Bdma.SPI6_TX.0.PeriphDataAlignment=DMA_PDATAALIGN_BYTE
FREERTOS.MEMORY_ALLOCATION=2
PA15\ (JTDI).GPIO_Speed=GPIO_SPEED_FREQ_VERY_HIGH
ProjectManager.LastFirmware=true
Dma.SAI1_A.0.PeriphInc=DMA_PINC_DISABLE
PE15.Signal=FMC_D12_DA12
PE8.Signal=FMC_D5_DA5
RCC.RNGFreq_Value=48000000
RCC.EthernetFreq_Value=168000000
TIM3.IPParameters=Channel-PWM Generation4 CH4,Pulse-PWM Generation4 CH4,Period,OCFastMode_PWM-PWM Generation4 CH4,ClockDivision
Bdma.SPI6_TX.0.SyncRequestNumber=1
PG14.GPIO_Label=SPI_B_MOSI
SH.FMC_SDNCAS.0=FMC_SDNCAS,12b-sda1
RCC.ProductRev=revV
ProjectManager.FreePins=true
RCC.LPTIM2Freq_Value=120000000
SH.FMC_NBL1.ConfNb=1
RCC.RTCHSEDivFreq_Value=12500000
ProjectManager.UnderRoot=false
SH.FMC_D7_DA7.ConfNb=1
Dma.SAI1_B.1.MemDataAlignment=DMA_MDATAALIGN_WORD
PA4.Signal=GPIO_Output
Bdma.SPI6_TX.0.SyncPolarity=HAL_DMAMUX_SYNC_NO_EVENT
PB5.Signal=FMC_SDCKE1
Dma.USART2_RX.4.MemDataAlignment=DMA_MDATAALIGN_BYTE
SAI1.AudioMode-SAI_A_AsyncSlave=SAI_MODESLAVE_TX
SH.FMC_A10.ConfNb=1
ProjectManager.CompilerOptimize=6
SH.FMC_A5.0=FMC_A5,12b-sda1
PA11.Signal=USB_OTG_FS_DM
RCC.LPTIM345Freq_Value=120000000
ProjectManager.ComputerToolchain=false
PF9.Signal=SPI5_MOSI
SAI1.InitProtocol-SAI_A_AsyncSlave=Enable
Dma.USART2_TX.3.Priority=DMA_PRIORITY_LOW
RCC.LTDCFreq_Value=50390625
Dma.SPI5_TX.2.SyncPolarity=HAL_DMAMUX_SYNC_NO_EVENT
PB3\ (JTDO/TRACESWO).Mode=Full_Duplex_Master
Dma.USART2_RX.4.Mode=DMA_NORMAL
SH.FMC_D12_DA12.ConfNb=1
Bdma.SPI6_TX.0.EventEnable=DISABLE
RCC.HCLK3ClockFreq_Value=240000000
RCC.I2C2Freq_Value=54000000
SPI5.IPParameters=VirtualType,Mode,Direction,CalculateBaudRate,BaudRatePrescaler,DataSize,NSSPMode
PB0.Signal=GPIO_Output
Dma.SPI5_TX.2.Mode=DMA_NORMAL
Dma.USART2_RX.4.Polarity=HAL_DMAMUX_REQ_GEN_RISING
Dma.SAI1_A.0.FIFOMode=DMA_FIFOMODE_DISABLE
USB_HOST0.BSP.mode=Output
PA7.GPIOParameters=GPIO_Label
Dma.SAI1_A.0.Instance=DMA2_Stream1
Dma.SAI1_A.0.PeriphDataAlignment=DMA_PDATAALIGN_WORD
PA13\ (JTMS/SWDIO).Signal=DEBUG_JTMS-SWDIO
SPI6.VirtualType=VM_MASTER
Dma.SAI1_A.0.RequestParameters=Instance,Direction,PeriphInc,MemInc,PeriphDataAlignment,MemDataAlignment,Mode,Priority,FIFOMode,SignalID,Polarity,RequestNumber,SyncSignalID,SyncPolarity,SyncEnable,EventEnable,SyncRequestNumber
RCC.DIVQ2Freq_Value=75000000
RCC.SAI1Freq_Value=30000000
RCC.CortexFreq_Value=480000000
SH.FMC_A2.ConfNb=1
Mcu.UserName=STM32H743ZGTx
RCC.HPRE=RCC_HCLK_DIV2
Dma.USART2_TX.3.Polarity=HAL_DMAMUX_REQ_GEN_RISING
PC10.Locked=true
PC10.Signal=GPIO_Output
SPI4.Direction=SPI_DIRECTION_2LINES_TXONLY
SH.FMC_NBL0.0=FMC_NBL0,Sd2ByteEnable1
ProjectManager.functionlistsort=1-MX_GPIO_Init-GPIO-false-HAL-true,2-MX_BDMA_Init-BDMA-false-HAL-true,3-MX_DMA_Init-DMA-false-HAL-true,4-MX_FMC_Init-FMC-false-HAL-true,5-MX_SAI1_Init-SAI1-false-HAL-true,6-MX_SPI4_Init-SPI4-false-HAL-true,7-SystemClock_Config-RCC-false-HAL-true,8-MX_SPI1_Init-SPI1-false-HAL-true,9-MX_SPI5_Init-SPI5-false-HAL-true,10-MX_TIM3_Init-TIM3-false-HAL-true,11-MX_USART2_UART_Init-USART2-false-HAL-true,12-MX_SPI6_Init-SPI6-false-HAL-true,13-MX_USB_HOST_Init-USB_HOST-false-HAL-false,14-MX_USB_DEVICE_Init-USB_DEVICE-false-HAL-false,15-MX_TIM2_Init-TIM2-false-HAL-true,0-MX_CORTEX_M7_Init-CORTEX_M7-false-HAL-true
PA2.GPIO_Speed=GPIO_SPEED_FREQ_MEDIUM
SH.FMC_D6_DA6.0=FMC_D6,sd-16b-d1
PB0.GPIO_Label=FLASH_nWP
RCC.PLLI2SRCLKFreq_Value=96000000
RCC.USART2Freq_Value=54000000
Dma.USART2_TX.3.Direction=DMA_MEMORY_TO_PERIPH
Dma.USART2_RX.4.Instance=DMA1_Stream5
PB11.Signal=GPIO_Output
PE5.GPIOParameters=GPIO_Label
ProjectManager.StackSize=0x400
RCC.SAI_BClocksFreq_Value=25000000
RCC.VCOInput3Freq_Value=781250
RCC.I2C3Freq_Value=54000000
USB_HOST.USBH_HandleTypeDef-AUDIO_HS=hUsbHostHS
SH.FMC_A7.0=FMC_A7,12b-sda1
PA12.Signal=USB_OTG_FS_DP
Mcu.UserConstants=
SPI4.Mode=SPI_MODE_MASTER
Mcu.ThirdPartyNb=0
RCC.HCLKFreq_Value=240000000
Mcu.IPNb=21
RCC.I2SClocksFreq_Value=96000000
RCC.PLLI2SRoutputFreq_Value=96000000
Dma.USART2_RX.4.SignalID=NONE
Dma.USART2_TX.3.RequestNumber=1
RCC.SPDIFRXFreq_Value=48000000
SPI6.IPParameters=VirtualType,Mode,Direction,CalculateBaudRate,BaudRatePrescaler,DataSize,NSSPMode
PF12.Signal=FMC_A6
FREERTOS.configUSE_MALLOC_FAILED_HOOK=1
Mcu.Pin6=PF1
Mcu.Pin7=PF2
Mcu.Pin8=PF3
Mcu.Pin9=PF4
Dma.SAI1_A.0.SyncPolarity=HAL_DMAMUX_SYNC_NO_EVENT
RCC.VCOSAIOutputFreq_Value=100000000
SH.FMC_A10.0=FMC_A10,12b-sda1
RCC.AHBFreq_Value=168000000
Mcu.Pin0=PE2
Mcu.Pin1=PE3
GPIO.groupedBy=Group By Peripherals
Mcu.Pin2=PE4
Mcu.Pin3=PE5
TIM3.ClockDivision=TIM_CLOCKDIVISION_DIV2
Mcu.Pin4=PE6
Mcu.Pin5=PF0
SH.FMC_D8_DA8.0=FMC_D8,sd-16b-d1
FMC.RPDelay2=2
USART2.VirtualMode-Asynchronous=VM_ASYNC
FMC.RPDelay1=2
SH.FMC_D2_DA2.0=FMC_D2,sd-16b-d1
Dma.SPI5_TX.2.MemDataAlignment=DMA_MDATAALIGN_BYTE
PE13.Signal=FMC_D10_DA10
Dma.USART2_RX.4.FIFOMode=DMA_FIFOMODE_DISABLE
PF7.GPIO_Label=SPI_A_SCK
Dma.SPI5_TX.2.Priority=DMA_PRIORITY_LOW
File.Version=6
Dma.USART2_RX.4.SyncRequestNumber=1
Dma.SAI1_A.0.EventEnable=DISABLE
SH.FMC_D5_DA5.ConfNb=1
SH.S_TIM2_CH1.ConfNb=1
SH.FMC_D2_DA2.ConfNb=1
PG13.Mode=TX_Only_Simplex_Unidirect_Master
FMC.ReadPipeDelay1=FMC_SDRAM_RPIPE_DELAY_0
PE4.Mode=SAI_A_AsyncSlave
SH.FMC_SDNRAS.0=FMC_SDNRAS,12b-sda1
USB_HOST0.BSP.i2creg=
PE4.Signal=SAI1_FS_A
PE6.GPIOParameters=GPIO_Label
Dma.RequestsNb=5
SPI4.BaudRatePrescaler=SPI_BAUDRATEPRESCALER_32
ProjectManager.ProjectName=Magus3
RCC.APB3Freq_Value=120000000
USB_HOST0.BSP.i2caddr=0
SPI5.BaudRatePrescaler=SPI_BAUDRATEPRESCALER_64
SH.FMC_D0_DA0.0=FMC_D0,sd-16b-d1
RCC.D1PPRE=RCC_APB3_DIV2
USART2.VirtualMode=VM_ASYNC
PA2.GPIO_Label=UART_MOSI
RCC.LSI_VALUE=32000
Bdma.SPI6_TX.0.Priority=DMA_PRIORITY_LOW
USB_OTG_FS.VirtualMode=Device_Only
SH.FMC_A9.0=FMC_A9,12b-sda1
SH.FMC_D4_DA4.0=FMC_D4,sd-16b-d1
RCC.PLLSAIN=100
PF5.Signal=FMC_A5
Dma.SPI5_TX.2.Instance=DMA2_Stream6
Dma.SAI1_B.1.SignalID=NONE
PC4.Locked=true
PF0.Signal=FMC_A0
SH.FMC_NBL0.ConfNb=1
SPI1.BaudRatePrescaler=SPI_BAUDRATEPRESCALER_16
PE3.Mode=SAI_B_SyncSlave
Dma.SPI5_TX.2.FIFOMode=DMA_FIFOMODE_DISABLE
RCC.Tim2OutputFreq_Value=240000000
RCC.DFSDMACLkFreq_Value=30000000
PA2.Locked=true
SAI1.Synchro_A=SAI_ASYNCHRONOUS
SH.FMC_A9.ConfNb=1
SAI1.Synchro_B=SAI_SYNCHRONOUS
PA7.Mode=Full_Duplex_Master
PA13\ (JTMS/SWDIO).Mode=Serial_Wire
PC10.GPIO_Label=ENC_NRST
Dma.SAI1_B.1.Polarity=HAL_DMAMUX_REQ_GEN_RISING
ProjectManager.NoMain=false
SPI1.IPParameters=VirtualType,Mode,Direction,CalculateBaudRate,DataSize,NSSPMode,BaudRatePrescaler
USB_DEVICE.VirtualModeFS=Audio_FS
PG1.Signal=FMC_A11
RCC.SAI4BFreq_Value=48000000
SH.FMC_SDCLK.ConfNb=1
PC4.Signal=GPIO_Output
USB_HOST.BSP.number=1
RCC.D2PPRE2=RCC_APB2_DIV2
RCC.D2PPRE1=RCC_APB1_DIV2
Dma.SPI5_TX.2.RequestParameters=Instance,Direction,PeriphInc,MemInc,PeriphDataAlignment,MemDataAlignment,Mode,Priority,FIFOMode,SignalID,Polarity,RequestNumber,SyncSignalID,SyncPolarity,SyncEnable,EventEnable,SyncRequestNumber
Dma.SAI1_A.0.MemInc=DMA_MINC_ENABLE
NVIC.USART2_IRQn=true\:5\:0\:false\:false\:true\:true\:true\:true
NVIC.SPI5_IRQn=true\:10\:0\:true\:false\:true\:true\:true\:true
TIM2.Pulse-PWM\ Generation1\ CH1=100
RCC.SPI6Freq_Value=120000000
PC8.GPIO_Label=USB_HOST_PWR_FAULT
PF7.Mode=Full_Duplex_Master
RCC.SPI45Freq_Value=120000000
SAI1.BasicDataSize-SAI_A_AsyncSlave=SAI_PROTOCOL_DATASIZE_24BIT
SPI6.DataSize=SPI_DATASIZE_8BIT
PB3\ (JTDO/TRACESWO).Locked=true
PB3\ (JTDO/TRACESWO).Signal=SPI1_SCK
ProjectManager.TargetToolchain=Other Toolchains (GPDSC)
NVIC.DMA1_Stream5_IRQn=true\:5\:0\:false\:false\:true\:true\:false\:true
SH.FMC_D1_DA1.ConfNb=1
Bdma.RequestsNb=1
PB2.GPIOParameters=GPIO_Label
RCC.VcooutputI2SQ=96000000
PF2.Signal=FMC_A2
Dma.USART2_TX.3.PeriphDataAlignment=DMA_PDATAALIGN_BYTE
ProjectManager.RegisterCallBack=
RCC.PLLSAIoutputFreq_Value=50000000
USB_DEVICE.SERIALNUMBER_STRING_AUDIO_FS=00000000010D
PE11.Signal=FMC_D8_DA8
RCC.LSE_VALUE=32768
PB1.Locked=true
SAI1.AudioMode-SAI_B_SyncSlave=SAI_MODESLAVE_RX
Dma.SAI1_A.0.Priority=DMA_PRIORITY_VERY_HIGH
PG9.GPIO_Label=ENC_nCS
PG14.Signal=SPI6_MOSI
SAI1.IPParameters=Instance-SAI_A_AsyncSlave,VirtualMode-SAI_A_AsyncSlave,Instance-SAI_B_SyncSlave,VirtualMode-SAI_B_SyncSlave,AudioMode-SAI_B_SyncSlave,AudioMode-SAI_A_AsyncSlave,Synchro_A,Synchro_B,InitProtocol-SAI_A_AsyncSlave,VirtualProtocol-SAI_A_BASIC,InitProtocol-SAI_B_SyncSlave,VirtualProtocol-SAI_B_BASIC,BasicDataSize-SAI_A_AsyncSlave,BasicDataSize-SAI_B_SyncSlave
RCC.VCOInput1Freq_Value=5000000
Dma.USART2_RX.4.SyncEnable=DISABLE
Dma.USART2_RX.4.Direction=DMA_PERIPH_TO_MEMORY
NVIC.SavedSystickIrqHandlerGenerated=true
RCC.APB2Freq_Value=120000000
USB_HOST0.BSP.api=Unknown
SH.FMC_D13_DA13.ConfNb=1
SPI6.Direction=SPI_DIRECTION_2LINES_TXONLY
PF15.Signal=FMC_A9
SPI4.CalculateBaudRate=3.75 MBits/s
PA4.GPIOParameters=GPIO_Label
PE6.Signal=SPI4_MOSI
Mcu.Name=STM32H743ZGTx
PA2.Signal=USART2_TX
PD14.Signal=FMC_D0_DA0
TIM3.OCFastMode_PWM-PWM\ Generation4\ CH4=TIM_OCFAST_DISABLE
PA7.GPIO_Label=FLASH_MOSI
PA12.Mode=Device_Only
Dma.SAI1_B.1.Direction=DMA_PERIPH_TO_MEMORY
PC5.GPIO_Label=FLASH_nCS
SAI1.Instance-SAI_B_SyncSlave=SAI$Index_Block_B
RCC.SAI4AFreq_Value=48000000
RCC.DIVQ1Freq_Value=48000000
PE3.GPIO_Label=CS_SDOUT
Dma.SAI1_B.1.SyncRequestNumber=1
RCC.D3PPRE=RCC_APB4_DIV2
RCC.VCOInput2Freq_Value=12500000
RCC.APB1Freq_Value=120000000
USART2.Mode=MODE_TX_RX
SAI1.InitProtocol-SAI_B_SyncSlave=Enable
TIM3.Pulse-PWM\ Generation4\ CH4=50
PB11.Locked=true
ProjectManager.DeviceId=STM32H743ZGTx
ProjectManager.LibraryCopy=2
SPI5.Direction=SPI_DIRECTION_2LINES
SH.S_TIM3_CH4.0=TIM3_CH4,PWM Generation4 CH4
PB1.GPIOParameters=GPIO_Speed,GPIO_Label
PA7.Signal=SPI1_MOSI
