#MicroXplorer Configuration settings - do not modify
ADC1.Channel-0\#ChannelRegularConversion=ADC_CHANNEL_16
ADC1.IPParameters=Rank-0\#ChannelRegularConversion,Channel-0\#ChannelRegularConversion,SamplingTime-0\#ChannelRegularConversion,OffsetNumber-0\#ChannelRegularConversion,OffsetSignedSaturation-0\#ChannelRegularConversion,NbrOfConversionFlag,master
ADC1.NbrOfConversionFlag=1
ADC1.OffsetNumber-0\#ChannelRegularConversion=ADC_OFFSET_NONE
ADC1.OffsetSignedSaturation-0\#ChannelRegularConversion=DISABLE
ADC1.Rank-0\#ChannelRegularConversion=1
ADC1.SamplingTime-0\#ChannelRegularConversion=ADC_SAMPLETIME_1CYCLE_5
ADC1.master=1
DAC1.DAC_Channel-DAC_OUT2=DAC_CHANNEL_2
DAC1.IPParameters=DAC_Channel-DAC_OUT2
Dma.ADC1.3.Direction=DMA_PERIPH_TO_MEMORY
Dma.ADC1.3.EventEnable=DISABLE
Dma.ADC1.3.FIFOMode=DMA_FIFOMODE_DISABLE
Dma.ADC1.3.Instance=DMA1_Stream0
Dma.ADC1.3.MemDataAlignment=DMA_MDATAALIGN_HALFWORD
Dma.ADC1.3.MemInc=DMA_MINC_ENABLE
Dma.ADC1.3.Mode=DMA_CIRCULAR
Dma.ADC1.3.PeriphDataAlignment=DMA_PDATAALIGN_HALFWORD
Dma.ADC1.3.PeriphInc=DMA_PINC_DISABLE
Dma.ADC1.3.Polarity=HAL_DMAMUX_REQ_GEN_RISING
Dma.ADC1.3.Priority=DMA_PRIORITY_LOW
Dma.ADC1.3.RequestNumber=1
Dma.ADC1.3.RequestParameters=Instance,Direction,PeriphInc,MemInc,PeriphDataAlignment,MemDataAlignment,Mode,Priority,FIFOMode,SignalID,Polarity,RequestNumber,SyncSignalID,SyncPolarity,SyncEnable,EventEnable,SyncRequestNumber
Dma.ADC1.3.SignalID=NONE
Dma.ADC1.3.SyncEnable=DISABLE
Dma.ADC1.3.SyncPolarity=HAL_DMAMUX_SYNC_NO_EVENT
Dma.ADC1.3.SyncRequestNumber=1
Dma.ADC1.3.SyncSignalID=NONE
Dma.Request0=SPI2_TX
Dma.Request1=SAI1_A
Dma.Request2=SAI1_B
Dma.Request3=ADC1
Dma.Request4=UART5_RX
Dma.Request5=UART5_TX
Dma.RequestsNb=6
Dma.SAI1_A.1.Direction=DMA_MEMORY_TO_PERIPH
Dma.SAI1_A.1.EventEnable=DISABLE
Dma.SAI1_A.1.FIFOMode=DMA_FIFOMODE_DISABLE
Dma.SAI1_A.1.Instance=DMA2_Stream1
Dma.SAI1_A.1.MemDataAlignment=DMA_MDATAALIGN_WORD
Dma.SAI1_A.1.MemInc=DMA_MINC_ENABLE
Dma.SAI1_A.1.Mode=DMA_CIRCULAR
Dma.SAI1_A.1.PeriphDataAlignment=DMA_PDATAALIGN_WORD
Dma.SAI1_A.1.PeriphInc=DMA_PINC_DISABLE
Dma.SAI1_A.1.Polarity=HAL_DMAMUX_REQ_GEN_RISING
Dma.SAI1_A.1.Priority=DMA_PRIORITY_HIGH
Dma.SAI1_A.1.RequestNumber=1
Dma.SAI1_A.1.RequestParameters=Instance,Direction,PeriphInc,MemInc,PeriphDataAlignment,MemDataAlignment,Mode,Priority,FIFOMode,SignalID,Polarity,RequestNumber,SyncSignalID,SyncPolarity,SyncEnable,EventEnable,SyncRequestNumber
Dma.SAI1_A.1.SignalID=NONE
Dma.SAI1_A.1.SyncEnable=DISABLE
Dma.SAI1_A.1.SyncPolarity=HAL_DMAMUX_SYNC_NO_EVENT
Dma.SAI1_A.1.SyncRequestNumber=1
Dma.SAI1_A.1.SyncSignalID=NONE
Dma.SAI1_B.2.Direction=DMA_PERIPH_TO_MEMORY
Dma.SAI1_B.2.EventEnable=DISABLE
Dma.SAI1_B.2.FIFOMode=DMA_FIFOMODE_DISABLE
Dma.SAI1_B.2.Instance=DMA2_Stream4
Dma.SAI1_B.2.MemDataAlignment=DMA_MDATAALIGN_WORD
Dma.SAI1_B.2.MemInc=DMA_MINC_ENABLE
Dma.SAI1_B.2.Mode=DMA_CIRCULAR
Dma.SAI1_B.2.PeriphDataAlignment=DMA_PDATAALIGN_WORD
Dma.SAI1_B.2.PeriphInc=DMA_PINC_DISABLE
Dma.SAI1_B.2.Polarity=HAL_DMAMUX_REQ_GEN_RISING
Dma.SAI1_B.2.Priority=DMA_PRIORITY_HIGH
Dma.SAI1_B.2.RequestNumber=1
Dma.SAI1_B.2.RequestParameters=Instance,Direction,PeriphInc,MemInc,PeriphDataAlignment,MemDataAlignment,Mode,Priority,FIFOMode,SignalID,Polarity,RequestNumber,SyncSignalID,SyncPolarity,SyncEnable,EventEnable,SyncRequestNumber
Dma.SAI1_B.2.SignalID=NONE
Dma.SAI1_B.2.SyncEnable=DISABLE
Dma.SAI1_B.2.SyncPolarity=HAL_DMAMUX_SYNC_NO_EVENT
Dma.SAI1_B.2.SyncRequestNumber=1
Dma.SAI1_B.2.SyncSignalID=NONE
Dma.SPI2_TX.0.Direction=DMA_MEMORY_TO_PERIPH
Dma.SPI2_TX.0.EventEnable=DISABLE
Dma.SPI2_TX.0.FIFOMode=DMA_FIFOMODE_DISABLE
Dma.SPI2_TX.0.Instance=DMA1_Stream4
Dma.SPI2_TX.0.MemDataAlignment=DMA_MDATAALIGN_BYTE
Dma.SPI2_TX.0.MemInc=DMA_MINC_ENABLE
Dma.SPI2_TX.0.Mode=DMA_NORMAL
Dma.SPI2_TX.0.PeriphDataAlignment=DMA_PDATAALIGN_BYTE
Dma.SPI2_TX.0.PeriphInc=DMA_PINC_DISABLE
Dma.SPI2_TX.0.Polarity=HAL_DMAMUX_REQ_GEN_RISING
Dma.SPI2_TX.0.Priority=DMA_PRIORITY_LOW
Dma.SPI2_TX.0.RequestNumber=1
Dma.SPI2_TX.0.RequestParameters=Instance,Direction,PeriphInc,MemInc,PeriphDataAlignment,MemDataAlignment,Mode,Priority,FIFOMode,SignalID,Polarity,RequestNumber,SyncSignalID,SyncPolarity,SyncEnable,EventEnable,SyncRequestNumber
Dma.SPI2_TX.0.SignalID=NONE
Dma.SPI2_TX.0.SyncEnable=DISABLE
Dma.SPI2_TX.0.SyncPolarity=HAL_DMAMUX_SYNC_NO_EVENT
Dma.SPI2_TX.0.SyncRequestNumber=1
Dma.SPI2_TX.0.SyncSignalID=NONE
Dma.UART5_RX.4.Direction=DMA_PERIPH_TO_MEMORY
Dma.UART5_RX.4.EventEnable=DISABLE
Dma.UART5_RX.4.FIFOMode=DMA_FIFOMODE_DISABLE
Dma.UART5_RX.4.Instance=DMA1_Stream1
Dma.UART5_RX.4.MemDataAlignment=DMA_MDATAALIGN_BYTE
Dma.UART5_RX.4.MemInc=DMA_MINC_ENABLE
Dma.UART5_RX.4.Mode=DMA_NORMAL
Dma.UART5_RX.4.PeriphDataAlignment=DMA_PDATAALIGN_BYTE
Dma.UART5_RX.4.PeriphInc=DMA_PINC_DISABLE
Dma.UART5_RX.4.Polarity=HAL_DMAMUX_REQ_GEN_RISING
Dma.UART5_RX.4.Priority=DMA_PRIORITY_LOW
Dma.UART5_RX.4.RequestNumber=1
Dma.UART5_RX.4.RequestParameters=Instance,Direction,PeriphInc,MemInc,PeriphDataAlignment,MemDataAlignment,Mode,Priority,FIFOMode,SignalID,Polarity,RequestNumber,SyncSignalID,SyncPolarity,SyncEnable,EventEnable,SyncRequestNumber
Dma.UART5_RX.4.SignalID=NONE
Dma.UART5_RX.4.SyncEnable=DISABLE
Dma.UART5_RX.4.SyncPolarity=HAL_DMAMUX_SYNC_NO_EVENT
Dma.UART5_RX.4.SyncRequestNumber=1
Dma.UART5_RX.4.SyncSignalID=NONE
Dma.UART5_TX.5.Direction=DMA_MEMORY_TO_PERIPH
Dma.UART5_TX.5.EventEnable=DISABLE
Dma.UART5_TX.5.FIFOMode=DMA_FIFOMODE_DISABLE
Dma.UART5_TX.5.Instance=DMA1_Stream2
Dma.UART5_TX.5.MemDataAlignment=DMA_MDATAALIGN_BYTE
Dma.UART5_TX.5.MemInc=DMA_MINC_ENABLE
Dma.UART5_TX.5.Mode=DMA_NORMAL
Dma.UART5_TX.5.PeriphDataAlignment=DMA_PDATAALIGN_BYTE
Dma.UART5_TX.5.PeriphInc=DMA_PINC_DISABLE
Dma.UART5_TX.5.Polarity=HAL_DMAMUX_REQ_GEN_RISING
Dma.UART5_TX.5.Priority=DMA_PRIORITY_LOW
Dma.UART5_TX.5.RequestNumber=1
Dma.UART5_TX.5.RequestParameters=Instance,Direction,PeriphInc,MemInc,PeriphDataAlignment,MemDataAlignment,Mode,Priority,FIFOMode,SignalID,Polarity,RequestNumber,SyncSignalID,SyncPolarity,SyncEnable,EventEnable,SyncRequestNumber
Dma.UART5_TX.5.SignalID=NONE
Dma.UART5_TX.5.SyncEnable=DISABLE
Dma.UART5_TX.5.SyncPolarity=HAL_DMAMUX_SYNC_NO_EVENT
Dma.UART5_TX.5.SyncRequestNumber=1
Dma.UART5_TX.5.SyncSignalID=NONE
FMC.CASLatency1=FMC_SDRAM_CAS_LATENCY_3
FMC.ExitSelfRefreshDelay1=6
FMC.IPParameters=ReadBurst1,ReadPipeDelay1,LoadToActiveDelay1,ExitSelfRefreshDelay1,SelfRefreshTime1,RowCycleDelay1,WriteRecoveryTime1,RPDelay1,RCDDelay1,SDClockPeriod1,CASLatency1
FMC.LoadToActiveDelay1=2
FMC.RCDDelay1=2
FMC.RPDelay1=2
FMC.ReadBurst1=FMC_SDRAM_RBURST_ENABLE
FMC.ReadPipeDelay1=FMC_SDRAM_RPIPE_DELAY_0
FMC.RowCycleDelay1=6
FMC.SDClockPeriod1=FMC_SDRAM_CLOCK_PERIOD_2
FMC.SelfRefreshTime1=4
FMC.WriteRecoveryTime1=2
FREERTOS.FootprintOK=true
FREERTOS.INCLUDE_vTaskDelayUntil=1
FREERTOS.IPParameters=Tasks01,configUSE_PREEMPTION,MEMORY_ALLOCATION,configUSE_MUTEXES,FootprintOK,configUSE_MALLOC_FAILED_HOOK,configCHECK_FOR_STACK_OVERFLOW,INCLUDE_vTaskDelayUntil
FREERTOS.MEMORY_ALLOCATION=2
FREERTOS.Tasks01=defaultTask,0,1024,StartDefaultTask,Default,NULL,Dynamic,NULL,NULL
FREERTOS.configCHECK_FOR_STACK_OVERFLOW=2
FREERTOS.configUSE_MALLOC_FAILED_HOOK=1
FREERTOS.configUSE_MUTEXES=0
FREERTOS.configUSE_PREEMPTION=0
File.Version=6
GPIO.groupedBy=Group By Peripherals
KeepUserPlacement=true
Mcu.Family=STM32H7
Mcu.IP0=ADC1
Mcu.IP1=CORTEX_M7
Mcu.IP10=SPI2
Mcu.IP11=SPI4
Mcu.IP12=SPI5
Mcu.IP13=SYS
Mcu.IP14=TIM2
Mcu.IP15=TIM3
Mcu.IP16=TIM6
Mcu.IP17=UART5
Mcu.IP18=USART2
Mcu.IP19=USB_OTG_FS
Mcu.IP2=DAC1
Mcu.IP20=USB_OTG_HS
Mcu.IP3=DEBUG
Mcu.IP4=DMA
Mcu.IP5=FMC
Mcu.IP6=FREERTOS
Mcu.IP7=NVIC
Mcu.IP8=RCC
Mcu.IP9=SAI1
Mcu.IPNb=21
Mcu.Name=STM32H743ZGTx
Mcu.Package=LQFP144
Mcu.Pin0=PE2
Mcu.Pin1=PE3
Mcu.Pin10=PF5
Mcu.Pin11=PF6
Mcu.Pin12=PF7
Mcu.Pin13=PF8
Mcu.Pin14=PF9
Mcu.Pin15=PH0-OSC_IN (PH0)
Mcu.Pin16=PH1-OSC_OUT (PH1)
Mcu.Pin17=PC0
Mcu.Pin18=PC1
Mcu.Pin19=PC2_C
Mcu.Pin2=PE4
Mcu.Pin20=PC3_C
Mcu.Pin21=PA0
Mcu.Pin22=PA1
Mcu.Pin23=PA2
Mcu.Pin24=PA3
Mcu.Pin25=PA4
Mcu.Pin26=PA5
Mcu.Pin27=PA6
Mcu.Pin28=PA7
Mcu.Pin29=PF11
Mcu.Pin3=PE5
Mcu.Pin30=PF12
Mcu.Pin31=PF13
Mcu.Pin32=PF14
Mcu.Pin33=PF15
Mcu.Pin34=PG0
Mcu.Pin35=PG1
Mcu.Pin36=PE7
Mcu.Pin37=PE8
Mcu.Pin38=PE9
Mcu.Pin39=PE10
Mcu.Pin4=PE6
Mcu.Pin40=PE11
Mcu.Pin41=PE12
Mcu.Pin42=PE13
Mcu.Pin43=PE14
Mcu.Pin44=PE15
Mcu.Pin45=PB10
Mcu.Pin46=PB11
Mcu.Pin47=PB12
Mcu.Pin48=PB13
Mcu.Pin49=PB14
Mcu.Pin5=PF0
Mcu.Pin50=PB15
Mcu.Pin51=PD8
Mcu.Pin52=PD9
Mcu.Pin53=PD10
Mcu.Pin54=PD14
Mcu.Pin55=PD15
Mcu.Pin56=PG4
Mcu.Pin57=PG5
Mcu.Pin58=PG8
Mcu.Pin59=PC9
Mcu.Pin6=PF1
Mcu.Pin60=PA9
Mcu.Pin61=PA10
Mcu.Pin62=PA11
Mcu.Pin63=PA12
Mcu.Pin64=PA13 (JTMS/SWDIO)
Mcu.Pin65=PA14 (JTCK/SWCLK)
Mcu.Pin66=PA15 (JTDI)
Mcu.Pin67=PC10
Mcu.Pin68=PC11
Mcu.Pin69=PC12
Mcu.Pin7=PF2
Mcu.Pin70=PD0
Mcu.Pin71=PD1
Mcu.Pin72=PD2
Mcu.Pin73=PD3
Mcu.Pin74=PD4
Mcu.Pin75=PD6
Mcu.Pin76=PG9
Mcu.Pin77=PG10
Mcu.Pin78=PG14
Mcu.Pin79=PG15
Mcu.Pin8=PF3
Mcu.Pin80=PB3 (JTDO/TRACESWO)
Mcu.Pin81=PB4 (NJTRST)
Mcu.Pin82=PB5
Mcu.Pin83=PB6
Mcu.Pin84=PE0
Mcu.Pin85=PE1
Mcu.Pin86=VP_FREERTOS_VS_CMSIS_V1
Mcu.Pin87=VP_SAI1_VP_$IpInstance_SAIA_SAI_BASIC
Mcu.Pin88=VP_SAI1_VP_$IpInstance_SAIB_SAI_BASIC
Mcu.Pin89=VP_SYS_VS_Systick
Mcu.Pin9=PF4
Mcu.Pin90=VP_TIM6_VS_ClockSourceINT
Mcu.PinsNb=91
Mcu.ThirdPartyNb=0
Mcu.UserConstants=
Mcu.UserName=STM32H743ZGTx
MxCube.Version=6.1.1
MxDb.Version=DB.6.0.10
NVIC.BusFault_IRQn=true\:0\:0\:false\:false\:false\:false\:true\:false
NVIC.DMA1_Stream0_IRQn=true\:5\:0\:false\:false\:true\:true\:false\:true
NVIC.DMA1_Stream1_IRQn=true\:5\:0\:false\:false\:true\:true\:false\:true
NVIC.DMA1_Stream2_IRQn=true\:5\:0\:false\:false\:true\:true\:false\:true
NVIC.DMA1_Stream4_IRQn=true\:5\:0\:false\:false\:true\:true\:true\:true
NVIC.DMA2_Stream1_IRQn=true\:5\:0\:false\:false\:true\:true\:true\:true
NVIC.DMA2_Stream4_IRQn=true\:5\:0\:false\:false\:true\:true\:true\:true
NVIC.DebugMonitor_IRQn=true\:0\:0\:false\:false\:false\:false\:true\:false
NVIC.EXTI15_10_IRQn=true\:10\:0\:true\:false\:true\:false\:true\:true
NVIC.EXTI4_IRQn=true\:10\:0\:true\:false\:true\:false\:true\:true
NVIC.ForceEnableDMAVector=true
NVIC.HardFault_IRQn=true\:0\:0\:false\:false\:false\:false\:true\:false
NVIC.MemoryManagement_IRQn=true\:0\:0\:false\:false\:false\:false\:true\:false
NVIC.NonMaskableInt_IRQn=true\:0\:0\:false\:false\:false\:false\:true\:false
NVIC.OTG_FS_IRQn=true\:10\:0\:true\:false\:true\:false\:true\:true
NVIC.OTG_HS_IRQn=true\:10\:0\:true\:false\:true\:false\:true\:true
NVIC.PendSV_IRQn=true\:15\:0\:false\:false\:false\:true\:true\:false
NVIC.PriorityGroup=NVIC_PRIORITYGROUP_4
NVIC.SPI2_IRQn=true\:5\:0\:false\:false\:true\:true\:true\:true
NVIC.SVCall_IRQn=true\:0\:0\:false\:false\:false\:false\:true\:false
NVIC.SavedPendsvIrqHandlerGenerated=true
NVIC.SavedSvcallIrqHandlerGenerated=true
NVIC.SavedSystickIrqHandlerGenerated=true
NVIC.SysTick_IRQn=true\:15\:0\:false\:false\:true\:true\:true\:true
NVIC.TIM2_IRQn=true\:10\:0\:true\:false\:true\:false\:true\:true
NVIC.TIM3_IRQn=true\:10\:0\:true\:false\:true\:false\:true\:true
NVIC.UART5_IRQn=true\:5\:0\:false\:false\:true\:true\:true\:true
NVIC.UsageFault_IRQn=true\:0\:0\:false\:false\:false\:false\:true\:false
PA0.GPIOParameters=GPIO_Label
PA0.GPIO_Label=ADC0
PA0.Locked=true
PA0.Mode=IN16-Single-Ended
PA0.Signal=ADC1_INP16
PA1.GPIOParameters=GPIO_Label
PA1.GPIO_Label=ADC1
PA1.Locked=true
PA1.Signal=SharedAnalog_PA1
PA10.GPIOParameters=GPIO_Label
PA10.GPIO_Label=USB_HOST_PWR_FAULT
PA10.Locked=true
PA10.Signal=GPIO_Input
PA11.Mode=Device_Only
PA11.Signal=USB_OTG_FS_DM
PA12.Mode=Device_Only
PA12.Signal=USB_OTG_FS_DP
PA13\ (JTMS/SWDIO).Mode=Serial_Wire
PA13\ (JTMS/SWDIO).Signal=DEBUG_JTMS-SWDIO
PA14\ (JTCK/SWCLK).Mode=Serial_Wire
PA14\ (JTCK/SWCLK).Signal=DEBUG_JTCK-SWCLK
PA15\ (JTDI).GPIOParameters=GPIO_PuPd,GPIO_Label
PA15\ (JTDI).GPIO_Label=ENC1_CH1
PA15\ (JTDI).GPIO_PuPd=GPIO_PULLUP
PA15\ (JTDI).Signal=S_TIM2_CH1
PA2.Mode=Asynchronous
PA2.Signal=USART2_TX
PA3.Mode=Asynchronous
PA3.Signal=USART2_RX
PA4.Signal=COMP_DAC11_group
PA5.Signal=COMP_DAC12_group
PA6.GPIOParameters=GPIO_PuPd,GPIO_Label
PA6.GPIO_Label=ENC2_CH1
PA6.GPIO_PuPd=GPIO_PULLUP
PA6.Signal=S_TIM3_CH1
PA7.GPIOParameters=GPIO_PuPd,GPIO_Label
PA7.GPIO_Label=ENC2_CH2
PA7.GPIO_PuPd=GPIO_PULLUP
PA7.Signal=S_TIM3_CH2
PA9.Mode=Activate_VBUS
PA9.Signal=USB_OTG_FS_VBUS
PB10.GPIOParameters=GPIO_Label
PB10.GPIO_Label=OLED_SCK
PB10.Mode=TX_Only_Simplex_Unidirect_Master
PB10.Signal=SPI2_SCK
PB11.GPIOParameters=GPIO_Label
PB11.GPIO_Label=OLED_CS
PB11.Locked=true
PB11.Signal=GPIO_Output
PB12.GPIOParameters=GPIO_Speed
PB12.GPIO_Speed=GPIO_SPEED_FREQ_MEDIUM
PB12.Locked=true
PB12.Mode=Asynchronous
PB12.Signal=UART5_RX
PB13.GPIOParameters=GPIO_Speed
PB13.GPIO_Speed=GPIO_SPEED_FREQ_MEDIUM
PB13.Locked=true
PB13.Mode=Asynchronous
PB13.Signal=UART5_TX
PB14.Mode=Host_FS
PB14.Signal=USB_OTG_HS_DM
PB15.Mode=Host_FS
PB15.Signal=USB_OTG_HS_DP
PB3\ (JTDO/TRACESWO).GPIOParameters=GPIO_PuPd,GPIO_Label
PB3\ (JTDO/TRACESWO).GPIO_Label=ENC1_CH2
PB3\ (JTDO/TRACESWO).GPIO_PuPd=GPIO_PULLUP
PB3\ (JTDO/TRACESWO).Signal=S_TIM2_CH2
PB4\ (NJTRST).GPIOParameters=GPIO_PuPd,GPIO_Label,GPIO_ModeDefaultEXTI
PB4\ (NJTRST).GPIO_Label=ENC2_SW
PB4\ (NJTRST).GPIO_ModeDefaultEXTI=GPIO_MODE_IT_RISING_FALLING
PB4\ (NJTRST).GPIO_PuPd=GPIO_PULLUP
PB4\ (NJTRST).Locked=true
PB4\ (NJTRST).Signal=GPXTI4
PB5.Mode=SdramChipSelect2_1
PB5.Signal=FMC_SDCKE1
PB6.Mode=SdramChipSelect2_1
PB6.Signal=FMC_SDNE1
PC0.Signal=FMC_SDNWE
PC1.GPIOParameters=GPIO_Label
PC1.GPIO_Label=OLED_MOSI
PC1.Mode=TX_Only_Simplex_Unidirect_Master
PC1.Signal=SPI2_MOSI
PC10.GPIOParameters=GPIO_PuPd,GPIO_Label,GPIO_ModeDefaultEXTI
PC10.GPIO_Label=SW_A
PC10.GPIO_ModeDefaultEXTI=GPIO_MODE_IT_RISING_FALLING
PC10.GPIO_PuPd=GPIO_PULLUP
PC10.Locked=true
PC10.Signal=GPXTI10
PC11.GPIOParameters=GPIO_PuPd,GPIO_Label,GPIO_ModeDefaultEXTI
PC11.GPIO_Label=TR_IN_A
PC11.GPIO_ModeDefaultEXTI=GPIO_MODE_IT_RISING_FALLING
PC11.GPIO_PuPd=GPIO_PULLUP
PC11.Locked=true
PC11.Signal=GPXTI11
PC12.GPIOParameters=GPIO_PuPd,GPIO_Label,GPIO_ModeDefaultEXTI
PC12.GPIO_Label=SW_B
PC12.GPIO_ModeDefaultEXTI=GPIO_MODE_IT_RISING_FALLING
PC12.GPIO_PuPd=GPIO_PULLUP
PC12.Locked=true
PC12.Signal=GPXTI12
PC2_C.GPIOParameters=GPIO_Label
PC2_C.GPIO_Label=OLED_RST
PC2_C.Locked=true
PC2_C.Signal=GPIO_Output
PC3_C.GPIOParameters=GPIO_Label
PC3_C.GPIO_Label=OLED_DC
PC3_C.Locked=true
PC3_C.Signal=GPIO_Output
PC9.GPIOParameters=GPIO_Label
PC9.GPIO_Label=USB_HOST_PWR_EN
PC9.Locked=true
PC9.Signal=GPIO_Output
PD0.Signal=FMC_D2_DA2
PD1.Signal=FMC_D3_DA3
PD10.Signal=FMC_D15_DA15
PD14.Signal=FMC_D0_DA0
PD15.Signal=FMC_D1_DA1
PD2.GPIOParameters=GPIO_PuPd,GPIO_Label,GPIO_ModeDefaultEXTI
PD2.GPIO_Label=TR_IN_B
PD2.GPIO_ModeDefaultEXTI=GPIO_MODE_IT_RISING_FALLING
PD2.GPIO_PuPd=GPIO_PULLUP
PD2.Locked=true
PD2.Signal=GPXTI2
PD3.GPIOParameters=GPIO_Label
PD3.GPIO_Label=TR_OUT_B
PD3.Locked=true
PD3.Signal=GPIO_Output
PD4.GPIOParameters=GPIO_Label
PD4.GPIO_Label=TR_OUT_A
PD4.Locked=true
PD4.Signal=GPIO_Output
PD6.GPIOParameters=GPIO_Label
PD6.GPIO_Label=CS_SDIN
PD6.Locked=true
PD6.Mode=SAI_A_AsyncSlave
PD6.Signal=SAI1_SD_A
PD8.Signal=FMC_D13_DA13
PD9.Signal=FMC_D14_DA14
PE0.Signal=FMC_NBL0
PE1.Signal=FMC_NBL1
PE10.Signal=FMC_D7_DA7
PE11.Signal=FMC_D8_DA8
PE12.Signal=FMC_D9_DA9
PE13.Signal=FMC_D10_DA10
PE14.Signal=FMC_D11_DA11
PE15.Signal=FMC_D12_DA12
PE2.GPIOParameters=GPIO_Label
PE2.GPIO_Label=CS_SCK
PE2.Mode=TX_Only_Simplex_Unidirect_Master
PE2.Signal=SPI4_SCK
PE3.GPIOParameters=GPIO_Label
PE3.GPIO_Label=CS_SDOUT
PE3.Mode=SAI_B_SyncSlave
PE3.Signal=SAI1_SD_B
PE4.GPIOParameters=GPIO_Label
PE4.GPIO_Label=CS_LRCK
PE4.Mode=SAI_A_AsyncSlave
PE4.Signal=SAI1_FS_A
PE5.GPIOParameters=GPIO_Label
PE5.GPIO_Label=CS_SCK
PE5.Mode=SAI_A_AsyncSlave
PE5.Signal=SAI1_SCK_A
PE6.GPIOParameters=GPIO_Label
PE6.GPIO_Label=CS_SDA
PE6.Mode=TX_Only_Simplex_Unidirect_Master
PE6.Signal=SPI4_MOSI
PE7.Signal=FMC_D4_DA4
PE8.Signal=FMC_D5_DA5
PE9.Signal=FMC_D6_DA6
PF0.Signal=FMC_A0
PF1.Signal=FMC_A1
PF11.Signal=FMC_SDNRAS
PF12.Signal=FMC_A6
PF13.Signal=FMC_A7
PF14.Signal=FMC_A8
PF15.Signal=FMC_A9
PF2.Signal=FMC_A2
PF3.Signal=FMC_A3
PF4.Signal=FMC_A4
PF5.Signal=FMC_A5
PF6.GPIOParameters=GPIO_Label
PF6.GPIO_Label=Flash_CS
PF6.Locked=true
PF6.Signal=GPIO_Output
PF7.GPIOParameters=GPIO_Label
PF7.GPIO_Label=Flash_CLK
PF7.Mode=Full_Duplex_Master
PF7.Signal=SPI5_SCK
PF8.GPIOParameters=GPIO_Label
PF8.GPIO_Label=Flash_MISO
PF8.Mode=Full_Duplex_Master
PF8.Signal=SPI5_MISO
PF9.GPIOParameters=GPIO_Label
PF9.GPIO_Label=Flash_MOSI
PF9.Mode=Full_Duplex_Master
PF9.Signal=SPI5_MOSI
PG0.Signal=FMC_A10
PG1.Signal=FMC_A11
PG10.GPIOParameters=GPIO_Label
PG10.GPIO_Label=CS_RST
PG10.Locked=true
PG10.Signal=GPIO_Output
PG14.GPIOParameters=GPIO_PuPd,GPIO_Label,GPIO_ModeDefaultEXTI
PG14.GPIO_Label=ENC1_SW
PG14.GPIO_ModeDefaultEXTI=GPIO_MODE_IT_RISING_FALLING
PG14.GPIO_PuPd=GPIO_PULLUP
PG14.Locked=true
PG14.Signal=GPXTI14
PG15.Signal=FMC_SDNCAS
PG4.Signal=FMC_A14_BA0
PG5.Signal=FMC_A15_BA1
PG8.Signal=FMC_SDCLK
PG9.GPIOParameters=GPIO_Label
PG9.GPIO_Label=CS_CS
PG9.Locked=true
PG9.Signal=GPIO_Output
PH0-OSC_IN\ (PH0).Mode=HSE-External-Oscillator
PH0-OSC_IN\ (PH0).Signal=RCC_OSC_IN
PH1-OSC_OUT\ (PH1).Mode=HSE-External-Oscillator
PH1-OSC_OUT\ (PH1).Signal=RCC_OSC_OUT
PinOutPanel.RotationAngle=0
ProjectManager.AskForMigrate=true
ProjectManager.BackupPrevious=false
ProjectManager.CompilerOptimize=2
ProjectManager.ComputerToolchain=false
ProjectManager.CoupleFile=false
ProjectManager.CustomerFirmwarePackage=
ProjectManager.DefaultFWLocation=true
ProjectManager.DeletePrevious=true
ProjectManager.DeviceId=STM32H743ZGTx
ProjectManager.FirmwarePackage=STM32Cube FW_H7 V1.8.0
ProjectManager.FreePins=true
ProjectManager.HalAssertFull=true
ProjectManager.HeapSize=0x400
ProjectManager.KeepUserCode=true
ProjectManager.LastFirmware=true
ProjectManager.LibraryCopy=2
ProjectManager.MainLocation=Src
ProjectManager.NoMain=false
ProjectManager.PreviousToolchain=TrueSTUDIO
ProjectManager.ProjectBuild=false
ProjectManager.ProjectFileName=Genius.ioc
ProjectManager.ProjectName=Genius
ProjectManager.RegisterCallBack=
ProjectManager.StackSize=0x200
ProjectManager.TargetToolchain=Other Toolchains (GPDSC)
ProjectManager.ToolChainLocation=
ProjectManager.UnderRoot=false
ProjectManager.functionlistsort=1-MX_GPIO_Init-GPIO-false-HAL-true,2-MX_DMA_Init-DMA-false-HAL-true,3-SystemClock_Config-RCC-false-HAL-false,4-MX_FMC_Init-FMC-false-HAL-true,5-MX_SAI1_Init-SAI1-false-HAL-true,6-MX_SPI2_Init-SPI2-false-HAL-true,7-MX_SPI4_Init-SPI4-false-HAL-true,8-MX_SPI5_Init-SPI5-false-HAL-true,9-MX_TIM2_Init-TIM2-false-HAL-true,10-MX_TIM3_Init-TIM3-false-HAL-true,11-MX_TIM6_Init-TIM6-false-HAL-true,12-MX_USART2_UART_Init-USART2-false-HAL-true,13-MX_ADC1_Init-ADC1-false-HAL-true,14-MX_DAC1_Init-DAC1-false-HAL-true,15-MX_UART5_Init-UART5-false-HAL-true,16-MX_USB_OTG_FS_PCD_Init-USB_OTG_FS-false-HAL-true,17-MX_USB_OTG_HS_HCD_Init-USB_OTG_HS-false-HAL-true,0-MX_CORTEX_M7_Init-CORTEX_M7-false-HAL-true
RCC.ADCFreq_Value=30000000
RCC.AHB12Freq_Value=240000000
RCC.AHB4Freq_Value=240000000
RCC.AHBFreq_Value=168000000
RCC.APB1CLKDivider=RCC_HCLK_DIV4
RCC.APB1Freq_Value=120000000
RCC.APB1TimFreq_Value=84000000
RCC.APB2CLKDivider=RCC_HCLK_DIV2
RCC.APB2Freq_Value=120000000
RCC.APB2TimFreq_Value=168000000
RCC.APB3Freq_Value=120000000
RCC.APB4Freq_Value=120000000
RCC.AXIClockFreq_Value=240000000
RCC.CECFreq_Value=32000
RCC.CKPERFreq_Value=16000000
RCC.CortexFreq_Value=480000000
RCC.CpuClockFreq_Value=480000000
RCC.D1CPREFreq_Value=480000000
RCC.D1PPRE=RCC_APB3_DIV2
RCC.D2PPRE1=RCC_APB1_DIV2
RCC.D2PPRE2=RCC_APB2_DIV2
RCC.D3PPRE=RCC_APB4_DIV2
RCC.DFSDMACLkFreq_Value=48000000
RCC.DFSDMFreq_Value=120000000
RCC.DIVM1=5
RCC.DIVM2=2
RCC.DIVN1=192
RCC.DIVN2=12
RCC.DIVP1Freq_Value=480000000
RCC.DIVP2=5
RCC.DIVP2Freq_Value=30000000
RCC.DIVP3Freq_Value=50390625
RCC.DIVQ1=20
RCC.DIVQ1Freq_Value=48000000
RCC.DIVQ2Freq_Value=75000000
RCC.DIVQ3Freq_Value=50390625
RCC.DIVR1Freq_Value=480000000
RCC.DIVR2Freq_Value=75000000
RCC.DIVR3Freq_Value=50390625
RCC.EthernetFreq_Value=168000000
RCC.FCLKCortexFreq_Value=168000000
RCC.FDCANFreq_Value=48000000
RCC.FMCFreq_Value=240000000
RCC.FamilyName=M
RCC.HCLK3ClockFreq_Value=240000000
RCC.HCLKFreq_Value=240000000
RCC.HPRE=RCC_HCLK_DIV2
RCC.HRTIMFreq_Value=240000000
RCC.HSE_VALUE=25000000
RCC.HSI_VALUE=16000000
RCC.I2C123Freq_Value=120000000
RCC.I2C1Freq_Value=42000000
RCC.I2C2Freq_Value=42000000
RCC.I2C3Freq_Value=42000000
RCC.I2C4Freq_Value=120000000
RCC.I2SFreq_Value=96000000
RCC.IPParameters=ADCFreq_Value,AHB12Freq_Value,AHB4Freq_Value,AHBFreq_Value,APB1CLKDivider,APB1Freq_Value,APB1TimFreq_Value,APB2CLKDivider,APB2Freq_Value,APB2TimFreq_Value,APB3Freq_Value,APB4Freq_Value,AXIClockFreq_Value,CECFreq_Value,CKPERFreq_Value,CortexFreq_Value,CpuClockFreq_Value,D1CPREFreq_Value,D1PPRE,D2PPRE1,D2PPRE2,D3PPRE,DFSDMACLkFreq_Value,DFSDMFreq_Value,DIVM1,DIVM2,DIVN1,DIVN2,DIVP1Freq_Value,DIVP2,DIVP2Freq_Value,DIVP3Freq_Value,DIVQ1,DIVQ1Freq_Value,DIVQ2Freq_Value,DIVQ3Freq_Value,DIVR1Freq_Value,DIVR2Freq_Value,DIVR3Freq_Value,EthernetFreq_Value,FCLKCortexFreq_Value,FDCANFreq_Value,FMCFreq_Value,FamilyName,HCLK3ClockFreq_Value,HCLKFreq_Value,HPRE,HRTIMFreq_Value,HSE_VALUE,HSI_VALUE,I2C123Freq_Value,I2C1Freq_Value,I2C2Freq_Value,I2C3Freq_Value,I2C4Freq_Value,I2SFreq_Value,LCDTFToutputFreq_Value,LPTIM1Freq_Value,LPTIM2Freq_Value,LPTIM345Freq_Value,LPUART1Freq_Value,LSE_VALUE,LSI_VALUE,LTDCFreq_Value,MCO1PinFreq_Value,MCO2PinFreq_Value,PLLCLKFreq_Value,PLLFRACN,PLLI2SPCLKFreq_Value,PLLI2SQCLKFreq_Value,PLLI2SRCLKFreq_Value,PLLI2SRoutputFreq_Value,PLLM,PLLN,PLLQ,PLLQCLKFreq_Value,PLLQoutputFreq_Value,PLLSAIN,PLLSAIPCLKFreq_Value,PLLSAIQCLKFreq_Value,PLLSAIRCLKFreq_Value,PLLSAIoutputFreq_Value,QSPIFreq_Value,RNGFreq_Value,RTCFreq_Value,SAI1Freq_Value,SAI23Freq_Value,SAI2Freq_Value,SAI4AFreq_Value,SAI4BFreq_Value,SDMMCFreq_Value,SPDIFRXFreq_Value,SPI123Freq_Value,SPI45Freq_Value,SPI6Freq_Value,SWPMI1Freq_Value,SYSCLKFreq_VALUE,SYSCLKSource,Tim1OutputFreq_Value,Tim2OutputFreq_Value,TraceFreq_Value,UART4Freq_Value,UART5Freq_Value,UART7Freq_Value,UART8Freq_Value,USART16Freq_Value,USART1Freq_Value,USART234578Freq_Value,USART2Freq_Value,USART3Freq_Value,USART6Freq_Value,USBFreq_Value,VCO1OutputFreq_Value,VCO2OutputFreq_Value,VCO3OutputFreq_Value,VCOI2SOutputFreq_Value,VCOInput1Freq_Value,VCOInput2Freq_Value,VCOInput3Freq_Value,VCOInputFreq_Value,VCOOutputFreq_Value,VCOSAIOutputFreq_Value
RCC.LCDTFToutputFreq_Value=25000000
RCC.LPTIM1Freq_Value=120000000
RCC.LPTIM2Freq_Value=120000000
RCC.LPTIM345Freq_Value=120000000
RCC.LPUART1Freq_Value=120000000
RCC.LSE_VALUE=32768
RCC.LSI_VALUE=32000
RCC.LTDCFreq_Value=50390625
RCC.MCO1PinFreq_Value=16000000
RCC.MCO2PinFreq_Value=480000000
RCC.PLLCLKFreq_Value=168000000
RCC.PLLFRACN=0
RCC.PLLI2SPCLKFreq_Value=96000000
RCC.PLLI2SQCLKFreq_Value=96000000
RCC.PLLI2SRCLKFreq_Value=96000000
RCC.PLLI2SRoutputFreq_Value=96000000
RCC.PLLM=25
RCC.PLLN=336
RCC.PLLQ=7
RCC.PLLQCLKFreq_Value=48000000
RCC.PLLQoutputFreq_Value=48000000
RCC.PLLSAIN=100
RCC.PLLSAIPCLKFreq_Value=50000000
RCC.PLLSAIQCLKFreq_Value=50000000
RCC.PLLSAIRCLKFreq_Value=50000000
RCC.PLLSAIoutputFreq_Value=50000000
RCC.QSPIFreq_Value=240000000
RCC.RNGFreq_Value=48000000
RCC.RTCFreq_Value=32000
RCC.SAI1Freq_Value=48000000
RCC.SAI23Freq_Value=48000000
RCC.SAI2Freq_Value=50000000
RCC.SAI4AFreq_Value=48000000
RCC.SAI4BFreq_Value=48000000
RCC.SDMMCFreq_Value=48000000
RCC.SPDIFRXFreq_Value=48000000
RCC.SPI123Freq_Value=48000000
RCC.SPI45Freq_Value=120000000
RCC.SPI6Freq_Value=120000000
RCC.SWPMI1Freq_Value=120000000
RCC.SYSCLKFreq_VALUE=480000000
RCC.SYSCLKSource=RCC_SYSCLKSOURCE_PLLCLK
RCC.Tim1OutputFreq_Value=240000000
RCC.Tim2OutputFreq_Value=240000000
RCC.TraceFreq_Value=480000000
RCC.UART4Freq_Value=42000000
RCC.UART5Freq_Value=42000000
RCC.UART7Freq_Value=42000000
RCC.UART8Freq_Value=42000000
RCC.USART16Freq_Value=120000000
RCC.USART1Freq_Value=84000000
RCC.USART234578Freq_Value=120000000
RCC.USART2Freq_Value=42000000
RCC.USART3Freq_Value=42000000
RCC.USART6Freq_Value=84000000
RCC.USBFreq_Value=48000000
RCC.VCO1OutputFreq_Value=960000000
RCC.VCO2OutputFreq_Value=150000000
RCC.VCO3OutputFreq_Value=100781250
RCC.VCOI2SOutputFreq_Value=192000000
RCC.VCOInput1Freq_Value=5000000
RCC.VCOInput2Freq_Value=12500000
RCC.VCOInput3Freq_Value=781250
RCC.VCOInputFreq_Value=1000000
RCC.VCOOutputFreq_Value=336000000
RCC.VCOSAIOutputFreq_Value=100000000
SAI1.AudioMode-SAI_A_AsyncSlave=SAI_MODESLAVE_TX
SAI1.AudioMode-SAI_B_SyncSlave=SAI_MODESLAVE_RX
SAI1.BasicDataSize-SAI_A_AsyncSlave=SAI_PROTOCOL_DATASIZE_24BIT
SAI1.BasicDataSize-SAI_B_SyncSlave=SAI_PROTOCOL_DATASIZE_24BIT
SAI1.IPParameters=Instance-SAI_A_AsyncSlave,VirtualMode-SAI_A_AsyncSlave,Instance-SAI_B_SyncSlave,VirtualMode-SAI_B_SyncSlave,InitProtocol-SAI_B_SyncSlave,VirtualProtocol-SAI_B_BASIC,AudioMode-SAI_A_AsyncSlave,TriState-SAI_A_AsyncSlave,InitProtocol-SAI_A_AsyncSlave,VirtualProtocol-SAI_A_BASIC,BasicDataSize-SAI_B_SyncSlave,BasicDataSize-SAI_A_AsyncSlave,AudioMode-SAI_B_SyncSlave
SAI1.InitProtocol-SAI_A_AsyncSlave=Enable
SAI1.InitProtocol-SAI_B_SyncSlave=Enable
SAI1.Instance-SAI_A_AsyncSlave=SAI$Index_Block_A
SAI1.Instance-SAI_B_SyncSlave=SAI$Index_Block_B
SAI1.TriState-SAI_A_AsyncSlave=SAI_OUTPUT_NOTRELEASED
SAI1.VirtualMode-SAI_A_AsyncSlave=VM_SLAVE
SAI1.VirtualMode-SAI_B_SyncSlave=VM_SLAVE
SAI1.VirtualProtocol-SAI_A_BASIC=VM_BASIC_PROTOCOL
SAI1.VirtualProtocol-SAI_B_BASIC=VM_BASIC_PROTOCOL
SH.COMP_DAC11_group.0=DAC1_OUT1,DAC_OUT1
SH.COMP_DAC11_group.ConfNb=1
SH.COMP_DAC12_group.0=DAC1_OUT2,DAC_OUT2
SH.COMP_DAC12_group.ConfNb=1
SH.FMC_A0.0=FMC_A0,12b-sda1
SH.FMC_A0.ConfNb=1
SH.FMC_A1.0=FMC_A1,12b-sda1
SH.FMC_A1.ConfNb=1
SH.FMC_A10.0=FMC_A10,12b-sda1
SH.FMC_A10.ConfNb=1
SH.FMC_A11.0=FMC_A11,12b-sda1
SH.FMC_A11.ConfNb=1
SH.FMC_A14_BA0.0=FMC_BA0,FourSdramBanks1
SH.FMC_A14_BA0.ConfNb=1
SH.FMC_A15_BA1.0=FMC_BA1,FourSdramBanks1
SH.FMC_A15_BA1.ConfNb=1
SH.FMC_A2.0=FMC_A2,12b-sda1
SH.FMC_A2.ConfNb=1
SH.FMC_A3.0=FMC_A3,12b-sda1
SH.FMC_A3.ConfNb=1
SH.FMC_A4.0=FMC_A4,12b-sda1
SH.FMC_A4.ConfNb=1
SH.FMC_A5.0=FMC_A5,12b-sda1
SH.FMC_A5.ConfNb=1
SH.FMC_A6.0=FMC_A6,12b-sda1
SH.FMC_A6.ConfNb=1
SH.FMC_A7.0=FMC_A7,12b-sda1
SH.FMC_A7.ConfNb=1
SH.FMC_A8.0=FMC_A8,12b-sda1
SH.FMC_A8.ConfNb=1
SH.FMC_A9.0=FMC_A9,12b-sda1
SH.FMC_A9.ConfNb=1
SH.FMC_D0_DA0.0=FMC_D0,sd-16b-d1
SH.FMC_D0_DA0.ConfNb=1
SH.FMC_D10_DA10.0=FMC_D10,sd-16b-d1
SH.FMC_D10_DA10.ConfNb=1
SH.FMC_D11_DA11.0=FMC_D11,sd-16b-d1
SH.FMC_D11_DA11.ConfNb=1
SH.FMC_D12_DA12.0=FMC_D12,sd-16b-d1
SH.FMC_D12_DA12.ConfNb=1
SH.FMC_D13_DA13.0=FMC_D13,sd-16b-d1
SH.FMC_D13_DA13.ConfNb=1
SH.FMC_D14_DA14.0=FMC_D14,sd-16b-d1
SH.FMC_D14_DA14.ConfNb=1
SH.FMC_D15_DA15.0=FMC_D15,sd-16b-d1
SH.FMC_D15_DA15.ConfNb=1
SH.FMC_D1_DA1.0=FMC_D1,sd-16b-d1
SH.FMC_D1_DA1.ConfNb=1
SH.FMC_D2_DA2.0=FMC_D2,sd-16b-d1
SH.FMC_D2_DA2.ConfNb=1
SH.FMC_D3_DA3.0=FMC_D3,sd-16b-d1
SH.FMC_D3_DA3.ConfNb=1
SH.FMC_D4_DA4.0=FMC_D4,sd-16b-d1
SH.FMC_D4_DA4.ConfNb=1
SH.FMC_D5_DA5.0=FMC_D5,sd-16b-d1
SH.FMC_D5_DA5.ConfNb=1
SH.FMC_D6_DA6.0=FMC_D6,sd-16b-d1
SH.FMC_D6_DA6.ConfNb=1
SH.FMC_D7_DA7.0=FMC_D7,sd-16b-d1
SH.FMC_D7_DA7.ConfNb=1
SH.FMC_D8_DA8.0=FMC_D8,sd-16b-d1
SH.FMC_D8_DA8.ConfNb=1
SH.FMC_D9_DA9.0=FMC_D9,sd-16b-d1
SH.FMC_D9_DA9.ConfNb=1
SH.FMC_NBL0.0=FMC_NBL0,Sd2ByteEnable1
SH.FMC_NBL0.ConfNb=1
SH.FMC_NBL1.0=FMC_NBL1,Sd2ByteEnable1
SH.FMC_NBL1.ConfNb=1
SH.FMC_SDCLK.0=FMC_SDCLK,12b-sda1
SH.FMC_SDCLK.ConfNb=1
SH.FMC_SDNCAS.0=FMC_SDNCAS,12b-sda1
SH.FMC_SDNCAS.ConfNb=1
SH.FMC_SDNRAS.0=FMC_SDNRAS,12b-sda1
SH.FMC_SDNRAS.ConfNb=1
SH.FMC_SDNWE.0=FMC_SDNWE,12b-sda1
SH.FMC_SDNWE.ConfNb=1
SH.GPXTI10.0=GPIO_EXTI10
SH.GPXTI10.ConfNb=1
SH.GPXTI11.0=GPIO_EXTI11
SH.GPXTI11.ConfNb=1
SH.GPXTI12.0=GPIO_EXTI12
SH.GPXTI12.ConfNb=1
SH.GPXTI14.0=GPIO_EXTI14
SH.GPXTI14.ConfNb=1
SH.GPXTI2.0=GPIO_EXTI2
SH.GPXTI2.ConfNb=1
SH.GPXTI4.0=GPIO_EXTI4
SH.GPXTI4.ConfNb=1
SH.S_TIM2_CH1.0=TIM2_CH1,Encoder_Interface
SH.S_TIM2_CH1.ConfNb=1
SH.S_TIM2_CH2.0=TIM2_CH2,Encoder_Interface
SH.S_TIM2_CH2.ConfNb=1
SH.S_TIM3_CH1.0=TIM3_CH1,Encoder_Interface
SH.S_TIM3_CH1.ConfNb=1
SH.S_TIM3_CH2.0=TIM3_CH2,Encoder_Interface
SH.S_TIM3_CH2.ConfNb=1
SH.SharedAnalog_PA1.0=ADC1_INN16
SH.SharedAnalog_PA1.1=ADC1_INP17,IN17-Single-Ended
SH.SharedAnalog_PA1.ConfNb=2
SPI2.BaudRatePrescaler=SPI_BAUDRATEPRESCALER_128
SPI2.CalculateBaudRate=375.0 KBits/s
SPI2.DataSize=SPI_DATASIZE_8BIT
SPI2.Direction=SPI_DIRECTION_2LINES_TXONLY
SPI2.IPParameters=Mode,CalculateBaudRate,BaudRatePrescaler,DataSize,VirtualType,Direction
SPI2.Mode=SPI_MODE_MASTER
SPI2.VirtualType=VM_MASTER
SPI4.BaudRatePrescaler=SPI_BAUDRATEPRESCALER_32
SPI4.CalculateBaudRate=3.75 MBits/s
SPI4.DataSize=SPI_DATASIZE_8BIT
SPI4.Direction=SPI_DIRECTION_2LINES_TXONLY
SPI4.IPParameters=Mode,CalculateBaudRate,BaudRatePrescaler,DataSize,NSSPMode,VirtualType,Direction
SPI4.Mode=SPI_MODE_MASTER
SPI4.NSSPMode=SPI_NSS_PULSE_DISABLE
SPI4.VirtualType=VM_MASTER
SPI5.BaudRatePrescaler=SPI_BAUDRATEPRESCALER_128
SPI5.CalculateBaudRate=937.5 KBits/s
SPI5.DataSize=SPI_DATASIZE_8BIT
SPI5.Direction=SPI_DIRECTION_2LINES
SPI5.IPParameters=Mode,CalculateBaudRate,BaudRatePrescaler,DataSize,VirtualType,Direction
SPI5.Mode=SPI_MODE_MASTER
SPI5.VirtualType=VM_MASTER
TIM2.EncoderMode=TIM_ENCODERMODE_TI12
TIM2.IPParameters=EncoderMode,Period
TIM2.Period=0xffff
TIM3.EncoderMode=TIM_ENCODERMODE_TI12
TIM3.IPParameters=EncoderMode,Period
TIM3.Period=0xffff
TIM6.IPParameters=Prescaler,Period,TIM_MasterOutputTrigger
TIM6.Period=8
TIM6.Prescaler=3500
TIM6.TIM_MasterOutputTrigger=TIM_TRGO_UPDATE
UART5.BaudRate=31250
UART5.DMADisableonRxErrorParam=UART_ADVFEATURE_DMA_DISABLEONRXERROR
UART5.IPParameters=BaudRate,DMADisableonRxErrorParam,OverrunDisableParam
UART5.OverrunDisableParam=UART_ADVFEATURE_OVERRUN_DISABLE
USART2.IPParameters=WordLength,VirtualMode-Asynchronous
USART2.VirtualMode-Asynchronous=VM_ASYNC
USART2.WordLength=WORDLENGTH_8B
USB_OTG_FS.IPParameters=VirtualMode
USB_OTG_FS.VirtualMode=Device_Only
USB_OTG_HS.IPParameters=VirtualMode-Host_FS
USB_OTG_HS.VirtualMode-Host_FS=Host_FS
VP_FREERTOS_VS_CMSIS_V1.Mode=CMSIS_V1
VP_FREERTOS_VS_CMSIS_V1.Signal=FREERTOS_VS_CMSIS_V1
VP_SAI1_VP_$IpInstance_SAIA_SAI_BASIC.Mode=SAI_A_BASIC
VP_SAI1_VP_$IpInstance_SAIA_SAI_BASIC.Signal=SAI1_VP_$IpInstance_SAIA_SAI_BASIC
VP_SAI1_VP_$IpInstance_SAIB_SAI_BASIC.Mode=SAI_B_BASIC
VP_SAI1_VP_$IpInstance_SAIB_SAI_BASIC.Signal=SAI1_VP_$IpInstance_SAIB_SAI_BASIC
VP_SYS_VS_Systick.Mode=SysTick
VP_SYS_VS_Systick.Signal=SYS_VS_Systick
VP_TIM6_VS_ClockSourceINT.Mode=Enable_Timer
VP_TIM6_VS_ClockSourceINT.Signal=TIM6_VS_ClockSourceINT
board=Player
