#MicroXplorer Configuration settings - do not modify
Dma.SPI4_TX.2.MemInc=DMA_MINC_ENABLE
Dma.USART2_RX.3.Mode=DMA_NORMAL
SAI1.SlotActive-SAI_A_MasterWithClock=0x0000FFFF
USB_OTG_HS.VirtualMode-Host_FS=Host_FS
USART2.IPParameters=VirtualMode,BaudRate,VirtualMode-Asynchronous
SPI3.Direction=SPI_DIRECTION_2LINES
SPI4.VirtualType=VM_MASTER
SPI3.VirtualType=VM_MASTER
SPI2.VirtualType=VM_MASTER
PC12.Locked=true
SH.ADCx_INP10.0=ADC1_INP10,IN10-Single-Ended
Dma.USART2_TX.4.Direction=DMA_MEMORY_TO_PERIPH
SH.GPXTI14.0=GPIO_EXTI14
RCC.PLLCLKFreq_Value=168000000
PC12.Signal=SPI3_MOSI
Dma.SPI4_TX.2.Mode=DMA_NORMAL
RCC.PLLQCLKFreq_Value=48000000
PC7.Locked=true
PD3.GPIOParameters=GPIO_Label
PC3_C.Mode=Full_Duplex_Master
PD8.Locked=true
SAI1.Instance-SAI_A_MasterWithClock=SAI$Index_Block_A
Dma.SPI4_TX.2.RequestParameters=Instance,Direction,PeriphInc,MemInc,PeriphDataAlignment,MemDataAlignment,Mode,Priority,FIFOMode,SignalID,Polarity,RequestNumber,SyncSignalID,SyncPolarity,SyncEnable,EventEnable,SyncRequestNumber
RCC.RTCFreq_Value=32000
PA3.GPIOParameters=GPIO_Label
PA6.GPIO_Label=ADC8
PB6.GPIO_Label=EXTI1
PD0.Locked=true
PA15\ (JTDI).Signal=S_TIM2_CH1
PD4.Locked=true
Dma.USART2_RX.3.RequestParameters=Instance,Direction,PeriphInc,MemInc,PeriphDataAlignment,MemDataAlignment,Mode,Priority,FIFOMode,SignalID,Polarity,RequestNumber,SyncSignalID,SyncPolarity,SyncEnable,EventEnable,SyncRequestNumber
RCC.CpuClockFreq_Value=16125000
PD2.GPIOParameters=GPIO_Label
SH.S_TIM1_CH1.ConfNb=1
PB13.Signal=USB_OTG_HS_VBUS
PA2.GPIOParameters=GPIO_Label
Dma.USART2_TX.4.EventEnable=DISABLE
PinOutPanel.RotationAngle=0
PE6.GPIO_Label=SAI_SDI
Dma.SPI4_TX.2.Direction=DMA_MEMORY_TO_PERIPH
RCC.SYSCLKSource=RCC_SYSCLKSOURCE_PLLCLK
RCC.MCO1PinFreq_Value=16000000
RCC.AHB4Freq_Value=16125000
SH.GPXTI13.0=GPIO_EXTI13
RCC.LPTIM1Freq_Value=16125000
USB_DEVICE.PID_AUDIO_FS=0xdada
SH.GPXTI7.ConfNb=1
NVIC.SVCall_IRQn=true\:0\:0\:false\:false\:false\:false\:false\:false
NVIC.SPI4_IRQn=true\:5\:0\:false\:false\:true\:true\:true\:true
SAI1.FSDefinition-SAI_B_SyncSlave=SAI_FS_CHANNEL_IDENTIFICATION
PA14\ (JTCK/SWCLK).Signal=DEBUG_JTCK-SWCLK
SH.S_TIM3_CH2.ConfNb=1
RCC.I2C4Freq_Value=16125000
PE2.Mode=SAI_A_MasterWithClock
PD4.Signal=GPXTI4
RCC.APB2TimFreq_Value=168000000
PB6.Signal=GPXTI6
Dma.USART2_TX.4.Mode=DMA_NORMAL
PC7.Signal=S_TIM8_CH2
RCC.DIVQ3Freq_Value=16125000
PD0.Signal=GPXTI0
SAI1.AudioMode-SAI_A_MasterWithClock=SAI_MODEMASTER_RX
PD8.Signal=USART3_TX
PE5.Signal=SAI1_SCK_A
Dma.USART2_TX.4.SyncSignalID=NONE
SH.ADCx_INP4.0=ADC1_INP4,IN4-Single-Ended
PB13.Locked=true
Dma.SAI1_B.1.PeriphDataAlignment=DMA_PDATAALIGN_WORD
ProjectManager.ProjectBuild=false
NVIC.UsageFault_IRQn=true\:0\:0\:false\:false\:false\:false\:false\:false
PA0.Locked=true
PA4.Locked=true
PD1.GPIOParameters=GPIO_Label
VP_USB_HOST_VS_USB_HOST_AUDIO_HS.Mode=AUDIO_HS
PD1.GPIO_Label=EXTI8
SH.GPXTI7.0=GPIO_EXTI7
PB12.GPIO_Label=USBH_ID
TIM8.IPParametersWithoutCheck=Pulse-PWM Generation1 CH1,Period
ProjectManager.FirmwarePackage=STM32Cube FW_H7 V1.8.0
MxDb.Version=DB.6.0.0
USB_DEVICE.MANUFACTURER_STRING-AUDIO_FS=Rebel Technology
PA13\ (JTMS/SWDIO).GPIO_Label=SWDIO
USB_DEVICE.USBD_MAX_NUM_CONFIGURATION-AUDIO_FS=1
ProjectManager.BackupPrevious=false
RCC.FMCFreq_Value=16125000
PC4.GPIO_Label=ADC6
PE9.Signal=S_TIM1_CH1
Dma.SAI1_A.0.Polarity=HAL_DMAMUX_REQ_GEN_RISING
PE9.Locked=true
PB14.Mode=Host_FS
RCC.USART16Freq_Value=16125000
PE4.GPIO_Label=SAI_LRCK
SPI2.CalculateBaudRate=62.988 KBits/s
SH.S_TIM4_CH2.0=TIM4_CH2
VP_USB_HOST_VS_USB_HOST_AUDIO_HS.Signal=USB_HOST_VS_USB_HOST_AUDIO_HS
PE2.Signal=SAI1_MCLK_A
PA14\ (JTCK/SWCLK).Mode=Serial_Wire
PE13.Mode=Full_Duplex_Master
PB6.Locked=true
NVIC.PendSV_IRQn=true\:15\:0\:false\:false\:false\:true\:false\:false
SH.S_TIM5_CH2.ConfNb=1
PA13\ (JTMS/SWDIO).Locked=true
USB_OTG_HS.IPParameters=VirtualMode-Host_FS
VP_FREERTOS_VS_CMSIS_V1.Mode=CMSIS_V1
NVIC.SAI1_IRQn=true\:5\:0\:false\:false\:true\:true\:true\:true
PD3.Mode=Full_Duplex_Master
RCC.DIVR2Freq_Value=16125000
Dma.SPI4_TX.2.PeriphInc=DMA_PINC_DISABLE
ProjectManager.HalAssertFull=true
SH.S_TIM8_CH1.ConfNb=1
ADC1.SamplingTime-0\#ChannelRegularConversion=ADC_SAMPLETIME_1CYCLE_5
RCC.DIVP2Freq_Value=16125000
SH.ADCx_INP3.0=ADC1_INP3,IN3-Single-Ended
PA0.Signal=S_TIM5_CH1
SH.ADCx_INP4.ConfNb=1
RCC.MCO2PinFreq_Value=16125000
Mcu.Package=LQFP100
SAI1.AudioFrequency-SAI_A_MasterWithClock=SAI_AUDIO_FREQUENCY_48K
PA5.Locked=true
SAI1.SlotActive-SAI_B_SyncSlave=0x0000FFFF
SPI2.Mode=SPI_MODE_MASTER
PD11.Locked=true
SPI3.Mode=SPI_MODE_MASTER
PD12.Signal=S_TIM4_CH1
VP_SYS_VS_Systick.Signal=SYS_VS_Systick
SAI1.FSPolarity-SAI_B_SyncSlave=SAI_FS_ACTIVE_HIGH
PC3_C.GPIO_Label=ADC_SPI_MOSI
PA10.Signal=USB_OTG_FS_ID
RCC.DFSDMFreq_Value=16125000
PC11.Mode=Full_Duplex_Master
Dma.SAI1_A.0.SyncSignalID=NONE
SH.GPXTI14.ConfNb=1
RCC.APB2CLKDivider=RCC_HCLK_DIV2
Dma.USART2_RX.3.MemDataAlignment=DMA_MDATAALIGN_BYTE
RCC.TraceFreq_Value=16125000
SH.S_TIM4_CH1.0=TIM4_CH1
RCC.APB4Freq_Value=16125000
Dma.SPI4_TX.2.RequestNumber=1
RCC.CECFreq_Value=32000
RCC.SAI23Freq_Value=16125000
RCC.APB1TimFreq_Value=84000000
NVIC.BusFault_IRQn=true\:0\:0\:false\:false\:false\:false\:false\:false
RCC.LPUART1Freq_Value=16125000
SAI1.FrameLength-SAI_A_MasterWithClock=256
USB_OTG_FS.IPParameters=VirtualMode
SH.SharedAnalog_PA7.ConfNb=2
NVIC.DMA1_Stream6_IRQn=true\:5\:0\:false\:false\:true\:true\:false\:true
PD5.Locked=true
PE6.GPIO_Speed=GPIO_SPEED_FREQ_VERY_HIGH
PH0-OSC_IN\ (PH0).Mode=HSE-External-Oscillator
SAI1.Synchro-SAI_A_MasterWithClock=SAI_ASYNCHRONOUS
ProjectManager.CustomerFirmwarePackage=
PC4.GPIOParameters=GPIO_Label
SH.ADCx_INP10.ConfNb=1
RCC.SAI_AClocksFreq_Value=49142857.14285714
USB_DEVICE.USBD_AUDIO_FREQ-AUDIO_FS=48000
RCC.VCO3OutputFreq_Value=32250000
SAI1.NoDivider-SAI_A_MasterWithClock=SAI_MASTERDIVIDER_ENABLE
PE12.Mode=Full_Duplex_Master
Dma.SAI1_B.1.EventEnable=DISABLE
Dma.SAI1_B.1.RequestParameters=Instance,Direction,PeriphInc,MemInc,PeriphDataAlignment,MemDataAlignment,Mode,Priority,FIFOMode,SignalID,Polarity,RequestNumber,SyncSignalID,SyncPolarity,SyncEnable,EventEnable,SyncRequestNumber
PA6.GPIOParameters=GPIO_Label
USB_DEVICE.VID-AUDIO_FS=0x1209
SH.S_TIM4_CH1.ConfNb=1
ProjectManager.ProjectFileName=Xibeca.ioc
FREERTOS.Tasks01=defaultTask,24,128,StartDefaultTask,Default,NULL
ADC1.Rank-0\#ChannelRegularConversion=1
USB_DEVICE.VirtualMode-AUDIO_FS=Audio
Mcu.PinsNb=68
PC14-OSC32_IN\ (OSC32_IN).GPIOParameters=GPIO_Label
PC11.Locked=true
Dma.SAI1_B.1.MemInc=DMA_MINC_ENABLE
ADC1.IPParameters=Rank-0\#ChannelRegularConversion,Channel-0\#ChannelRegularConversion,SamplingTime-0\#ChannelRegularConversion,OffsetNumber-0\#ChannelRegularConversion,OffsetSignedSaturation-0\#ChannelRegularConversion,NbrOfConversionFlag,master
PC13.Locked=true
ADC1.OffsetNumber-0\#ChannelRegularConversion=ADC_OFFSET_NONE
Dma.USART2_RX.3.Instance=DMA1_Stream5
PA9.GPIO_Label=USBD_VBUS
PC13.Signal=GPXTI13
FREERTOS.INCLUDE_vTaskDelayUntil=1
RCC.SWPMI1Freq_Value=16125000
PD3.Signal=SPI2_SCK
PC6.Signal=S_TIM8_CH1
PD7.Signal=GPXTI7
SH.GPXTI0.ConfNb=1
PD1.Signal=GPXTI1
PA11.GPIO_Label=USBD_DM
Dma.USART2_RX.3.PeriphDataAlignment=DMA_PDATAALIGN_BYTE
RCC.VCOSAIOutputFreq_ValueQ=49142857.14285714
SAI1.ErrorAudioFreq-SAI_A_MasterWithClock=31.22 %
NVIC.DMA2_Stream1_IRQn=true\:5\:0\:false\:false\:true\:true\:false\:true
Dma.SPI4_TX.2.SyncPolarity=HAL_DMAMUX_SYNC_NO_EVENT
PC0.Signal=ADCx_INP10
RCC.APB1CLKDivider=RCC_HCLK_DIV4
RCC.QSPIFreq_Value=16125000
PD6.Mode=Asynchronous
Mcu.Pin62=PB5
Mcu.Pin63=PB6
Mcu.Pin60=PB3 (JTDO/TRACESWO)
USART2.BaudRate=31250
Mcu.Pin61=PB4 (NJTRST)
Mcu.Pin66=VP_USB_DEVICE_VS_USB_DEVICE_AUDIO_FS
SH.S_TIM8_CH2.0=TIM8_CH2
Mcu.Pin67=VP_USB_HOST_VS_USB_HOST_AUDIO_HS
Mcu.Pin64=VP_FREERTOS_VS_CMSIS_V1
Mcu.Pin65=VP_SYS_VS_Systick
RCC.D1CPREFreq_Value=16125000
SH.GPXTI6.ConfNb=1
RCC.USART234578Freq_Value=16125000
Dma.USART2_RX.3.FIFOMode=DMA_FIFOMODE_DISABLE
Dma.USART2_TX.4.SyncRequestNumber=1
RCC.Tim1OutputFreq_Value=16125000
Mcu.Pin59=PD7
SH.SharedAnalog_PA7.1=ADC1_INP7,IN7-Single-Ended
SH.GPXTI2.ConfNb=1
Mcu.Pin57=PD5
RCC.SPI123Freq_Value=16125000
Mcu.Pin58=PD6
Mcu.Pin51=PC12
Dma.SAI1_A.0.RequestNumber=1
Mcu.Pin52=PD0
PC3_C.GPIOParameters=GPIO_Label
SH.COMP_DAC11_group.0=DAC1_OUT1
Mcu.Pin50=PC11
Mcu.Pin55=PD3
SH.SharedAnalog_PA7.0=ADC1_INN3
Mcu.Pin56=PD4
USB_HOST.VirtualModeHS=Audio
Mcu.Pin53=PD1
PE8.GPIO_Label=ADC_RESET
Mcu.Pin54=PD2
PA9.Signal=USB_OTG_FS_VBUS
SH.S_TIM2_CH2.ConfNb=1
PB5.Locked=true
PC2_C.Mode=Full_Duplex_Master
PD7.Locked=true
Mcu.Pin48=PA15 (JTDI)
Mcu.Pin49=PC10
Mcu.Pin46=PA13 (JTMS/SWDIO)
ADC1.OffsetSignedSaturation-0\#ChannelRegularConversion=DISABLE
Dma.USART2_TX.4.PeriphInc=DMA_PINC_DISABLE
Mcu.Pin47=PA14 (JTCK/SWCLK)
PB10.Signal=I2C2_SCL
SH.ADCx_INP8.0=ADC1_INP8,IN8-Single-Ended
SAI1.VirtualMode-SAI_A_MasterWithClock=VM_MASTER
PB14.Signal=USB_OTG_HS_DM
PA5.Signal=COMP_DAC12_group
Mcu.Pin40=PC6
Mcu.Pin41=PC7
Dma.SPI4_TX.2.PeriphDataAlignment=DMA_PDATAALIGN_BYTE
SH.S_TIM8_CH1.0=TIM8_CH1,PWM Generation1 CH1
Mcu.Pin44=PA11
PC12.Mode=Full_Duplex_Master
Mcu.Pin45=PA12
Mcu.Pin42=PA9
Mcu.Pin43=PA10
ProjectManager.LastFirmware=true
Dma.SAI1_A.0.PeriphInc=DMA_PINC_DISABLE
PC2_C.GPIO_Label=ADC_SPI_MISO
RCC.AHB12Freq_Value=16125000
PE14.Signal=SPI4_MOSI
PE6.Mode=SAI_A_MasterWithClock
Mcu.Pin37=PD11
Mcu.Pin38=PD12
Dma.USART2_RX.3.EventEnable=DISABLE
SAI1.SlotNumber-SAI_B_SyncSlave=8
Mcu.Pin35=PD8
PE8.Signal=GPIO_Output
Mcu.Pin36=PD9
Mcu.Pin39=PD13
RCC.RNGFreq_Value=48000000
Mcu.Pin30=PB11
RCC.EthernetFreq_Value=168000000
Mcu.Pin33=PB14
Mcu.Pin34=PB15
Mcu.Pin31=PB12
Mcu.Pin32=PB13
Dma.SAI1_A.0.SyncRequestNumber=1
NVIC.NonMaskableInt_IRQn=true\:0\:0\:false\:false\:false\:false\:false\:false
FREERTOS.configUSE_MUTEXES=0
ProjectManager.FreePins=true
RCC.LPTIM2Freq_Value=16125000
Mcu.Pin26=PE12
Mcu.Pin27=PE13
NVIC.DMA2_Stream4_IRQn=true\:5\:0\:false\:false\:true\:true\:false\:true
RCC.RTCHSEDivFreq_Value=4000000
Mcu.Pin24=PE9
ProjectManager.UnderRoot=false
Mcu.Pin25=PE11
TIM8.Period=TIM8_PERIOD
Mcu.Pin28=PE14
Mcu.Pin29=PB10
Dma.SAI1_B.1.MemDataAlignment=DMA_MDATAALIGN_WORD
PA4.Signal=COMP_DAC11_group
Dma.SPI4_TX.2.SyncRequestNumber=1
Mcu.Pin22=PC5
PB5.Signal=S_TIM3_CH2
Mcu.Pin23=PE8
Mcu.Pin20=PA7
ADC1.master=1
PA3.Locked=true
Mcu.Pin21=PC4
PC14-OSC32_IN\ (OSC32_IN).GPIO_Label=EXTI7
PA10.Locked=true
NVIC.ForceEnableDMAVector=true
TIM8.TIM_MasterOutputTrigger=TIM_TRGO_UPDATE
PE3.GPIO_Speed=GPIO_SPEED_FREQ_VERY_HIGH
PD11.Signal=GPIO_Output
NVIC.MemoryManagement_IRQn=true\:0\:0\:false\:false\:false\:false\:false\:false
PE5.GPIO_Label=SAI_BCK
ProjectManager.CompilerOptimize=6
PA11.Signal=USB_OTG_FS_DM
ProjectManager.HeapSize=0x200
Mcu.Pin15=PA2
NVIC.HardFault_IRQn=true\:0\:0\:false\:false\:false\:false\:false\:false
Mcu.Pin16=PA3
Mcu.Pin13=PA0
Mcu.Pin14=PA1
Mcu.Pin19=PA6
SH.S_TIM3_CH1.ConfNb=1
RCC.LPTIM345Freq_Value=16125000
ProjectManager.ComputerToolchain=false
Mcu.Pin17=PA4
Mcu.Pin18=PA5
NVIC.TIM8_UP_TIM13_IRQn=true\:5\:0\:false\:false\:true\:true\:true\:true
RCC.LTDCFreq_Value=16125000
NVIC.PriorityGroup=NVIC_PRIORITYGROUP_4
Dma.USART2_RX.3.RequestNumber=1
Mcu.Pin11=PC2_C
Mcu.Pin12=PC3_C
PD0.GPIOParameters=GPIO_Label
Mcu.Pin10=PC1
PE3.Signal=SAI1_SD_B
SH.GPXTI1.ConfNb=1
PD2.Signal=GPXTI2
RCC.HCLK3ClockFreq_Value=16125000
PD1.Locked=true
SAI1.SlotSize-SAI_B_SyncSlave=SAI_SLOTSIZE_32B
Dma.SAI1_A.0.FIFOMode=DMA_FIFOMODE_DISABLE
PA7.GPIOParameters=GPIO_Label
PC0.Locked=true
PB12.GPIOParameters=GPIO_Label
PC1.Signal=ADCx_INP11
Dma.SAI1_A.0.Instance=DMA2_Stream3
PD2.GPIO_Label=EXTI3
PD7.GPIOParameters=GPIO_Label
Dma.SAI1_A.0.PeriphDataAlignment=DMA_PDATAALIGN_WORD
Dma.USART2_TX.4.MemDataAlignment=DMA_MDATAALIGN_BYTE
PA13\ (JTMS/SWDIO).Signal=DEBUG_JTMS-SWDIO
Mcu.Family=STM32H7
Dma.SAI1_A.0.RequestParameters=Instance,Direction,PeriphInc,MemInc,PeriphDataAlignment,MemDataAlignment,Mode,Priority,FIFOMode,SignalID,Polarity,RequestNumber,SyncSignalID,SyncPolarity,SyncEnable,EventEnable,SyncRequestNumber
RCC.DIVQ2Freq_Value=16125000
SH.GPXTI1.0=GPIO_EXTI1
NVIC.OTG_HS_IRQn=true\:5\:0\:false\:false\:true\:true\:false\:true
ProjectManager.MainLocation=Src
SH.S_TIM4_CH2.ConfNb=1
USB_DEVICE.CLASS_NAME_FS=AUDIO
RCC.SAI1Freq_Value=16125000
SAI1.RealAudioFreq=47.991 KHz
RCC.CortexFreq_Value=16125000
Dma.SPI4_TX.2.FIFOMode=DMA_FIFOMODE_DISABLE
ProjectManager.KeepUserCode=true
Mcu.UserName=STM32H743VGTx
PH0-OSC_IN\ (PH0).Signal=RCC_OSC_IN
SH.COMP_DAC12_group.0=DAC1_OUT2
PC10.Locked=true
PC10.Signal=SPI3_SCK
TIM8.Pulse-PWM\ Generation1\ CH1=TIM8_PERIOD/2
SAI1.FrameLength-SAI_B_SyncSlave=256
PC5.Locked=true
SPI4.Direction=SPI_DIRECTION_2LINES
SAI1.FSDefinition-SAI_A_MasterWithClock=SAI_FS_CHANNEL_IDENTIFICATION
PA12.GPIOParameters=GPIO_Label
ProjectManager.functionlistsort=1-MX_GPIO_Init-GPIO-false-HAL-true,2-MX_DMA_Init-DMA-false-HAL-true,3-SystemClock_Config-RCC-false-HAL-false,4-MX_SAI1_Init-SAI1-false-HAL-true,5-MX_SPI2_Init-SPI2-false-HAL-true,6-MX_USB_DEVICE_Init-USB_DEVICE-false-HAL-false,7-MX_SPI4_Init-SPI4-false-HAL-true,8-MX_TIM8_Init-TIM8-false-HAL-true,10-MX_USART2_UART_Init-USART2-false-HAL-true,11-MX_USB_HOST_Init-USB_HOST-false-HAL-false,0-MX_CORTEX_M7_Init-CORTEX_M7-false-HAL-true
PC0.GPIOParameters=GPIO_Label
PA9.GPIOParameters=GPIO_Label
SH.S_TIM5_CH2.0=TIM5_CH2
PE2.GPIO_Speed=GPIO_SPEED_FREQ_VERY_HIGH
PA11.GPIOParameters=GPIO_Label
PC0.GPIO_Label=ADC5
PD0.GPIO_Label=EXTI4
PA11.Mode=Device_Only
Dma.SPI4_TX.2.SyncSignalID=NONE
PD6.Locked=true
Dma.USART2_TX.4.Instance=DMA1_Stream6
SAI1.OutputDrive-SAI_B_SyncSlave=SAI_OUTPUTDRIVE_ENABLE
PD2.Locked=true
RCC.VCO2OutputFreq_Value=32250000
PC13.GPIO_Label=EXTI5
SH.ADCx_INP11.ConfNb=1
Dma.SPI4_TX.2.Priority=DMA_PRIORITY_LOW
PC1.Locked=true
PB11.Signal=I2C2_SDA
PB15.Signal=USB_OTG_HS_DP
SAI1.ActiveFrameLength-SAI_A_MasterWithClock=128
PE5.GPIOParameters=GPIO_Speed,GPIO_Label
ProjectManager.StackSize=0x400
SH.GPXTI2.0=GPIO_EXTI2
RCC.SAI_BClocksFreq_Value=49142857.14285714
RCC.VCOInput3Freq_Value=250000
PD13.Signal=S_TIM4_CH2
Mcu.IP4=FREERTOS
Mcu.IP5=NVIC
RCC.FCLKCortexFreq_Value=168000000
PD13.Locked=true
Mcu.IP2=DEBUG
Mcu.IP3=DMA
USB_HOST.USBH_HandleTypeDef-AUDIO_HS=hUsbHostHS
Mcu.IP0=ADC1
Mcu.IP1=CORTEX_M7
PA12.Signal=USB_OTG_FS_DP
PE4.GPIOParameters=GPIO_Speed,GPIO_Label
SPI2.CLKPolarity=SPI_POLARITY_HIGH
Mcu.UserConstants=
SAI1.VirtualMode-SAI_B_SyncSlave=VM_SLAVE
SPI4.Mode=SPI_MODE_MASTER
Dma.SAI1_B.1.SyncPolarity=HAL_DMAMUX_SYNC_NO_EVENT
PC1.GPIOParameters=GPIO_Label
RCC.SDMMCFreq_Value=16125000
RCC.DIVP3Freq_Value=16125000
SH.GPXTI13.ConfNb=1
Mcu.ThirdPartyNb=0
Dma.USART2_TX.4.RequestNumber=1
SAI1.ActiveFrameLength-SAI_B_SyncSlave=128
PD11.GPIO_Label=ADC_NCS
RCC.HCLKFreq_Value=16125000
Dma.USART2_RX.3.SyncSignalID=NONE
TIM8.Channel-PWM\ Generation1\ CH1=TIM_CHANNEL_1
Mcu.IPNb=18
RCC.I2SClocksFreq_Value=96000000
ProjectManager.PreviousToolchain=
SH.COMP_DAC12_group.ConfNb=1
Dma.SPI4_TX.2.SignalID=NONE
RCC.VcooutputI2S=96000000
RCC.SPDIFRXFreq_Value=16125000
Dma.USART2_TX.4.SignalID=NONE
FREERTOS.configUSE_MALLOC_FAILED_HOOK=1
Mcu.Pin6=PC14-OSC32_IN (OSC32_IN)
Mcu.Pin7=PH0-OSC_IN (PH0)
Mcu.Pin8=PH1-OSC_OUT (PH1)
Mcu.Pin9=PC0
Dma.SAI1_A.0.SyncPolarity=HAL_DMAMUX_SYNC_NO_EVENT
RCC.VCOSAIOutputFreq_Value=344000000
SPI4.IPParameters=VirtualType,Mode,Direction,CalculateBaudRate,BaudRatePrescaler
Dma.USART2_RX.3.Polarity=HAL_DMAMUX_REQ_GEN_RISING
FREERTOS.IPParameters=Tasks01,configUSE_PREEMPTION,configUSE_IDLE_HOOK,configUSE_TICK_HOOK,configUSE_MALLOC_FAILED_HOOK,INCLUDE_vTaskDelayUntil,INCLUDE_uxTaskGetStackHighWaterMark,configTOTAL_HEAP_SIZE,configUSE_MUTEXES
PC2_C.Signal=SPI2_MISO
RCC.AHBFreq_Value=168000000
SPI2.BaudRatePrescaler=SPI_BAUDRATEPRESCALER_256
Dma.SAI1_B.1.Instance=DMA2_Stream4
Mcu.Pin0=PE2
Dma.SAI1_B.1.FIFOMode=DMA_FIFOMODE_DISABLE
Mcu.Pin1=PE3
PD5.Mode=Asynchronous
Dma.USART2_TX.4.PeriphDataAlignment=DMA_PDATAALIGN_BYTE
TIM8.IPParameters=Channel-PWM Generation1 CH1,Period,Prescaler,Pulse-PWM Generation1 CH1,TIM_MasterOutputTrigger
Mcu.Pin2=PE4
FREERTOS.configUSE_PREEMPTION=0
RCC.HRTIMFreq_Value=16125000
Mcu.Pin3=PE5
Mcu.Pin4=PE6
Mcu.Pin5=PC13
ADC1.Channel-0\#ChannelRegularConversion=ADC_CHANNEL_11
PH1-OSC_OUT\ (PH1).Mode=HSE-External-Oscillator
RCC.HSE_VALUE=8000000
RCC.DIVR3Freq_Value=16125000
NVIC.DebugMonitor_IRQn=true\:0\:0\:false\:false\:false\:false\:false\:false
Mcu.IP10=SPI4
USART2.VirtualMode-Asynchronous=VM_ASYNC
NVIC.SysTick_IRQn=true\:15\:0\:false\:false\:true\:true\:false\:true
Mcu.IP12=TIM8
Mcu.IP11=SYS
Mcu.IP17=USB_OTG_HS
RCC.DIVP1Freq_Value=16125000
Mcu.IP14=USB_DEVICE
Mcu.IP13=USART2
PE13.Signal=SPI4_MISO
Mcu.IP16=USB_OTG_FS
Dma.USART2_TX.4.Priority=DMA_PRIORITY_LOW
Mcu.IP15=USB_HOST
RCC.VCOInputFreq_Value=1000000
PE4.GPIO_Speed=GPIO_SPEED_FREQ_VERY_HIGH
PE8.Locked=true
File.Version=6
PA10.GPIO_Label=USBD_ID
PE3.GPIOParameters=GPIO_Speed,GPIO_Label
Dma.SAI1_A.0.EventEnable=DISABLE
Dma.USART2_TX.4.FIFOMode=DMA_FIFOMODE_DISABLE
SH.S_TIM2_CH1.ConfNb=1
PE4.Mode=SAI_A_MasterWithClock
SH.S_TIM3_CH1.0=TIM3_CH1
PE4.Signal=SAI1_FS_A
PE6.GPIOParameters=GPIO_Speed,GPIO_Label
Dma.RequestsNb=5
SPI4.BaudRatePrescaler=SPI_BAUDRATEPRESCALER_32
PB6.GPIOParameters=GPIO_Label
FREERTOS.configTOTAL_HEAP_SIZE=4096
PC2_C.Locked=true
Dma.SPI4_TX.2.Instance=DMA2_Stream1
ProjectManager.ProjectName=Xibeca
Dma.USART2_RX.3.Direction=DMA_PERIPH_TO_MEMORY
PD7.GPIO_Label=EXTI6
RCC.APB3Freq_Value=16125000
PB4\ (NJTRST).Locked=true
SAI1.OutputDrive-SAI_A_MasterWithClock=SAI_OUTPUTDRIVE_ENABLE
SAI1.VirtualSlotActive-SAI_B_SyncSlave=SAI_SLOTACTIVE_ALL
USB_DEVICE.PRODUCT_STRING_AUDIO_FS=OWL-NOCTUA
PA6.Signal=ADCx_INP3
PA7.Locked=true
USART2.VirtualMode=VM_ASYNC
Dma.SAI1_A.0.MemDataAlignment=DMA_MDATAALIGN_WORD
SH.ADCx_INP15.ConfNb=1
NVIC.OTG_FS_IRQn=true\:5\:0\:false\:false\:true\:true\:false\:true
ProjectManager.ToolChainLocation=
PA2.GPIO_Label=ADC7
RCC.LSI_VALUE=32000
SH.GPXTI0.0=GPIO_EXTI0
SAI1.FSOffset-SAI_A_MasterWithClock=SAI_FS_BEFOREFIRSTBIT
USB_OTG_FS.VirtualMode=Device_Only
RCC.DIVR1Freq_Value=16125000
SPI2.CLKPhase=SPI_PHASE_2EDGE
RCC.PLLSAIN=344
TIM8.Prescaler=3
RCC.PLLSAIQ=7
Dma.Request2=SPI4_TX
SAI1.Synchro-SAI_B_SyncSlave=SAI_SYNCHRONOUS
Dma.Request1=SAI1_B
Dma.Request4=USART2_TX
Dma.SAI1_B.1.PeriphInc=DMA_PINC_DISABLE
Dma.SAI1_B.1.SignalID=NONE
Dma.SPI4_TX.2.SyncEnable=DISABLE
Dma.Request3=USART2_RX
FREERTOS.configUSE_TICK_HOOK=0
SH.S_TIM5_CH1.0=TIM5_CH1
PC4.Locked=true
SPI3.IPParameters=VirtualType,Mode,Direction,CalculateBaudRate
SH.ADCx_INP15.0=ADC1_INP15,IN15-Single-Ended
SPI2.Direction=SPI_DIRECTION_2LINES
PC5.Signal=ADCx_INP8
PD3.GPIO_Label=ADC_SPI_CLK
PD6.Signal=USART2_RX
SH.COMP_DAC11_group.ConfNb=1
Dma.Request0=SAI1_A
Dma.SAI1_B.1.Priority=DMA_PRIORITY_VERY_HIGH
PE3.Mode=SAI_B_SyncSlave
PE2.GPIO_Label=SAI_MCLK
Dma.USART2_TX.4.SyncPolarity=HAL_DMAMUX_SYNC_NO_EVENT
RCC.Tim2OutputFreq_Value=16125000
RCC.DFSDMACLkFreq_Value=16125000
PA3.Signal=ADCx_INP15
PA2.Locked=true
Dma.USART2_RX.3.SyncEnable=DISABLE
SAI1.VirtualSlotActive-SAI_A_MasterWithClock=SAI_SLOTACTIVE_ALL
USB_HOST.IPParameters=USBH_HandleTypeDef-AUDIO_HS,VirtualModeHS
Dma.USART2_RX.3.SyncPolarity=HAL_DMAMUX_SYNC_NO_EVENT
PE8.GPIOParameters=GPIO_Label
SAI1.Synchro_A=SAI_ASYNCHRONOUS
SH.S_TIM2_CH1.0=TIM2_CH1
SAI1.Synchro_B=SAI_SYNCHRONOUS
Dma.SAI1_B.1.Mode=DMA_CIRCULAR
PA13\ (JTMS/SWDIO).Mode=Serial_Wire
Dma.SAI1_B.1.Polarity=HAL_DMAMUX_REQ_GEN_RISING
ProjectManager.NoMain=false
USB_DEVICE.VirtualModeFS=Audio_FS
Dma.SAI1_B.1.RequestNumber=1
Dma.USART2_TX.4.MemInc=DMA_MINC_ENABLE
NVIC.SavedSvcallIrqHandlerGenerated=true
Dma.SAI1_A.0.Direction=DMA_PERIPH_TO_MEMORY
PC11.Signal=SPI3_MISO
SAI1.FSPolarity-SAI_A_MasterWithClock=SAI_FS_ACTIVE_HIGH
Dma.SAI1_A.0.SignalID=NONE
RCC.SAI4BFreq_Value=16125000
PC4.Signal=ADCx_INP4
SH.ADCx_INP14.0=ADC1_INP14,IN14-Single-Ended
PC10.Mode=Full_Duplex_Master
ProjectManager.DefaultFWLocation=true
PD9.Signal=USART3_RX
PD5.Signal=USART2_TX
PB12.Locked=true
ProjectManager.DeletePrevious=true
USB_DEVICE.USBD_MAX_NUM_INTERFACES-AUDIO_FS=3
PB10.Locked=true
Dma.SAI1_A.0.MemInc=DMA_MINC_ENABLE
PA13\ (JTMS/SWDIO).GPIOParameters=GPIO_Label
USB_DEVICE.IPParameters=VirtualMode-AUDIO_FS,VirtualModeFS,CLASS_NAME_FS,VID-AUDIO_FS,MANUFACTURER_STRING-AUDIO_FS,PID_AUDIO_FS,PRODUCT_STRING_AUDIO_FS,USBD_AUDIO_FREQ-AUDIO_FS,USBD_MAX_NUM_INTERFACES-AUDIO_FS,USBD_MAX_NUM_CONFIGURATION-AUDIO_FS
NVIC.USART2_IRQn=true\:5\:0\:false\:false\:true\:true\:true\:true
PA12.GPIO_Label=USBD_DP
RCC.FamilyName=M
PH1-OSC_OUT\ (PH1).Signal=RCC_OSC_OUT
FREERTOS.INCLUDE_uxTaskGetStackHighWaterMark=1
PC14-OSC32_IN\ (OSC32_IN).Locked=true
PD12.Locked=true
Dma.USART2_TX.4.SyncEnable=DISABLE
RCC.SPI6Freq_Value=16125000
SH.GPXTI6.0=GPIO_EXTI6
FREERTOS.configUSE_IDLE_HOOK=0
VP_FREERTOS_VS_CMSIS_V1.Signal=FREERTOS_VS_CMSIS_V1
SAI1.RealAudioFreq-SAI_A_MasterWithClock=62.988 KHz
SH.S_TIM2_CH2.0=TIM2_CH2
PA9.Mode=Activate_VBUS
RCC.SPI45Freq_Value=16125000
SH.S_TIM1_CH1.0=TIM1_CH1
PB3\ (JTDO/TRACESWO).Locked=true
PB3\ (JTDO/TRACESWO).Signal=S_TIM2_CH2
ProjectManager.TargetToolchain=Makefile
SAI1.SlotSize-SAI_A_MasterWithClock=SAI_SLOTSIZE_32B
Dma.SAI1_A.0.Mode=DMA_CIRCULAR
NVIC.DMA1_Stream5_IRQn=true\:5\:0\:false\:false\:true\:true\:false\:true
RCC.VCO1OutputFreq_Value=32250000
PC3_C.Locked=true
SAI1.MClockEnable=SAI_MASTERCLOCK_ENABLE
PC5.GPIOParameters=GPIO_Label
RCC.AXIClockFreq_Value=16125000
RCC.VcooutputI2SQ=96000000
SPI2.IPParameters=VirtualType,Mode,Direction,CalculateBaudRate,BaudRatePrescaler,CLKPolarity,CLKPhase
PE2.GPIOParameters=GPIO_Speed,GPIO_Label
ProjectManager.RegisterCallBack=
RCC.USBFreq_Value=16125000
NVIC.DMA2_Stream3_IRQn=true\:5\:0\:false\:false\:true\:false\:false\:true
PE11.Signal=S_TIM1_CH2
RCC.LSE_VALUE=32768
PD3.Locked=true
Dma.SAI1_B.1.SyncEnable=DISABLE
PA1.Signal=S_TIM5_CH2
RCC.CKPERFreq_Value=16000000
SH.S_TIM1_CH2.ConfNb=1
SAI1.AudioMode-SAI_B_SyncSlave=SAI_MODESLAVE_TX
Dma.SAI1_A.0.Priority=DMA_PRIORITY_VERY_HIGH
RCC.VCOI2SOutputFreq_Value=192000000
Dma.SPI4_TX.2.EventEnable=DISABLE
SH.S_TIM3_CH2.0=TIM3_CH2
board=custom
SAI1.IPParameters=Instance-SAI_A_MasterWithClock,VirtualMode-SAI_A_MasterWithClock,Synchro-SAI_A_MasterWithClock,MClockEnable,RealAudioFreq,ErrorAudioFreq,Instance-SAI_B_SyncSlave,VirtualMode-SAI_B_SyncSlave,Synchro-SAI_B_SyncSlave,OutputDrive-SAI_A_MasterWithClock,FrameLength-SAI_B_SyncSlave,SlotNumber-SAI_A_MasterWithClock,FrameLength-SAI_A_MasterWithClock,SlotSize-SAI_A_MasterWithClock,SlotSize-SAI_B_SyncSlave,SlotNumber-SAI_B_SyncSlave,NoDivider-SAI_A_MasterWithClock,ClockSource-SAI_A_MasterWithClock,VirtualSlotActive-SAI_A_MasterWithClock,SlotActive-SAI_A_MasterWithClock,AudioMode-SAI_A_MasterWithClock,AudioMode-SAI_B_SyncSlave,VirtualSlotActive-SAI_B_SyncSlave,SlotActive-SAI_B_SyncSlave,OutputDrive-SAI_B_SyncSlave,AudioFrequency-SAI_A_MasterWithClock,FSDefinition-SAI_A_MasterWithClock,FSDefinition-SAI_B_SyncSlave,ActiveFrameLength-SAI_A_MasterWithClock,ActiveFrameLength-SAI_B_SyncSlave,Synchro_A,Synchro_B,FSPolarity-SAI_A_MasterWithClock,FSPolarity-SAI_B_SyncSlave,FSOffset-SAI_A_MasterWithClock,FSOffset-SAI_B_SyncSlave,ClockStrobing-SAI_A_MasterWithClock,RealAudioFreq-SAI_A_MasterWithClock,ErrorAudioFreq-SAI_A_MasterWithClock
RCC.VCOOutputFreq_Value=336000000
PB15.Mode=Host_FS
PD11.GPIOParameters=GPIO_Label
RCC.VCOInput1Freq_Value=250000
NVIC.SavedSystickIrqHandlerGenerated=true
RCC.APB2Freq_Value=16125000
SPI3.CalculateBaudRate=8.0625 MBits/s
MxCube.Version=6.0.1
SH.S_TIM1_CH2.0=TIM1_CH2
PC13.GPIOParameters=GPIO_Label
PD4.GPIO_Label=EXTI2
RCC.FDCANFreq_Value=16125000
PE14.Mode=Full_Duplex_Master
PE5.Mode=SAI_A_MasterWithClock
Dma.SPI4_TX.2.MemDataAlignment=DMA_MDATAALIGN_BYTE
RCC.ADCFreq_Value=16125000
PC1.GPIO_Label=ADC1
PA10.GPIOParameters=GPIO_Label
PD4.GPIOParameters=GPIO_Label
VP_SYS_VS_Systick.Mode=SysTick
SAI1.SlotNumber-SAI_A_MasterWithClock=8
SPI4.CalculateBaudRate=503.906 KBits/s
VP_USB_DEVICE_VS_USB_DEVICE_AUDIO_FS.Signal=USB_DEVICE_VS_USB_DEVICE_AUDIO_FS
VP_USB_DEVICE_VS_USB_DEVICE_AUDIO_FS.Mode=AUDIO_FS
PE6.Signal=SAI1_SD_A
RCC.IPParameters=48MHZClocksFreq_Value,ADCFreq_Value,AHB12Freq_Value,AHB4Freq_Value,AHBFreq_Value,APB1CLKDivider,APB1Freq_Value,APB1TimFreq_Value,APB2CLKDivider,APB2Freq_Value,APB2TimFreq_Value,APB3Freq_Value,APB4Freq_Value,AXIClockFreq_Value,CECFreq_Value,CKPERFreq_Value,CortexFreq_Value,CpuClockFreq_Value,D1CPREFreq_Value,DFSDMACLkFreq_Value,DFSDMFreq_Value,DIVP1Freq_Value,DIVP2Freq_Value,DIVP3Freq_Value,DIVQ1Freq_Value,DIVQ2Freq_Value,DIVQ3Freq_Value,DIVR1Freq_Value,DIVR2Freq_Value,DIVR3Freq_Value,EthernetFreq_Value,FCLKCortexFreq_Value,FDCANFreq_Value,FMCFreq_Value,FamilyName,HCLK3ClockFreq_Value,HCLKFreq_Value,HRTIMFreq_Value,HSE_VALUE,HSI_VALUE,I2C123Freq_Value,I2C4Freq_Value,I2SClocksFreq_Value,LPTIM1Freq_Value,LPTIM2Freq_Value,LPTIM345Freq_Value,LPUART1Freq_Value,LSE_VALUE,LSI_VALUE,LTDCFreq_Value,MCO1PinFreq_Value,MCO2PinFreq_Value,PLLCLKFreq_Value,PLLM,PLLN,PLLQ,PLLQCLKFreq_Value,PLLSAIN,PLLSAIQ,QSPIFreq_Value,RNGFreq_Value,RTCFreq_Value,RTCHSEDivFreq_Value,SAI1Freq_Value,SAI23Freq_Value,SAI4AFreq_Value,SAI4BFreq_Value,SAI_AClocksFreq_Value,SAI_BClocksFreq_Value,SDMMCFreq_Value,SPDIFRXFreq_Value,SPI123Freq_Value,SPI45Freq_Value,SPI6Freq_Value,SWPMI1Freq_Value,SYSCLKFreq_VALUE,SYSCLKSource,Tim1OutputFreq_Value,Tim2OutputFreq_Value,TraceFreq_Value,USART16Freq_Value,USART234578Freq_Value,USBFreq_Value,VCO1OutputFreq_Value,VCO2OutputFreq_Value,VCO3OutputFreq_Value,VCOI2SOutputFreq_Value,VCOInput1Freq_Value,VCOInput2Freq_Value,VCOInput3Freq_Value,VCOInputFreq_Value,VCOOutputFreq_Value,VCOSAIOutputFreq_Value,VCOSAIOutputFreq_ValueQ,VcooutputI2S,VcooutputI2SQ
PE11.Locked=true
ProjectManager.AskForMigrate=true
Mcu.Name=STM32H743VGTx
Dma.SAI1_B.1.SyncSignalID=NONE
PE12.Signal=SPI4_SCK
SAI1.ErrorAudioFreq=-0.01 %
NVIC.SavedPendsvIrqHandlerGenerated=true
PA2.Signal=ADCx_INP14
Dma.USART2_RX.3.SyncRequestNumber=1
Mcu.IP8=SPI2
SH.ADCx_INP8.ConfNb=1
Mcu.IP9=SPI3
Mcu.IP6=RCC
Mcu.IP7=SAI1
ProjectManager.CoupleFile=false
RCC.48MHZClocksFreq_Value=48000000
RCC.SYSCLKFreq_VALUE=16125000
RCC.I2C123Freq_Value=16125000
PA7.GPIO_Label=ADC4
PA1.Locked=true
PA12.Mode=Device_Only
SH.GPXTI4.0=GPIO_EXTI4
KeepUserPlacement=false
Dma.SAI1_B.1.Direction=DMA_MEMORY_TO_PERIPH
PC14-OSC32_IN\ (OSC32_IN).Signal=GPXTI14
PC5.GPIO_Label=ADC2
SH.ADCx_INP14.ConfNb=1
Dma.USART2_RX.3.SignalID=NONE
SAI1.Instance-SAI_B_SyncSlave=SAI$Index_Block_B
Dma.USART2_RX.3.MemInc=DMA_MINC_ENABLE
SH.GPXTI4.ConfNb=1
Dma.USART2_RX.3.PeriphInc=DMA_PINC_DISABLE
RCC.HSI_VALUE=16000000
RCC.PLLQ=7
RCC.SAI4AFreq_Value=16125000
SH.ADCx_INP11.0=ADC1_INP11,IN11-Single-Ended
ADC1.NbrOfConversionFlag=1
SAI1.FSOffset-SAI_B_SyncSlave=SAI_FS_BEFOREFIRSTBIT
RCC.PLLM=8
PC3_C.Signal=SPI2_MOSI
RCC.PLLN=336
Dma.USART2_RX.3.Priority=DMA_PRIORITY_LOW
PE5.GPIO_Speed=GPIO_SPEED_FREQ_VERY_HIGH
RCC.DIVQ1Freq_Value=16125000
PC2_C.GPIOParameters=GPIO_Label
Dma.USART2_TX.4.RequestParameters=Instance,Direction,PeriphInc,MemInc,PeriphDataAlignment,MemDataAlignment,Mode,Priority,FIFOMode,SignalID,Polarity,RequestNumber,SyncSignalID,SyncPolarity,SyncEnable,EventEnable,SyncRequestNumber
PE3.GPIO_Label=SAI_SDO
Dma.SAI1_B.1.SyncRequestNumber=1
SH.ADCx_INP3.ConfNb=1
PA15\ (JTDI).Locked=true
RCC.VCOInput2Freq_Value=250000
PD9.Locked=true
RCC.APB1Freq_Value=16125000
Dma.USART2_TX.4.Polarity=HAL_DMAMUX_REQ_GEN_RISING
PB11.Locked=true
ProjectManager.DeviceId=STM32H743VGTx
SH.S_TIM8_CH2.ConfNb=1
Dma.SPI4_TX.2.Polarity=HAL_DMAMUX_REQ_GEN_RISING
PB12.Signal=USB_OTG_HS_ID
SAI1.ClockSource-SAI_A_MasterWithClock=SAI_CLKSOURCE_PLLSAI
ProjectManager.LibraryCopy=0
SH.S_TIM5_CH1.ConfNb=1
SAI1.ClockStrobing-SAI_A_MasterWithClock=SAI_CLOCKSTROBING_RISINGEDGE
Dma.SAI1_A.0.SyncEnable=DISABLE
PA3.GPIO_Label=ADC3
PA7.Signal=SharedAnalog_PA7
PB4\ (NJTRST).Signal=S_TIM3_CH1
PA6.Locked=true
