#MicroXplorer Configuration settings - do not modify
File.Version=6
KeepUserPlacement=true
Mcu.Family=STM32L1
Mcu.IP0=NVIC
Mcu.IP1=RCC
Mcu.IP2=SYS
Mcu.IPNb=3
Mcu.Name=STM32L152VEYx
Mcu.Package=WLCSP104
Mcu.Pin0=VP_SYS_VS_Systick
Mcu.PinsNb=1
Mcu.ThirdPartyNb=0
Mcu.UserConstants=
Mcu.UserName=STM32L152VEYx
MxCube.Version=4.26.1
MxDb.Version=DB.4.0.261
NVIC.BusFault_IRQn=true\:0\:0\:false\:false\:true\:false
NVIC.DebugMonitor_IRQn=true\:0\:0\:false\:false\:true\:false
NVIC.HardFault_IRQn=true\:0\:0\:false\:false\:true\:false
NVIC.MemoryManagement_IRQn=true\:0\:0\:false\:false\:true\:false
NVIC.NonMaskableInt_IRQn=true\:0\:0\:false\:false\:true\:false
NVIC.PendSV_IRQn=true\:0\:0\:false\:false\:true\:false
NVIC.PriorityGroup=NVIC_PRIORITYGROUP_4
NVIC.SVC_IRQn=true\:0\:0\:false\:false\:true\:false
NVIC.SysTick_IRQn=true\:0\:0\:false\:false\:true\:false
NVIC.UsageFault_IRQn=true\:0\:0\:false\:false\:true\:false
PCC.Checker=true
PCC.Line=STM32L151/152
PCC.MCU=STM32L152VEYx
PCC.PartNumber=STM32L152VEYx
PCC.Seq0=0
PCC.Series=STM32L1
PCC.Temperature=25
PCC.Vdd=3.0
PinOutPanel.CurrentBGAView=Top
PinOutPanel.RotationAngle=0
RCC.AHBFreq_Value=2097000
RCC.APB1Freq_Value=2097000
RCC.APB2Freq_Value=2097000
RCC.FamilyName=M
RCC.HSE_VALUE=24000000
RCC.HSI_VALUE=16000000
RCC.IPParameters=AHBFreq_Value,APB1Freq_Value,APB2Freq_Value,FamilyName,HSE_VALUE,HSI_VALUE,LSE_VALUE,LSI_VALUE,MSI_VALUE,PLLCLKFreq_Value,RTCFreq_Value,RTCHSEDivFreq_Value,SYSCLKFreq_VALUE,TIMFreq_Value,VCOOutputFreq_Value
RCC.LSE_VALUE=32768
RCC.LSI_VALUE=37000
RCC.MSI_VALUE=2097000
RCC.PLLCLKFreq_Value=24000000
RCC.RTCFreq_Value=37000
RCC.RTCHSEDivFreq_Value=12000000
RCC.SYSCLKFreq_VALUE=2097000
RCC.TIMFreq_Value=2097000
RCC.VCOOutputFreq_Value=48000000
VP_SYS_VS_Systick.Mode=SysTick
VP_SYS_VS_Systick.Signal=SYS_VS_Systick
board=custom
